PODS:
  - Alamofire (4.9.1)
  - CryptoSwift (1.3.1)
  - Moya (13.0.0):
    - Moya/Core (= 13.0.0)
  - Moya/Core (13.0.0):
    - Alamofire (~> 4.1)
    - Result (~> 4.1)
  - Result (4.1.0)
  - RxCocoa (5.1.1):
    - RxRelay (~> 5)
    - RxSwift (~> 5)
  - RxRelay (5.1.1):
    - RxSwift (~> 5)
  - RxSwift (5.1.1)

DEPENDENCIES:
  - Alamofire
  - CryptoSwift
  - Moya (from `https://github.com/Moya/Moya.git`, tag `13.0.0`)
  - RxCocoa (~> 5)
  - RxSwift (~> 5)

SPEC REPOS:
  trunk:
    - Alamofire
    - CryptoSwift
    - Result
    - RxCocoa
    - RxRelay
    - RxSwift

EXTERNAL SOURCES:
  Moya:
    :git: https://github.com/Moya/Moya.git
    :tag: 13.0.0

CHECKOUT OPTIONS:
  Moya:
    :git: https://github.com/Moya/Moya.git
    :tag: 13.0.0

SPEC CHECKSUMS:
  Alamofire: 85e8a02c69d6020a0d734f6054870d7ecb75cf18
  CryptoSwift: f12f037f6d0fcd6d48c96db0071b653de64e6c4d
  Moya: cda4eabd0fc89965c7bc298af2756fe1b110e7f6
  Result: bd966fac789cc6c1563440b348ab2598cc24d5c7
  RxCocoa: 32065309a38d29b5b0db858819b5bf9ef038b601
  RxRelay: d77f7d771495f43c556cbc43eebd1bb54d01e8e9
  RxSwift: 81470a2074fa8780320ea5fe4102807cb7118178

PODFILE CHECKSUM: 6d2fa483daba914e4ba5b4ffc3243910f73db6bd

COCOAPODS: 1.9.1
