// !$*UTF8*$!
{
	archiveVersion = 1;
	classes = {
	};
	objectVersion = 50;
	objects = {

/* Begin PBXBuildFile section */
		E879C1B422421012006904A5 /* AppDelegate.swift in Sources */ = {isa = PBXBuildFile; fileRef = E879C1B322421012006904A5 /* AppDelegate.swift */; };
		E879C1B622421012006904A5 /* ViewController.swift in Sources */ = {isa = PBXBuildFile; fileRef = E879C1B522421012006904A5 /* ViewController.swift */; };
		E879C1B922421012006904A5 /* Main.storyboard in Resources */ = {isa = PBXBuildFile; fileRef = E879C1B722421012006904A5 /* Main.storyboard */; };
		E879C1BC22421012006904A5 /* YYxProvingGround.xcdatamodeld in Sources */ = {isa = PBXBuildFile; fileRef = E879C1BA22421012006904A5 /* YYxProvingGround.xcdatamodeld */; };
		E879C1BE22421013006904A5 /* Assets.xcassets in Resources */ = {isa = PBXBuildFile; fileRef = E879C1BD22421013006904A5 /* Assets.xcassets */; };
		E879C1C122421013006904A5 /* LaunchScreen.storyboard in Resources */ = {isa = PBXBuildFile; fileRef = E879C1BF22421013006904A5 /* LaunchScreen.storyboard */; };
		E879C1CC22421013006904A5 /* YYxProvingGroundTests.swift in Sources */ = {isa = PBXBuildFile; fileRef = E879C1CB22421013006904A5 /* YYxProvingGroundTests.swift */; };
		E879C1D722421013006904A5 /* YYxProvingGroundUITests.swift in Sources */ = {isa = PBXBuildFile; fileRef = E879C1D622421013006904A5 /* YYxProvingGroundUITests.swift */; };
		E8AE4FB32254BCBA00AA661F /* constant.swift in Sources */ = {isa = PBXBuildFile; fileRef = E8AE4F6B2254BCBA00AA661F /* constant.swift */; };
		E8AE4FB42254BCBA00AA661F /* Global.swift in Sources */ = {isa = PBXBuildFile; fileRef = E8AE4F6C2254BCBA00AA661F /* Global.swift */; };
		E8AE4FB52254BCBA00AA661F /* UICollectionView+Extension.swift in Sources */ = {isa = PBXBuildFile; fileRef = E8AE4F6F2254BCBA00AA661F /* UICollectionView+Extension.swift */; };
		E8AE4FB62254BCBA00AA661F /* Convert+Date.swift in Sources */ = {isa = PBXBuildFile; fileRef = E8AE4F712254BCBA00AA661F /* Convert+Date.swift */; };
		E8AE4FB72254BCBA00AA661F /* DateFormatter+Extension.swift in Sources */ = {isa = PBXBuildFile; fileRef = E8AE4F722254BCBA00AA661F /* DateFormatter+Extension.swift */; };
		E8AE4FB82254BCBA00AA661F /* GreenwichDateConverter.swift in Sources */ = {isa = PBXBuildFile; fileRef = E8AE4F732254BCBA00AA661F /* GreenwichDateConverter.swift */; };
		E8AE4FB92254BCBA00AA661F /* Current+Date.swift in Sources */ = {isa = PBXBuildFile; fileRef = E8AE4F742254BCBA00AA661F /* Current+Date.swift */; };
		E8AE4FBA2254BCBA00AA661F /* Extension+Date.swift in Sources */ = {isa = PBXBuildFile; fileRef = E8AE4F752254BCBA00AA661F /* Extension+Date.swift */; };
		E8AE4FBB2254BCBA00AA661F /* Extension+NSPredicate.swift in Sources */ = {isa = PBXBuildFile; fileRef = E8AE4F762254BCBA00AA661F /* Extension+NSPredicate.swift */; };
		E8AE4FBC2254BCBA00AA661F /* FileManager+Extension.swift in Sources */ = {isa = PBXBuildFile; fileRef = E8AE4F772254BCBA00AA661F /* FileManager+Extension.swift */; };
		E8AE4FBD2254BCBA00AA661F /* YYxInfo.txt in Resources */ = {isa = PBXBuildFile; fileRef = E8AE4F782254BCBA00AA661F /* YYxInfo.txt */; };
		E8AE4FBE2254BCBA00AA661F /* CategoryVerticalColumnModel.swift in Sources */ = {isa = PBXBuildFile; fileRef = E8AE4F7A2254BCBA00AA661F /* CategoryVerticalColumnModel.swift */; };
		E8AE4FBF2254BCBA00AA661F /* CategoryHorizenTalRowCell.xib in Resources */ = {isa = PBXBuildFile; fileRef = E8AE4F7C2254BCBA00AA661F /* CategoryHorizenTalRowCell.xib */; };
		E8AE4FC02254BCBA00AA661F /* CategoryHorizenTalRowCell.swift in Sources */ = {isa = PBXBuildFile; fileRef = E8AE4F7D2254BCBA00AA661F /* CategoryHorizenTalRowCell.swift */; };
		E8AE4FC12254BCBA00AA661F /* CategoryVerticalColumnCell.swift in Sources */ = {isa = PBXBuildFile; fileRef = E8AE4F7E2254BCBA00AA661F /* CategoryVerticalColumnCell.swift */; };
		E8AE4FC22254BCBA00AA661F /* HorizontalSlider.swift in Sources */ = {isa = PBXBuildFile; fileRef = E8AE4F7F2254BCBA00AA661F /* HorizontalSlider.swift */; };
		E8AE4FC32254BCBA00AA661F /* JsonDIctonaryExample.json in Resources */ = {isa = PBXBuildFile; fileRef = E8AE4F812254BCBA00AA661F /* JsonDIctonaryExample.json */; };
		E8AE4FC42254BCBA00AA661F /* JsonArrayExample.json in Resources */ = {isa = PBXBuildFile; fileRef = E8AE4F822254BCBA00AA661F /* JsonArrayExample.json */; };
		E8AE4FC52254BCBA00AA661F /* ExampleFileNames.swift in Sources */ = {isa = PBXBuildFile; fileRef = E8AE4F832254BCBA00AA661F /* ExampleFileNames.swift */; };
		E8AE4FC62254BCBA00AA661F /* ToolBoxManager.swift in Sources */ = {isa = PBXBuildFile; fileRef = E8AE4F852254BCBA00AA661F /* ToolBoxManager.swift */; };
		E8AE4FC72254BCBA00AA661F /* ToolBoxViewController.swift in Sources */ = {isa = PBXBuildFile; fileRef = E8AE4F862254BCBA00AA661F /* ToolBoxViewController.swift */; };
		E8AE4FC82254BCBA00AA661F /* StaticTableViewController.swift in Sources */ = {isa = PBXBuildFile; fileRef = E8AE4F872254BCBA00AA661F /* StaticTableViewController.swift */; };
		E8AE4FC92254BCBA00AA661F /* ToolBox.storyboard in Resources */ = {isa = PBXBuildFile; fileRef = E8AE4F882254BCBA00AA661F /* ToolBox.storyboard */; };
		E8AE4FCA2254BCBA00AA661F /* Extension+UIViewController.swift in Sources */ = {isa = PBXBuildFile; fileRef = E8AE4F8A2254BCBA00AA661F /* Extension+UIViewController.swift */; };
		E8AE4FCB2254BCBA00AA661F /* URLSession+UIViewController.swift in Sources */ = {isa = PBXBuildFile; fileRef = E8AE4F8B2254BCBA00AA661F /* URLSession+UIViewController.swift */; };
		E8AE4FCC2254BCBA00AA661F /* Photo+UIViewController.swift in Sources */ = {isa = PBXBuildFile; fileRef = E8AE4F8C2254BCBA00AA661F /* Photo+UIViewController.swift */; };
		E8AE4FCD2254BCBA00AA661F /* Alert+UIViewController.swift in Sources */ = {isa = PBXBuildFile; fileRef = E8AE4F8D2254BCBA00AA661F /* Alert+UIViewController.swift */; };
		E8AE4FCE2254BCBA00AA661F /* CookingTimer.swift in Sources */ = {isa = PBXBuildFile; fileRef = E8AE4F8E2254BCBA00AA661F /* CookingTimer.swift */; };
		E8AE4FCF2254BCBA00AA661F /* UIScrollView+Extension.swift in Sources */ = {isa = PBXBuildFile; fileRef = E8AE4F8F2254BCBA00AA661F /* UIScrollView+Extension.swift */; };
		E8AE4FD02254BCBA00AA661F /* YYxErrorHandler.swift in Sources */ = {isa = PBXBuildFile; fileRef = E8AE4F902254BCBA00AA661F /* YYxErrorHandler.swift */; };
		E8AE4FD12254BCBA00AA661F /* NSCache+Extension.swift in Sources */ = {isa = PBXBuildFile; fileRef = E8AE4F912254BCBA00AA661F /* NSCache+Extension.swift */; };
		E8AE4FD22254BCBA00AA661F /* UIColor+Extension.swift in Sources */ = {isa = PBXBuildFile; fileRef = E8AE4F932254BCBA00AA661F /* UIColor+Extension.swift */; };
		E8AE4FD32254BCBA00AA661F /* TintView.swift in Sources */ = {isa = PBXBuildFile; fileRef = E8AE4F952254BCBA00AA661F /* TintView.swift */; };
		E8AE4FD42254BCBA00AA661F /* TintView.xib in Resources */ = {isa = PBXBuildFile; fileRef = E8AE4F962254BCBA00AA661F /* TintView.xib */; };
		E8AE4FD52254BCBA00AA661F /* UILabel+Extension.swift in Sources */ = {isa = PBXBuildFile; fileRef = E8AE4F972254BCBA00AA661F /* UILabel+Extension.swift */; };
		E8AE4FD62254BCBA00AA661F /* UIButton+Extension.swift in Sources */ = {isa = PBXBuildFile; fileRef = E8AE4F982254BCBA00AA661F /* UIButton+Extension.swift */; };
		E8AE4FD72254BCBA00AA661F /* Extension+UINavigationController.swift in Sources */ = {isa = PBXBuildFile; fileRef = E8AE4F992254BCBA00AA661F /* Extension+UINavigationController.swift */; };
		E8AE4FD82254BCBA00AA661F /* Extension+UITableView.swift in Sources */ = {isa = PBXBuildFile; fileRef = E8AE4F9A2254BCBA00AA661F /* Extension+UITableView.swift */; };
		E8AE4FD92254BCBA00AA661F /* Extension+UITextField.swift in Sources */ = {isa = PBXBuildFile; fileRef = E8AE4F9B2254BCBA00AA661F /* Extension+UITextField.swift */; };
		E8AE4FDA2254BCBA00AA661F /* UITableViewCell+Extension.swift in Sources */ = {isa = PBXBuildFile; fileRef = E8AE4F9C2254BCBA00AA661F /* UITableViewCell+Extension.swift */; };
		E8AE4FDB2254BCBA00AA661F /* Extension+UIView.swift in Sources */ = {isa = PBXBuildFile; fileRef = E8AE4F9E2254BCBA00AA661F /* Extension+UIView.swift */; };
		E8AE4FDC2254BCBA00AA661F /* Animation+UIView.swift in Sources */ = {isa = PBXBuildFile; fileRef = E8AE4F9F2254BCBA00AA661F /* Animation+UIView.swift */; };
		E8AE4FDD2254BCBA00AA661F /* Constraint+UIView.swift in Sources */ = {isa = PBXBuildFile; fileRef = E8AE4FA02254BCBA00AA661F /* Constraint+UIView.swift */; };
		E8AE4FDE2254BCBA00AA661F /* UINib+Extension.swift in Sources */ = {isa = PBXBuildFile; fileRef = E8AE4FA12254BCBA00AA661F /* UINib+Extension.swift */; };
		E8AE4FDF2254BCBA00AA661F /* AppDelegate+Extension.swift in Sources */ = {isa = PBXBuildFile; fileRef = E8AE4FA22254BCBA00AA661F /* AppDelegate+Extension.swift */; };
		E8AE4FE02254BCBA00AA661F /* Data+Convert.swift in Sources */ = {isa = PBXBuildFile; fileRef = E8AE4FA42254BCBA00AA661F /* Data+Convert.swift */; };
		E8AE4FE12254BCBA00AA661F /* Int+Extension.swift in Sources */ = {isa = PBXBuildFile; fileRef = E8AE4FA52254BCBA00AA661F /* Int+Extension.swift */; };
		E8AE4FE22254BCBA00AA661F /* Bool+Extension.swift in Sources */ = {isa = PBXBuildFile; fileRef = E8AE4FA62254BCBA00AA661F /* Bool+Extension.swift */; };
		E8AE4FE32254BCBA00AA661F /* Substring+Extension.swift in Sources */ = {isa = PBXBuildFile; fileRef = E8AE4FA72254BCBA00AA661F /* Substring+Extension.swift */; };
		E8AE4FE42254BCBA00AA661F /* Double+Extension.swift in Sources */ = {isa = PBXBuildFile; fileRef = E8AE4FA92254BCBA00AA661F /* Double+Extension.swift */; };
		E8AE4FE52254BCBA00AA661F /* Double+Greenwich.swift in Sources */ = {isa = PBXBuildFile; fileRef = E8AE4FAA2254BCBA00AA661F /* Double+Greenwich.swift */; };
		E8AE4FE62254BCBA00AA661F /* numeric.swift in Sources */ = {isa = PBXBuildFile; fileRef = E8AE4FAB2254BCBA00AA661F /* numeric.swift */; };
		E8AE4FE72254BCBA00AA661F /* String+Greenwich.swift in Sources */ = {isa = PBXBuildFile; fileRef = E8AE4FAD2254BCBA00AA661F /* String+Greenwich.swift */; };
		E8AE4FE82254BCBA00AA661F /* String+Extension.swift in Sources */ = {isa = PBXBuildFile; fileRef = E8AE4FAE2254BCBA00AA661F /* String+Extension.swift */; };
		E8AE4FE92254BCBA00AA661F /* String+Convert.swift in Sources */ = {isa = PBXBuildFile; fileRef = E8AE4FAF2254BCBA00AA661F /* String+Convert.swift */; };
		E8AE4FEA2254BCBA00AA661F /* StandardTypeUnwrappedable+Protocol.swift in Sources */ = {isa = PBXBuildFile; fileRef = E8AE4FB02254BCBA00AA661F /* StandardTypeUnwrappedable+Protocol.swift */; };
		E8AE4FEB2254BCBA00AA661F /* CGFloat+Extension.swift in Sources */ = {isa = PBXBuildFile; fileRef = E8AE4FB12254BCBA00AA661F /* CGFloat+Extension.swift */; };
		E8AE4FEC2254BCBA00AA661F /* Array+Extension.swift in Sources */ = {isa = PBXBuildFile; fileRef = E8AE4FB22254BCBA00AA661F /* Array+Extension.swift */; };
/* End PBXBuildFile section */

/* Begin PBXContainerItemProxy section */
		E879C1C822421013006904A5 /* PBXContainerItemProxy */ = {
			isa = PBXContainerItemProxy;
			containerPortal = E879C1A822421012006904A5 /* Project object */;
			proxyType = 1;
			remoteGlobalIDString = E879C1AF22421012006904A5;
			remoteInfo = YYxProvingGround;
		};
		E879C1D322421013006904A5 /* PBXContainerItemProxy */ = {
			isa = PBXContainerItemProxy;
			containerPortal = E879C1A822421012006904A5 /* Project object */;
			proxyType = 1;
			remoteGlobalIDString = E879C1AF22421012006904A5;
			remoteInfo = YYxProvingGround;
		};
/* End PBXContainerItemProxy section */

/* Begin PBXFileReference section */
		E879C1B022421012006904A5 /* YYxProvingGround.app */ = {isa = PBXFileReference; explicitFileType = wrapper.application; includeInIndex = 0; path = YYxProvingGround.app; sourceTree = BUILT_PRODUCTS_DIR; };
		E879C1B322421012006904A5 /* AppDelegate.swift */ = {isa = PBXFileReference; lastKnownFileType = sourcecode.swift; path = AppDelegate.swift; sourceTree = "<group>"; };
		E879C1B522421012006904A5 /* ViewController.swift */ = {isa = PBXFileReference; lastKnownFileType = sourcecode.swift; path = ViewController.swift; sourceTree = "<group>"; };
		E879C1B822421012006904A5 /* Base */ = {isa = PBXFileReference; lastKnownFileType = file.storyboard; name = Base; path = Base.lproj/Main.storyboard; sourceTree = "<group>"; };
		E879C1BB22421012006904A5 /* YYxProvingGround.xcdatamodel */ = {isa = PBXFileReference; lastKnownFileType = wrapper.xcdatamodel; path = YYxProvingGround.xcdatamodel; sourceTree = "<group>"; };
		E879C1BD22421013006904A5 /* Assets.xcassets */ = {isa = PBXFileReference; lastKnownFileType = folder.assetcatalog; path = Assets.xcassets; sourceTree = "<group>"; };
		E879C1C022421013006904A5 /* Base */ = {isa = PBXFileReference; lastKnownFileType = file.storyboard; name = Base; path = Base.lproj/LaunchScreen.storyboard; sourceTree = "<group>"; };
		E879C1C222421013006904A5 /* Info.plist */ = {isa = PBXFileReference; lastKnownFileType = text.plist.xml; path = Info.plist; sourceTree = "<group>"; };
		E879C1C722421013006904A5 /* YYxProvingGroundTests.xctest */ = {isa = PBXFileReference; explicitFileType = wrapper.cfbundle; includeInIndex = 0; path = YYxProvingGroundTests.xctest; sourceTree = BUILT_PRODUCTS_DIR; };
		E879C1CB22421013006904A5 /* YYxProvingGroundTests.swift */ = {isa = PBXFileReference; lastKnownFileType = sourcecode.swift; path = YYxProvingGroundTests.swift; sourceTree = "<group>"; };
		E879C1CD22421013006904A5 /* Info.plist */ = {isa = PBXFileReference; lastKnownFileType = text.plist.xml; path = Info.plist; sourceTree = "<group>"; };
		E879C1D222421013006904A5 /* YYxProvingGroundUITests.xctest */ = {isa = PBXFileReference; explicitFileType = wrapper.cfbundle; includeInIndex = 0; path = YYxProvingGroundUITests.xctest; sourceTree = BUILT_PRODUCTS_DIR; };
		E879C1D622421013006904A5 /* YYxProvingGroundUITests.swift */ = {isa = PBXFileReference; lastKnownFileType = sourcecode.swift; path = YYxProvingGroundUITests.swift; sourceTree = "<group>"; };
		E879C1D822421013006904A5 /* Info.plist */ = {isa = PBXFileReference; lastKnownFileType = text.plist.xml; path = Info.plist; sourceTree = "<group>"; };
		E8AE4F6B2254BCBA00AA661F /* constant.swift */ = {isa = PBXFileReference; fileEncoding = 4; lastKnownFileType = sourcecode.swift; path = constant.swift; sourceTree = "<group>"; };
		E8AE4F6C2254BCBA00AA661F /* Global.swift */ = {isa = PBXFileReference; fileEncoding = 4; lastKnownFileType = sourcecode.swift; path = Global.swift; sourceTree = "<group>"; };
		E8AE4F6F2254BCBA00AA661F /* UICollectionView+Extension.swift */ = {isa = PBXFileReference; fileEncoding = 4; lastKnownFileType = sourcecode.swift; path = "UICollectionView+Extension.swift"; sourceTree = "<group>"; };
		E8AE4F712254BCBA00AA661F /* Convert+Date.swift */ = {isa = PBXFileReference; fileEncoding = 4; lastKnownFileType = sourcecode.swift; path = "Convert+Date.swift"; sourceTree = "<group>"; };
		E8AE4F722254BCBA00AA661F /* DateFormatter+Extension.swift */ = {isa = PBXFileReference; fileEncoding = 4; lastKnownFileType = sourcecode.swift; path = "DateFormatter+Extension.swift"; sourceTree = "<group>"; };
		E8AE4F732254BCBA00AA661F /* GreenwichDateConverter.swift */ = {isa = PBXFileReference; fileEncoding = 4; lastKnownFileType = sourcecode.swift; path = GreenwichDateConverter.swift; sourceTree = "<group>"; };
		E8AE4F742254BCBA00AA661F /* Current+Date.swift */ = {isa = PBXFileReference; fileEncoding = 4; lastKnownFileType = sourcecode.swift; path = "Current+Date.swift"; sourceTree = "<group>"; };
		E8AE4F752254BCBA00AA661F /* Extension+Date.swift */ = {isa = PBXFileReference; fileEncoding = 4; lastKnownFileType = sourcecode.swift; path = "Extension+Date.swift"; sourceTree = "<group>"; };
		E8AE4F762254BCBA00AA661F /* Extension+NSPredicate.swift */ = {isa = PBXFileReference; fileEncoding = 4; lastKnownFileType = sourcecode.swift; path = "Extension+NSPredicate.swift"; sourceTree = "<group>"; };
		E8AE4F772254BCBA00AA661F /* FileManager+Extension.swift */ = {isa = PBXFileReference; fileEncoding = 4; lastKnownFileType = sourcecode.swift; path = "FileManager+Extension.swift"; sourceTree = "<group>"; };
		E8AE4F782254BCBA00AA661F /* YYxInfo.txt */ = {isa = PBXFileReference; fileEncoding = 4; lastKnownFileType = text; path = YYxInfo.txt; sourceTree = "<group>"; };
		E8AE4F7A2254BCBA00AA661F /* CategoryVerticalColumnModel.swift */ = {isa = PBXFileReference; fileEncoding = 4; lastKnownFileType = sourcecode.swift; path = CategoryVerticalColumnModel.swift; sourceTree = "<group>"; };
		E8AE4F7C2254BCBA00AA661F /* CategoryHorizenTalRowCell.xib */ = {isa = PBXFileReference; fileEncoding = 4; lastKnownFileType = file.xib; path = CategoryHorizenTalRowCell.xib; sourceTree = "<group>"; };
		E8AE4F7D2254BCBA00AA661F /* CategoryHorizenTalRowCell.swift */ = {isa = PBXFileReference; fileEncoding = 4; lastKnownFileType = sourcecode.swift; path = CategoryHorizenTalRowCell.swift; sourceTree = "<group>"; };
		E8AE4F7E2254BCBA00AA661F /* CategoryVerticalColumnCell.swift */ = {isa = PBXFileReference; fileEncoding = 4; lastKnownFileType = sourcecode.swift; path = CategoryVerticalColumnCell.swift; sourceTree = "<group>"; };
		E8AE4F7F2254BCBA00AA661F /* HorizontalSlider.swift */ = {isa = PBXFileReference; fileEncoding = 4; lastKnownFileType = sourcecode.swift; path = HorizontalSlider.swift; sourceTree = "<group>"; };
		E8AE4F812254BCBA00AA661F /* JsonDIctonaryExample.json */ = {isa = PBXFileReference; fileEncoding = 4; lastKnownFileType = text.json; path = JsonDIctonaryExample.json; sourceTree = "<group>"; };
		E8AE4F822254BCBA00AA661F /* JsonArrayExample.json */ = {isa = PBXFileReference; fileEncoding = 4; lastKnownFileType = text.json; path = JsonArrayExample.json; sourceTree = "<group>"; };
		E8AE4F832254BCBA00AA661F /* ExampleFileNames.swift */ = {isa = PBXFileReference; fileEncoding = 4; lastKnownFileType = sourcecode.swift; path = ExampleFileNames.swift; sourceTree = "<group>"; };
		E8AE4F852254BCBA00AA661F /* ToolBoxManager.swift */ = {isa = PBXFileReference; fileEncoding = 4; lastKnownFileType = sourcecode.swift; path = ToolBoxManager.swift; sourceTree = "<group>"; };
		E8AE4F862254BCBA00AA661F /* ToolBoxViewController.swift */ = {isa = PBXFileReference; fileEncoding = 4; lastKnownFileType = sourcecode.swift; path = ToolBoxViewController.swift; sourceTree = "<group>"; };
		E8AE4F872254BCBA00AA661F /* StaticTableViewController.swift */ = {isa = PBXFileReference; fileEncoding = 4; lastKnownFileType = sourcecode.swift; path = StaticTableViewController.swift; sourceTree = "<group>"; };
		E8AE4F882254BCBA00AA661F /* ToolBox.storyboard */ = {isa = PBXFileReference; fileEncoding = 4; lastKnownFileType = file.storyboard; path = ToolBox.storyboard; sourceTree = "<group>"; };
		E8AE4F8A2254BCBA00AA661F /* Extension+UIViewController.swift */ = {isa = PBXFileReference; fileEncoding = 4; lastKnownFileType = sourcecode.swift; path = "Extension+UIViewController.swift"; sourceTree = "<group>"; };
		E8AE4F8B2254BCBA00AA661F /* URLSession+UIViewController.swift */ = {isa = PBXFileReference; fileEncoding = 4; lastKnownFileType = sourcecode.swift; path = "URLSession+UIViewController.swift"; sourceTree = "<group>"; };
		E8AE4F8C2254BCBA00AA661F /* Photo+UIViewController.swift */ = {isa = PBXFileReference; fileEncoding = 4; lastKnownFileType = sourcecode.swift; path = "Photo+UIViewController.swift"; sourceTree = "<group>"; };
		E8AE4F8D2254BCBA00AA661F /* Alert+UIViewController.swift */ = {isa = PBXFileReference; fileEncoding = 4; lastKnownFileType = sourcecode.swift; path = "Alert+UIViewController.swift"; sourceTree = "<group>"; };
		E8AE4F8E2254BCBA00AA661F /* CookingTimer.swift */ = {isa = PBXFileReference; fileEncoding = 4; lastKnownFileType = sourcecode.swift; path = CookingTimer.swift; sourceTree = "<group>"; };
		E8AE4F8F2254BCBA00AA661F /* UIScrollView+Extension.swift */ = {isa = PBXFileReference; fileEncoding = 4; lastKnownFileType = sourcecode.swift; path = "UIScrollView+Extension.swift"; sourceTree = "<group>"; };
		E8AE4F902254BCBA00AA661F /* YYxErrorHandler.swift */ = {isa = PBXFileReference; fileEncoding = 4; lastKnownFileType = sourcecode.swift; path = YYxErrorHandler.swift; sourceTree = "<group>"; };
		E8AE4F912254BCBA00AA661F /* NSCache+Extension.swift */ = {isa = PBXFileReference; fileEncoding = 4; lastKnownFileType = sourcecode.swift; path = "NSCache+Extension.swift"; sourceTree = "<group>"; };
		E8AE4F932254BCBA00AA661F /* UIColor+Extension.swift */ = {isa = PBXFileReference; fileEncoding = 4; lastKnownFileType = sourcecode.swift; path = "UIColor+Extension.swift"; sourceTree = "<group>"; };
		E8AE4F952254BCBA00AA661F /* TintView.swift */ = {isa = PBXFileReference; fileEncoding = 4; lastKnownFileType = sourcecode.swift; path = TintView.swift; sourceTree = "<group>"; };
		E8AE4F962254BCBA00AA661F /* TintView.xib */ = {isa = PBXFileReference; fileEncoding = 4; lastKnownFileType = file.xib; path = TintView.xib; sourceTree = "<group>"; };
		E8AE4F972254BCBA00AA661F /* UILabel+Extension.swift */ = {isa = PBXFileReference; fileEncoding = 4; lastKnownFileType = sourcecode.swift; path = "UILabel+Extension.swift"; sourceTree = "<group>"; };
		E8AE4F982254BCBA00AA661F /* UIButton+Extension.swift */ = {isa = PBXFileReference; fileEncoding = 4; lastKnownFileType = sourcecode.swift; path = "UIButton+Extension.swift"; sourceTree = "<group>"; };
		E8AE4F992254BCBA00AA661F /* Extension+UINavigationController.swift */ = {isa = PBXFileReference; fileEncoding = 4; lastKnownFileType = sourcecode.swift; path = "Extension+UINavigationController.swift"; sourceTree = "<group>"; };
		E8AE4F9A2254BCBA00AA661F /* Extension+UITableView.swift */ = {isa = PBXFileReference; fileEncoding = 4; lastKnownFileType = sourcecode.swift; path = "Extension+UITableView.swift"; sourceTree = "<group>"; };
		E8AE4F9B2254BCBA00AA661F /* Extension+UITextField.swift */ = {isa = PBXFileReference; fileEncoding = 4; lastKnownFileType = sourcecode.swift; path = "Extension+UITextField.swift"; sourceTree = "<group>"; };
		E8AE4F9C2254BCBA00AA661F /* UITableViewCell+Extension.swift */ = {isa = PBXFileReference; fileEncoding = 4; lastKnownFileType = sourcecode.swift; path = "UITableViewCell+Extension.swift"; sourceTree = "<group>"; };
		E8AE4F9E2254BCBA00AA661F /* Extension+UIView.swift */ = {isa = PBXFileReference; fileEncoding = 4; lastKnownFileType = sourcecode.swift; path = "Extension+UIView.swift"; sourceTree = "<group>"; };
		E8AE4F9F2254BCBA00AA661F /* Animation+UIView.swift */ = {isa = PBXFileReference; fileEncoding = 4; lastKnownFileType = sourcecode.swift; path = "Animation+UIView.swift"; sourceTree = "<group>"; };
		E8AE4FA02254BCBA00AA661F /* Constraint+UIView.swift */ = {isa = PBXFileReference; fileEncoding = 4; lastKnownFileType = sourcecode.swift; path = "Constraint+UIView.swift"; sourceTree = "<group>"; };
		E8AE4FA12254BCBA00AA661F /* UINib+Extension.swift */ = {isa = PBXFileReference; fileEncoding = 4; lastKnownFileType = sourcecode.swift; path = "UINib+Extension.swift"; sourceTree = "<group>"; };
		E8AE4FA22254BCBA00AA661F /* AppDelegate+Extension.swift */ = {isa = PBXFileReference; fileEncoding = 4; lastKnownFileType = sourcecode.swift; path = "AppDelegate+Extension.swift"; sourceTree = "<group>"; };
		E8AE4FA42254BCBA00AA661F /* Data+Convert.swift */ = {isa = PBXFileReference; fileEncoding = 4; lastKnownFileType = sourcecode.swift; path = "Data+Convert.swift"; sourceTree = "<group>"; };
		E8AE4FA52254BCBA00AA661F /* Int+Extension.swift */ = {isa = PBXFileReference; fileEncoding = 4; lastKnownFileType = sourcecode.swift; path = "Int+Extension.swift"; sourceTree = "<group>"; };
		E8AE4FA62254BCBA00AA661F /* Bool+Extension.swift */ = {isa = PBXFileReference; fileEncoding = 4; lastKnownFileType = sourcecode.swift; path = "Bool+Extension.swift"; sourceTree = "<group>"; };
		E8AE4FA72254BCBA00AA661F /* Substring+Extension.swift */ = {isa = PBXFileReference; fileEncoding = 4; lastKnownFileType = sourcecode.swift; path = "Substring+Extension.swift"; sourceTree = "<group>"; };
		E8AE4FA92254BCBA00AA661F /* Double+Extension.swift */ = {isa = PBXFileReference; fileEncoding = 4; lastKnownFileType = sourcecode.swift; path = "Double+Extension.swift"; sourceTree = "<group>"; };
		E8AE4FAA2254BCBA00AA661F /* Double+Greenwich.swift */ = {isa = PBXFileReference; fileEncoding = 4; lastKnownFileType = sourcecode.swift; path = "Double+Greenwich.swift"; sourceTree = "<group>"; };
		E8AE4FAB2254BCBA00AA661F /* numeric.swift */ = {isa = PBXFileReference; fileEncoding = 4; lastKnownFileType = sourcecode.swift; path = numeric.swift; sourceTree = "<group>"; };
		E8AE4FAD2254BCBA00AA661F /* String+Greenwich.swift */ = {isa = PBXFileReference; fileEncoding = 4; lastKnownFileType = sourcecode.swift; path = "String+Greenwich.swift"; sourceTree = "<group>"; };
		E8AE4FAE2254BCBA00AA661F /* String+Extension.swift */ = {isa = PBXFileReference; fileEncoding = 4; lastKnownFileType = sourcecode.swift; path = "String+Extension.swift"; sourceTree = "<group>"; };
		E8AE4FAF2254BCBA00AA661F /* String+Convert.swift */ = {isa = PBXFileReference; fileEncoding = 4; lastKnownFileType = sourcecode.swift; path = "String+Convert.swift"; sourceTree = "<group>"; };
		E8AE4FB02254BCBA00AA661F /* StandardTypeUnwrappedable+Protocol.swift */ = {isa = PBXFileReference; fileEncoding = 4; lastKnownFileType = sourcecode.swift; path = "StandardTypeUnwrappedable+Protocol.swift"; sourceTree = "<group>"; };
		E8AE4FB12254BCBA00AA661F /* CGFloat+Extension.swift */ = {isa = PBXFileReference; fileEncoding = 4; lastKnownFileType = sourcecode.swift; path = "CGFloat+Extension.swift"; sourceTree = "<group>"; };
		E8AE4FB22254BCBA00AA661F /* Array+Extension.swift */ = {isa = PBXFileReference; fileEncoding = 4; lastKnownFileType = sourcecode.swift; path = "Array+Extension.swift"; sourceTree = "<group>"; };
/* End PBXFileReference section */

/* Begin PBXFrameworksBuildPhase section */
		E879C1AD22421012006904A5 /* Frameworks */ = {
			isa = PBXFrameworksBuildPhase;
			buildActionMask = 2147483647;
			files = (
			);
			runOnlyForDeploymentPostprocessing = 0;
		};
		E879C1C422421013006904A5 /* Frameworks */ = {
			isa = PBXFrameworksBuildPhase;
			buildActionMask = 2147483647;
			files = (
			);
			runOnlyForDeploymentPostprocessing = 0;
		};
		E879C1CF22421013006904A5 /* Frameworks */ = {
			isa = PBXFrameworksBuildPhase;
			buildActionMask = 2147483647;
			files = (
			);
			runOnlyForDeploymentPostprocessing = 0;
		};
/* End PBXFrameworksBuildPhase section */

/* Begin PBXGroup section */
		E879C1A722421012006904A5 = {
			isa = PBXGroup;
			children = (
				E879C1B222421012006904A5 /* YYxProvingGround */,
				E879C1CA22421013006904A5 /* YYxProvingGroundTests */,
				E879C1D522421013006904A5 /* YYxProvingGroundUITests */,
				E879C1B122421012006904A5 /* Products */,
			);
			sourceTree = "<group>";
		};
		E879C1B122421012006904A5 /* Products */ = {
			isa = PBXGroup;
			children = (
				E879C1B022421012006904A5 /* YYxProvingGround.app */,
				E879C1C722421013006904A5 /* YYxProvingGroundTests.xctest */,
				E879C1D222421013006904A5 /* YYxProvingGroundUITests.xctest */,
			);
			name = Products;
			sourceTree = "<group>";
		};
		E879C1B222421012006904A5 /* YYxProvingGround */ = {
			isa = PBXGroup;
			children = (
				E8AE4F6A2254BCBA00AA661F /* YYX  */,
				E879C1B322421012006904A5 /* AppDelegate.swift */,
				E879C1B522421012006904A5 /* ViewController.swift */,
				E879C1B722421012006904A5 /* Main.storyboard */,
				E879C1BD22421013006904A5 /* Assets.xcassets */,
				E879C1BF22421013006904A5 /* LaunchScreen.storyboard */,
				E879C1C222421013006904A5 /* Info.plist */,
				E879C1BA22421012006904A5 /* YYxProvingGround.xcdatamodeld */,
			);
			path = YYxProvingGround;
			sourceTree = "<group>";
		};
		E879C1CA22421013006904A5 /* YYxProvingGroundTests */ = {
			isa = PBXGroup;
			children = (
				E879C1CB22421013006904A5 /* YYxProvingGroundTests.swift */,
				E879C1CD22421013006904A5 /* Info.plist */,
			);
			path = YYxProvingGroundTests;
			sourceTree = "<group>";
		};
		E879C1D522421013006904A5 /* YYxProvingGroundUITests */ = {
			isa = PBXGroup;
			children = (
				E879C1D622421013006904A5 /* YYxProvingGroundUITests.swift */,
				E879C1D822421013006904A5 /* Info.plist */,
			);
			path = YYxProvingGroundUITests;
			sourceTree = "<group>";
		};
		E8AE4F6A2254BCBA00AA661F /* YYX  */ = {
			isa = PBXGroup;
			children = (
				E8AE4F6B2254BCBA00AA661F /* constant.swift */,
				E8AE4F6C2254BCBA00AA661F /* Global.swift */,
				E8AE4F6D2254BCBA00AA661F /* UICollectionViewController */,
				E8AE4F702254BCBA00AA661F /* Date */,
				E8AE4F762254BCBA00AA661F /* Extension+NSPredicate.swift */,
				E8AE4F772254BCBA00AA661F /* FileManager+Extension.swift */,
				E8AE4F782254BCBA00AA661F /* YYxInfo.txt */,
				E8AE4F792254BCBA00AA661F /* HorizontalSlider */,
				E8AE4F802254BCBA00AA661F /* TestExampleDatas */,
				E8AE4F842254BCBA00AA661F /* ToolBoxStoryboard */,
				E8AE4F892254BCBA00AA661F /* UIViewController+Extension */,
				E8AE4F8E2254BCBA00AA661F /* CookingTimer.swift */,
				E8AE4F8F2254BCBA00AA661F /* UIScrollView+Extension.swift */,
				E8AE4F902254BCBA00AA661F /* YYxErrorHandler.swift */,
				E8AE4F912254BCBA00AA661F /* NSCache+Extension.swift */,
				E8AE4F922254BCBA00AA661F /* UIKit+Extension */,
				E8AE4FA22254BCBA00AA661F /* AppDelegate+Extension.swift */,
				E8AE4FA32254BCBA00AA661F /* StandardType */,
			);
			path = "YYX ";
			sourceTree = "<group>";
		};
		E8AE4F6D2254BCBA00AA661F /* UICollectionViewController */ = {
			isa = PBXGroup;
			children = (
				E8AE4F6E2254BCBA00AA661F /* UICollectionView */,
			);
			path = UICollectionViewController;
			sourceTree = "<group>";
		};
		E8AE4F6E2254BCBA00AA661F /* UICollectionView */ = {
			isa = PBXGroup;
			children = (
				E8AE4F6F2254BCBA00AA661F /* UICollectionView+Extension.swift */,
			);
			path = UICollectionView;
			sourceTree = "<group>";
		};
		E8AE4F702254BCBA00AA661F /* Date */ = {
			isa = PBXGroup;
			children = (
				E8AE4F712254BCBA00AA661F /* Convert+Date.swift */,
				E8AE4F722254BCBA00AA661F /* DateFormatter+Extension.swift */,
				E8AE4F732254BCBA00AA661F /* GreenwichDateConverter.swift */,
				E8AE4F742254BCBA00AA661F /* Current+Date.swift */,
				E8AE4F752254BCBA00AA661F /* Extension+Date.swift */,
			);
			path = Date;
			sourceTree = "<group>";
		};
		E8AE4F792254BCBA00AA661F /* HorizontalSlider */ = {
			isa = PBXGroup;
			children = (
				E8AE4F7A2254BCBA00AA661F /* CategoryVerticalColumnModel.swift */,
				E8AE4F7B2254BCBA00AA661F /* CategoryHorizenTalRowCell */,
				E8AE4F7E2254BCBA00AA661F /* CategoryVerticalColumnCell.swift */,
				E8AE4F7F2254BCBA00AA661F /* HorizontalSlider.swift */,
			);
			path = HorizontalSlider;
			sourceTree = "<group>";
		};
		E8AE4F7B2254BCBA00AA661F /* CategoryHorizenTalRowCell */ = {
			isa = PBXGroup;
			children = (
				E8AE4F7C2254BCBA00AA661F /* CategoryHorizenTalRowCell.xib */,
				E8AE4F7D2254BCBA00AA661F /* CategoryHorizenTalRowCell.swift */,
			);
			path = CategoryHorizenTalRowCell;
			sourceTree = "<group>";
		};
		E8AE4F802254BCBA00AA661F /* TestExampleDatas */ = {
			isa = PBXGroup;
			children = (
				E8AE4F812254BCBA00AA661F /* JsonDIctonaryExample.json */,
				E8AE4F822254BCBA00AA661F /* JsonArrayExample.json */,
				E8AE4F832254BCBA00AA661F /* ExampleFileNames.swift */,
			);
			path = TestExampleDatas;
			sourceTree = "<group>";
		};
		E8AE4F842254BCBA00AA661F /* ToolBoxStoryboard */ = {
			isa = PBXGroup;
			children = (
				E8AE4F852254BCBA00AA661F /* ToolBoxManager.swift */,
				E8AE4F862254BCBA00AA661F /* ToolBoxViewController.swift */,
				E8AE4F872254BCBA00AA661F /* StaticTableViewController.swift */,
				E8AE4F882254BCBA00AA661F /* ToolBox.storyboard */,
			);
			path = ToolBoxStoryboard;
			sourceTree = "<group>";
		};
		E8AE4F892254BCBA00AA661F /* UIViewController+Extension */ = {
			isa = PBXGroup;
			children = (
				E8AE4F8A2254BCBA00AA661F /* Extension+UIViewController.swift */,
				E8AE4F8B2254BCBA00AA661F /* URLSession+UIViewController.swift */,
				E8AE4F8C2254BCBA00AA661F /* Photo+UIViewController.swift */,
				E8AE4F8D2254BCBA00AA661F /* Alert+UIViewController.swift */,
			);
			path = "UIViewController+Extension";
			sourceTree = "<group>";
		};
		E8AE4F922254BCBA00AA661F /* UIKit+Extension */ = {
			isa = PBXGroup;
			children = (
				E8AE4F932254BCBA00AA661F /* UIColor+Extension.swift */,
				E8AE4F942254BCBA00AA661F /* TintView */,
				E8AE4F972254BCBA00AA661F /* UILabel+Extension.swift */,
				E8AE4F982254BCBA00AA661F /* UIButton+Extension.swift */,
				E8AE4F992254BCBA00AA661F /* Extension+UINavigationController.swift */,
				E8AE4F9A2254BCBA00AA661F /* Extension+UITableView.swift */,
				E8AE4F9B2254BCBA00AA661F /* Extension+UITextField.swift */,
				E8AE4F9C2254BCBA00AA661F /* UITableViewCell+Extension.swift */,
				E8AE4F9D2254BCBA00AA661F /* UIView+Extension */,
				E8AE4FA12254BCBA00AA661F /* UINib+Extension.swift */,
			);
			path = "UIKit+Extension";
			sourceTree = "<group>";
		};
		E8AE4F942254BCBA00AA661F /* TintView */ = {
			isa = PBXGroup;
			children = (
				E8AE4F952254BCBA00AA661F /* TintView.swift */,
				E8AE4F962254BCBA00AA661F /* TintView.xib */,
			);
			path = TintView;
			sourceTree = "<group>";
		};
		E8AE4F9D2254BCBA00AA661F /* UIView+Extension */ = {
			isa = PBXGroup;
			children = (
				E8AE4F9E2254BCBA00AA661F /* Extension+UIView.swift */,
				E8AE4F9F2254BCBA00AA661F /* Animation+UIView.swift */,
				E8AE4FA02254BCBA00AA661F /* Constraint+UIView.swift */,
			);
			path = "UIView+Extension";
			sourceTree = "<group>";
		};
		E8AE4FA32254BCBA00AA661F /* StandardType */ = {
			isa = PBXGroup;
			children = (
				E8AE4FA42254BCBA00AA661F /* Data+Convert.swift */,
				E8AE4FA52254BCBA00AA661F /* Int+Extension.swift */,
				E8AE4FA62254BCBA00AA661F /* Bool+Extension.swift */,
				E8AE4FA72254BCBA00AA661F /* Substring+Extension.swift */,
				E8AE4FA82254BCBA00AA661F /* Double */,
				E8AE4FAB2254BCBA00AA661F /* numeric.swift */,
				E8AE4FAC2254BCBA00AA661F /* String */,
				E8AE4FB02254BCBA00AA661F /* StandardTypeUnwrappedable+Protocol.swift */,
				E8AE4FB12254BCBA00AA661F /* CGFloat+Extension.swift */,
				E8AE4FB22254BCBA00AA661F /* Array+Extension.swift */,
			);
			path = StandardType;
			sourceTree = "<group>";
		};
		E8AE4FA82254BCBA00AA661F /* Double */ = {
			isa = PBXGroup;
			children = (
				E8AE4FA92254BCBA00AA661F /* Double+Extension.swift */,
				E8AE4FAA2254BCBA00AA661F /* Double+Greenwich.swift */,
			);
			path = Double;
			sourceTree = "<group>";
		};
		E8AE4FAC2254BCBA00AA661F /* String */ = {
			isa = PBXGroup;
			children = (
				E8AE4FAD2254BCBA00AA661F /* String+Greenwich.swift */,
				E8AE4FAE2254BCBA00AA661F /* String+Extension.swift */,
				E8AE4FAF2254BCBA00AA661F /* String+Convert.swift */,
			);
			path = String;
			sourceTree = "<group>";
		};
/* End PBXGroup section */

/* Begin PBXNativeTarget section */
		E879C1AF22421012006904A5 /* YYxProvingGround */ = {
			isa = PBXNativeTarget;
			buildConfigurationList = E879C1DB22421013006904A5 /* Build configuration list for PBXNativeTarget "YYxProvingGround" */;
			buildPhases = (
				E879C1AC22421012006904A5 /* Sources */,
				E879C1AD22421012006904A5 /* Frameworks */,
				E879C1AE22421012006904A5 /* Resources */,
			);
			buildRules = (
			);
			dependencies = (
			);
			name = YYxProvingGround;
			productName = YYxProvingGround;
			productReference = E879C1B022421012006904A5 /* YYxProvingGround.app */;
			productType = "com.apple.product-type.application";
		};
		E879C1C622421013006904A5 /* YYxProvingGroundTests */ = {
			isa = PBXNativeTarget;
			buildConfigurationList = E879C1DE22421013006904A5 /* Build configuration list for PBXNativeTarget "YYxProvingGroundTests" */;
			buildPhases = (
				E879C1C322421013006904A5 /* Sources */,
				E879C1C422421013006904A5 /* Frameworks */,
				E879C1C522421013006904A5 /* Resources */,
			);
			buildRules = (
			);
			dependencies = (
				E879C1C922421013006904A5 /* PBXTargetDependency */,
			);
			name = YYxProvingGroundTests;
			productName = YYxProvingGroundTests;
			productReference = E879C1C722421013006904A5 /* YYxProvingGroundTests.xctest */;
			productType = "com.apple.product-type.bundle.unit-test";
		};
		E879C1D122421013006904A5 /* YYxProvingGroundUITests */ = {
			isa = PBXNativeTarget;
			buildConfigurationList = E879C1E122421013006904A5 /* Build configuration list for PBXNativeTarget "YYxProvingGroundUITests" */;
			buildPhases = (
				E879C1CE22421013006904A5 /* Sources */,
				E879C1CF22421013006904A5 /* Frameworks */,
				E879C1D022421013006904A5 /* Resources */,
			);
			buildRules = (
			);
			dependencies = (
				E879C1D422421013006904A5 /* PBXTargetDependency */,
			);
			name = YYxProvingGroundUITests;
			productName = YYxProvingGroundUITests;
			productReference = E879C1D222421013006904A5 /* YYxProvingGroundUITests.xctest */;
			productType = "com.apple.product-type.bundle.ui-testing";
		};
/* End PBXNativeTarget section */

/* Begin PBXProject section */
		E879C1A822421012006904A5 /* Project object */ = {
			isa = PBXProject;
			attributes = {
				LastSwiftUpdateCheck = 1010;
				LastUpgradeCheck = 1010;
				ORGANIZATIONNAME = 002;
				TargetAttributes = {
					E879C1AF22421012006904A5 = {
						CreatedOnToolsVersion = 10.1;
					};
					E879C1C622421013006904A5 = {
						CreatedOnToolsVersion = 10.1;
						TestTargetID = E879C1AF22421012006904A5;
					};
					E879C1D122421013006904A5 = {
						CreatedOnToolsVersion = 10.1;
						TestTargetID = E879C1AF22421012006904A5;
					};
				};
			};
			buildConfigurationList = E879C1AB22421012006904A5 /* Build configuration list for PBXProject "YYxProvingGround" */;
			compatibilityVersion = "Xcode 9.3";
			developmentRegion = en;
			hasScannedForEncodings = 0;
			knownRegions = (
				en,
				Base,
			);
			mainGroup = E879C1A722421012006904A5;
			productRefGroup = E879C1B122421012006904A5 /* Products */;
			projectDirPath = "";
			projectRoot = "";
			targets = (
				E879C1AF22421012006904A5 /* YYxProvingGround */,
				E879C1C622421013006904A5 /* YYxProvingGroundTests */,
				E879C1D122421013006904A5 /* YYxProvingGroundUITests */,
			);
		};
/* End PBXProject section */

/* Begin PBXResourcesBuildPhase section */
		E879C1AE22421012006904A5 /* Resources */ = {
			isa = PBXResourcesBuildPhase;
			buildActionMask = 2147483647;
			files = (
				E8AE4FC92254BCBA00AA661F /* ToolBox.storyboard in Resources */,
				E8AE4FC42254BCBA00AA661F /* JsonArrayExample.json in Resources */,
				E8AE4FD42254BCBA00AA661F /* TintView.xib in Resources */,
				E8AE4FC32254BCBA00AA661F /* JsonDIctonaryExample.json in Resources */,
				E879C1C122421013006904A5 /* LaunchScreen.storyboard in Resources */,
				E8AE4FBF2254BCBA00AA661F /* CategoryHorizenTalRowCell.xib in Resources */,
				E879C1BE22421013006904A5 /* Assets.xcassets in Resources */,
				E879C1B922421012006904A5 /* Main.storyboard in Resources */,
				E8AE4FBD2254BCBA00AA661F /* YYxInfo.txt in Resources */,
			);
			runOnlyForDeploymentPostprocessing = 0;
		};
		E879C1C522421013006904A5 /* Resources */ = {
			isa = PBXResourcesBuildPhase;
			buildActionMask = 2147483647;
			files = (
			);
			runOnlyForDeploymentPostprocessing = 0;
		};
		E879C1D022421013006904A5 /* Resources */ = {
			isa = PBXResourcesBuildPhase;
			buildActionMask = 2147483647;
			files = (
			);
			runOnlyForDeploymentPostprocessing = 0;
		};
/* End PBXResourcesBuildPhase section */

/* Begin PBXSourcesBuildPhase section */
		E879C1AC22421012006904A5 /* Sources */ = {
			isa = PBXSourcesBuildPhase;
			buildActionMask = 2147483647;
			files = (
				E8AE4FBB2254BCBA00AA661F /* Extension+NSPredicate.swift in Sources */,
				E8AE4FE72254BCBA00AA661F /* String+Greenwich.swift in Sources */,
				E8AE4FD92254BCBA00AA661F /* Extension+UITextField.swift in Sources */,
				E8AE4FCD2254BCBA00AA661F /* Alert+UIViewController.swift in Sources */,
				E8AE4FB52254BCBA00AA661F /* UICollectionView+Extension.swift in Sources */,
				E8AE4FC12254BCBA00AA661F /* CategoryVerticalColumnCell.swift in Sources */,
				E8AE4FE12254BCBA00AA661F /* Int+Extension.swift in Sources */,
				E8AE4FCE2254BCBA00AA661F /* CookingTimer.swift in Sources */,
				E879C1BC22421012006904A5 /* YYxProvingGround.xcdatamodeld in Sources */,
				E8AE4FC02254BCBA00AA661F /* CategoryHorizenTalRowCell.swift in Sources */,
				E8AE4FB82254BCBA00AA661F /* GreenwichDateConverter.swift in Sources */,
				E8AE4FCB2254BCBA00AA661F /* URLSession+UIViewController.swift in Sources */,
				E8AE4FDF2254BCBA00AA661F /* AppDelegate+Extension.swift in Sources */,
				E8AE4FD22254BCBA00AA661F /* UIColor+Extension.swift in Sources */,
				E8AE4FDD2254BCBA00AA661F /* Constraint+UIView.swift in Sources */,
				E8AE4FB72254BCBA00AA661F /* DateFormatter+Extension.swift in Sources */,
				E8AE4FD02254BCBA00AA661F /* YYxErrorHandler.swift in Sources */,
				E8AE4FC82254BCBA00AA661F /* StaticTableViewController.swift in Sources */,
				E8AE4FDE2254BCBA00AA661F /* UINib+Extension.swift in Sources */,
				E8AE4FDB2254BCBA00AA661F /* Extension+UIView.swift in Sources */,
				E8AE4FE52254BCBA00AA661F /* Double+Greenwich.swift in Sources */,
				E8AE4FCA2254BCBA00AA661F /* Extension+UIViewController.swift in Sources */,
				E8AE4FDC2254BCBA00AA661F /* Animation+UIView.swift in Sources */,
				E8AE4FD62254BCBA00AA661F /* UIButton+Extension.swift in Sources */,
				E8AE4FD12254BCBA00AA661F /* NSCache+Extension.swift in Sources */,
				E8AE4FE82254BCBA00AA661F /* String+Extension.swift in Sources */,
				E8AE4FE92254BCBA00AA661F /* String+Convert.swift in Sources */,
				E8AE4FE62254BCBA00AA661F /* numeric.swift in Sources */,
				E8AE4FD82254BCBA00AA661F /* Extension+UITableView.swift in Sources */,
				E879C1B622421012006904A5 /* ViewController.swift in Sources */,
				E8AE4FC72254BCBA00AA661F /* ToolBoxViewController.swift in Sources */,
				E8AE4FBA2254BCBA00AA661F /* Extension+Date.swift in Sources */,
				E8AE4FC52254BCBA00AA661F /* ExampleFileNames.swift in Sources */,
				E8AE4FBE2254BCBA00AA661F /* CategoryVerticalColumnModel.swift in Sources */,
				E879C1B422421012006904A5 /* AppDelegate.swift in Sources */,
				E8AE4FC22254BCBA00AA661F /* HorizontalSlider.swift in Sources */,
				E8AE4FEC2254BCBA00AA661F /* Array+Extension.swift in Sources */,
				E8AE4FDA2254BCBA00AA661F /* UITableViewCell+Extension.swift in Sources */,
				E8AE4FD72254BCBA00AA661F /* Extension+UINavigationController.swift in Sources */,
				E8AE4FCC2254BCBA00AA661F /* Photo+UIViewController.swift in Sources */,
				E8AE4FEA2254BCBA00AA661F /* StandardTypeUnwrappedable+Protocol.swift in Sources */,
				E8AE4FB42254BCBA00AA661F /* Global.swift in Sources */,
				E8AE4FD52254BCBA00AA661F /* UILabel+Extension.swift in Sources */,
				E8AE4FE22254BCBA00AA661F /* Bool+Extension.swift in Sources */,
				E8AE4FE32254BCBA00AA661F /* Substring+Extension.swift in Sources */,
				E8AE4FC62254BCBA00AA661F /* ToolBoxManager.swift in Sources */,
				E8AE4FCF2254BCBA00AA661F /* UIScrollView+Extension.swift in Sources */,
				E8AE4FE02254BCBA00AA661F /* Data+Convert.swift in Sources */,
				E8AE4FB32254BCBA00AA661F /* constant.swift in Sources */,
				E8AE4FBC2254BCBA00AA661F /* FileManager+Extension.swift in Sources */,
				E8AE4FD32254BCBA00AA661F /* TintView.swift in Sources */,
				E8AE4FEB2254BCBA00AA661F /* CGFloat+Extension.swift in Sources */,
				E8AE4FB62254BCBA00AA661F /* Convert+Date.swift in Sources */,
				E8AE4FB92254BCBA00AA661F /* Current+Date.swift in Sources */,
				E8AE4FE42254BCBA00AA661F /* Double+Extension.swift in Sources */,
			);
			runOnlyForDeploymentPostprocessing = 0;
		};
		E879C1C322421013006904A5 /* Sources */ = {
			isa = PBXSourcesBuildPhase;
			buildActionMask = 2147483647;
			files = (
				E879C1CC22421013006904A5 /* YYxProvingGroundTests.swift in Sources */,
			);
			runOnlyForDeploymentPostprocessing = 0;
		};
		E879C1CE22421013006904A5 /* Sources */ = {
			isa = PBXSourcesBuildPhase;
			buildActionMask = 2147483647;
			files = (
				E879C1D722421013006904A5 /* YYxProvingGroundUITests.swift in Sources */,
			);
			runOnlyForDeploymentPostprocessing = 0;
		};
/* End PBXSourcesBuildPhase section */

/* Begin PBXTargetDependency section */
		E879C1C922421013006904A5 /* PBXTargetDependency */ = {
			isa = PBXTargetDependency;
			target = E879C1AF22421012006904A5 /* YYxProvingGround */;
			targetProxy = E879C1C822421013006904A5 /* PBXContainerItemProxy */;
		};
		E879C1D422421013006904A5 /* PBXTargetDependency */ = {
			isa = PBXTargetDependency;
			target = E879C1AF22421012006904A5 /* YYxProvingGround */;
			targetProxy = E879C1D322421013006904A5 /* PBXContainerItemProxy */;
		};
/* End PBXTargetDependency section */

/* Begin PBXVariantGroup section */
		E879C1B722421012006904A5 /* Main.storyboard */ = {
			isa = PBXVariantGroup;
			children = (
				E879C1B822421012006904A5 /* Base */,
			);
			name = Main.storyboard;
			sourceTree = "<group>";
		};
		E879C1BF22421013006904A5 /* LaunchScreen.storyboard */ = {
			isa = PBXVariantGroup;
			children = (
				E879C1C022421013006904A5 /* Base */,
			);
			name = LaunchScreen.storyboard;
			sourceTree = "<group>";
		};
/* End PBXVariantGroup section */

/* Begin XCBuildConfiguration section */
		E879C1D922421013006904A5 /* Debug */ = {
			isa = XCBuildConfiguration;
			buildSettings = {
				ALWAYS_SEARCH_USER_PATHS = NO;
				CLANG_ANALYZER_NONNULL = YES;
				CLANG_ANALYZER_NUMBER_OBJECT_CONVERSION = YES_AGGRESSIVE;
				CLANG_CXX_LANGUAGE_STANDARD = "gnu++14";
				CLANG_CXX_LIBRARY = "libc++";
				CLANG_ENABLE_MODULES = YES;
				CLANG_ENABLE_OBJC_ARC = YES;
				CLANG_ENABLE_OBJC_WEAK = YES;
				CLANG_WARN_BLOCK_CAPTURE_AUTORELEASING = YES;
				CLANG_WARN_BOOL_CONVERSION = YES;
				CLANG_WARN_COMMA = YES;
				CLANG_WARN_CONSTANT_CONVERSION = YES;
				CLANG_WARN_DEPRECATED_OBJC_IMPLEMENTATIONS = YES;
				CLANG_WARN_DIRECT_OBJC_ISA_USAGE = YES_ERROR;
				CLANG_WARN_DOCUMENTATION_COMMENTS = YES;
				CLANG_WARN_EMPTY_BODY = YES;
				CLANG_WARN_ENUM_CONVERSION = YES;
				CLANG_WARN_INFINITE_RECURSION = YES;
				CLANG_WARN_INT_CONVERSION = YES;
				CLANG_WARN_NON_LITERAL_NULL_CONVERSION = YES;
				CLANG_WARN_OBJC_IMPLICIT_RETAIN_SELF = YES;
				CLANG_WARN_OBJC_LITERAL_CONVERSION = YES;
				CLANG_WARN_OBJC_ROOT_CLASS = YES_ERROR;
				CLANG_WARN_RANGE_LOOP_ANALYSIS = YES;
				CLANG_WARN_STRICT_PROTOTYPES = YES;
				CLANG_WARN_SUSPICIOUS_MOVE = YES;
				CLANG_WARN_UNGUARDED_AVAILABILITY = YES_AGGRESSIVE;
				CLANG_WARN_UNREACHABLE_CODE = YES;
				CLANG_WARN__DUPLICATE_METHOD_MATCH = YES;
				CODE_SIGN_IDENTITY = "iPhone Developer";
				COPY_PHASE_STRIP = NO;
				DEBUG_INFORMATION_FORMAT = dwarf;
				ENABLE_STRICT_OBJC_MSGSEND = YES;
				ENABLE_TESTABILITY = YES;
				GCC_C_LANGUAGE_STANDARD = gnu11;
				GCC_DYNAMIC_NO_PIC = NO;
				GCC_NO_COMMON_BLOCKS = YES;
				GCC_OPTIMIZATION_LEVEL = 0;
				GCC_PREPROCESSOR_DEFINITIONS = (
					"DEBUG=1",
					"$(inherited)",
				);
				GCC_WARN_64_TO_32_BIT_CONVERSION = YES;
				GCC_WARN_ABOUT_RETURN_TYPE = YES_ERROR;
				GCC_WARN_UNDECLARED_SELECTOR = YES;
				GCC_WARN_UNINITIALIZED_AUTOS = YES_AGGRESSIVE;
				GCC_WARN_UNUSED_FUNCTION = YES;
				GCC_WARN_UNUSED_VARIABLE = YES;
				IPHONEOS_DEPLOYMENT_TARGET = 12.1;
				MTL_ENABLE_DEBUG_INFO = INCLUDE_SOURCE;
				MTL_FAST_MATH = YES;
				ONLY_ACTIVE_ARCH = YES;
				SDKROOT = iphoneos;
				SWIFT_ACTIVE_COMPILATION_CONDITIONS = DEBUG;
				SWIFT_OPTIMIZATION_LEVEL = "-Onone";
			};
			name = Debug;
		};
		E879C1DA22421013006904A5 /* Release */ = {
			isa = XCBuildConfiguration;
			buildSettings = {
				ALWAYS_SEARCH_USER_PATHS = NO;
				CLANG_ANALYZER_NONNULL = YES;
				CLANG_ANALYZER_NUMBER_OBJECT_CONVERSION = YES_AGGRESSIVE;
				CLANG_CXX_LANGUAGE_STANDARD = "gnu++14";
				CLANG_CXX_LIBRARY = "libc++";
				CLANG_ENABLE_MODULES = YES;
				CLANG_ENABLE_OBJC_ARC = YES;
				CLANG_ENABLE_OBJC_WEAK = YES;
				CLANG_WARN_BLOCK_CAPTURE_AUTORELEASING = YES;
				CLANG_WARN_BOOL_CONVERSION = YES;
				CLANG_WARN_COMMA = YES;
				CLANG_WARN_CONSTANT_CONVERSION = YES;
				CLANG_WARN_DEPRECATED_OBJC_IMPLEMENTATIONS = YES;
				CLANG_WARN_DIRECT_OBJC_ISA_USAGE = YES_ERROR;
				CLANG_WARN_DOCUMENTATION_COMMENTS = YES;
				CLANG_WARN_EMPTY_BODY = YES;
				CLANG_WARN_ENUM_CONVERSION = YES;
				CLANG_WARN_INFINITE_RECURSION = YES;
				CLANG_WARN_INT_CONVERSION = YES;
				CLANG_WARN_NON_LITERAL_NULL_CONVERSION = YES;
				CLANG_WARN_OBJC_IMPLICIT_RETAIN_SELF = YES;
				CLANG_WARN_OBJC_LITERAL_CONVERSION = YES;
				CLANG_WARN_OBJC_ROOT_CLASS = YES_ERROR;
				CLANG_WARN_RANGE_LOOP_ANALYSIS = YES;
				CLANG_WARN_STRICT_PROTOTYPES = YES;
				CLANG_WARN_SUSPICIOUS_MOVE = YES;
				CLANG_WARN_UNGUARDED_AVAILABILITY = YES_AGGRESSIVE;
				CLANG_WARN_UNREACHABLE_CODE = YES;
				CLANG_WARN__DUPLICATE_METHOD_MATCH = YES;
				CODE_SIGN_IDENTITY = "iPhone Developer";
				COPY_PHASE_STRIP = NO;
				DEBUG_INFORMATION_FORMAT = "dwarf-with-dsym";
				ENABLE_NS_ASSERTIONS = NO;
				ENABLE_STRICT_OBJC_MSGSEND = YES;
				GCC_C_LANGUAGE_STANDARD = gnu11;
				GCC_NO_COMMON_BLOCKS = YES;
				GCC_WARN_64_TO_32_BIT_CONVERSION = YES;
				GCC_WARN_ABOUT_RETURN_TYPE = YES_ERROR;
				GCC_WARN_UNDECLARED_SELECTOR = YES;
				GCC_WARN_UNINITIALIZED_AUTOS = YES_AGGRESSIVE;
				GCC_WARN_UNUSED_FUNCTION = YES;
				GCC_WARN_UNUSED_VARIABLE = YES;
				IPHONEOS_DEPLOYMENT_TARGET = 12.1;
				MTL_ENABLE_DEBUG_INFO = NO;
				MTL_FAST_MATH = YES;
				SDKROOT = iphoneos;
				SWIFT_COMPILATION_MODE = wholemodule;
				SWIFT_OPTIMIZATION_LEVEL = "-O";
				VALIDATE_PRODUCT = YES;
			};
			name = Release;
		};
		E879C1DC22421013006904A5 /* Debug */ = {
			isa = XCBuildConfiguration;
			buildSettings = {
				ASSETCATALOG_COMPILER_APPICON_NAME = AppIcon;
				CODE_SIGN_STYLE = Automatic;
				DEVELOPMENT_TEAM = 45JU735M24;
				INFOPLIST_FILE = YYxProvingGround/Info.plist;
				LD_RUNPATH_SEARCH_PATHS = (
					"$(inherited)",
					"@executable_path/Frameworks",
				);
				PRODUCT_BUNDLE_IDENTIFIER = yyx.YYxProvingGround;
				PRODUCT_NAME = "$(TARGET_NAME)";
				SWIFT_VERSION = 4.2;
				TARGETED_DEVICE_FAMILY = "1,2";
			};
			name = Debug;
		};
		E879C1DD22421013006904A5 /* Release */ = {
			isa = XCBuildConfiguration;
			buildSettings = {
				ASSETCATALOG_COMPILER_APPICON_NAME = AppIcon;
				CODE_SIGN_STYLE = Automatic;
				DEVELOPMENT_TEAM = 45JU735M24;
				INFOPLIST_FILE = YYxProvingGround/Info.plist;
				LD_RUNPATH_SEARCH_PATHS = (
					"$(inherited)",
					"@executable_path/Frameworks",
				);
				PRODUCT_BUNDLE_IDENTIFIER = yyx.YYxProvingGround;
				PRODUCT_NAME = "$(TARGET_NAME)";
				SWIFT_VERSION = 4.2;
				TARGETED_DEVICE_FAMILY = "1,2";
			};
			name = Release;
		};
		E879C1DF22421013006904A5 /* Debug */ = {
			isa = XCBuildConfiguration;
			buildSettings = {
				ALWAYS_EMBED_SWIFT_STANDARD_LIBRARIES = YES;
				BUNDLE_LOADER = "$(TEST_HOST)";
				CODE_SIGN_STYLE = Automatic;
				DEVELOPMENT_TEAM = 45JU735M24;
				INFOPLIST_FILE = YYxProvingGroundTests/Info.plist;
				LD_RUNPATH_SEARCH_PATHS = (
					"$(inherited)",
					"@executable_path/Frameworks",
					"@loader_path/Frameworks",
				);
				PRODUCT_BUNDLE_IDENTIFIER = yyx.YYxProvingGroundTests;
				PRODUCT_NAME = "$(TARGET_NAME)";
				SWIFT_VERSION = 4.2;
				TARGETED_DEVICE_FAMILY = "1,2";
				TEST_HOST = "$(BUILT_PRODUCTS_DIR)/YYxProvingGround.app/YYxProvingGround";
			};
			name = Debug;
		};
		E879C1E022421013006904A5 /* Release */ = {
			isa = XCBuildConfiguration;
			buildSettings = {
				ALWAYS_EMBED_SWIFT_STANDARD_LIBRARIES = YES;
				BUNDLE_LOADER = "$(TEST_HOST)";
				CODE_SIGN_STYLE = Automatic;
				DEVELOPMENT_TEAM = 45JU735M24;
				INFOPLIST_FILE = YYxProvingGroundTests/Info.plist;
				LD_RUNPATH_SEARCH_PATHS = (
					"$(inherited)",
					"@executable_path/Frameworks",
					"@loader_path/Frameworks",
				);
				PRODUCT_BUNDLE_IDENTIFIER = yyx.YYxProvingGroundTests;
				PRODUCT_NAME = "$(TARGET_NAME)";
				SWIFT_VERSION = 4.2;
				TARGETED_DEVICE_FAMILY = "1,2";
				TEST_HOST = "$(BUILT_PRODUCTS_DIR)/YYxProvingGround.app/YYxProvingGround";
			};
			name = Release;
		};
		E879C1E222421013006904A5 /* Debug */ = {
			isa = XCBuildConfiguration;
			buildSettings = {
				ALWAYS_EMBED_SWIFT_STANDARD_LIBRARIES = YES;
				CODE_SIGN_STYLE = Automatic;
				DEVELOPMENT_TEAM = 45JU735M24;
				INFOPLIST_FILE = YYxProvingGroundUITests/Info.plist;
				LD_RUNPATH_SEARCH_PATHS = (
					"$(inherited)",
					"@executable_path/Frameworks",
					"@loader_path/Frameworks",
				);
				PRODUCT_BUNDLE_IDENTIFIER = yyx.YYxProvingGroundUITests;
				PRODUCT_NAME = "$(TARGET_NAME)";
				SWIFT_VERSION = 4.2;
				TARGETED_DEVICE_FAMILY = "1,2";
				TEST_TARGET_NAME = YYxProvingGround;
			};
			name = Debug;
		};
		E879C1E322421013006904A5 /* Release */ = {
			isa = XCBuildConfiguration;
			buildSettings = {
				ALWAYS_EMBED_SWIFT_STANDARD_LIBRARIES = YES;
				CODE_SIGN_STYLE = Automatic;
				DEVELOPMENT_TEAM = 45JU735M24;
				INFOPLIST_FILE = YYxProvingGroundUITests/Info.plist;
				LD_RUNPATH_SEARCH_PATHS = (
					"$(inherited)",
					"@executable_path/Frameworks",
					"@loader_path/Frameworks",
				);
				PRODUCT_BUNDLE_IDENTIFIER = yyx.YYxProvingGroundUITests;
				PRODUCT_NAME = "$(TARGET_NAME)";
				SWIFT_VERSION = 4.2;
				TARGETED_DEVICE_FAMILY = "1,2";
				TEST_TARGET_NAME = YYxProvingGround;
			};
			name = Release;
		};
/* End XCBuildConfiguration section */

/* Begin XCConfigurationList section */
		E879C1AB22421012006904A5 /* Build configuration list for PBXProject "YYxProvingGround" */ = {
			isa = XCConfigurationList;
			buildConfigurations = (
				E879C1D922421013006904A5 /* Debug */,
				E879C1DA22421013006904A5 /* Release */,
			);
			defaultConfigurationIsVisible = 0;
			defaultConfigurationName = Release;
		};
		E879C1DB22421013006904A5 /* Build configuration list for PBXNativeTarget "YYxProvingGround" */ = {
			isa = XCConfigurationList;
			buildConfigurations = (
				E879C1DC22421013006904A5 /* Debug */,
				E879C1DD22421013006904A5 /* Release */,
			);
			defaultConfigurationIsVisible = 0;
			defaultConfigurationName = Release;
		};
		E879C1DE22421013006904A5 /* Build configuration list for PBXNativeTarget "YYxProvingGroundTests" */ = {
			isa = XCConfigurationList;
			buildConfigurations = (
				E879C1DF22421013006904A5 /* Debug */,
				E879C1E022421013006904A5 /* Release */,
			);
			defaultConfigurationIsVisible = 0;
			defaultConfigurationName = Release;
		};
		E879C1E122421013006904A5 /* Build configuration list for PBXNativeTarget "YYxProvingGroundUITests" */ = {
			isa = XCConfigurationList;
			buildConfigurations = (
				E879C1E222421013006904A5 /* Debug */,
				E879C1E322421013006904A5 /* Release */,
			);
			defaultConfigurationIsVisible = 0;
			defaultConfigurationName = Release;
		};
/* End XCConfigurationList section */

/* Begin XCVersionGroup section */
		E879C1BA22421012006904A5 /* YYxProvingGround.xcdatamodeld */ = {
			isa = XCVersionGroup;
			children = (
				E879C1BB22421012006904A5 /* YYxProvingGround.xcdatamodel */,
			);
			currentVersion = E879C1BB22421012006904A5 /* YYxProvingGround.xcdatamodel */;
			path = YYxProvingGround.xcdatamodeld;
			sourceTree = "<group>";
			versionGroupType = wrapper.xcdatamodel;
		};
/* End XCVersionGroup section */
	};
	rootObject = E879C1A822421012006904A5 /* Project object */;
}
