// !$*UTF8*$!
{
	archiveVersion = 1;
	classes = {
	};
	objectVersion = 50;
	objects = {

/* Begin PBXBuildFile section */
		E82CD26C2244B2FB00DB457F /* constant.swift in Sources */ = {isa = PBXBuildFile; fileRef = E82CD2302244B2FB00DB457F /* constant.swift */; };
		E82CD26D2244B2FB00DB457F /* constant.swift in Sources */ = {isa = PBXBuildFile; fileRef = E82CD2302244B2FB00DB457F /* constant.swift */; };
		E82CD26E2244B2FB00DB457F /* constant.swift in Sources */ = {isa = PBXBuildFile; fileRef = E82CD2302244B2FB00DB457F /* constant.swift */; };
		E82CD26F2244B2FB00DB457F /* UICollectionView+Extension.swift in Sources */ = {isa = PBXBuildFile; fileRef = E82CD2332244B2FB00DB457F /* UICollectionView+Extension.swift */; };
		E82CD2702244B2FB00DB457F /* UICollectionView+Extension.swift in Sources */ = {isa = PBXBuildFile; fileRef = E82CD2332244B2FB00DB457F /* UICollectionView+Extension.swift */; };
		E82CD2712244B2FB00DB457F /* UICollectionView+Extension.swift in Sources */ = {isa = PBXBuildFile; fileRef = E82CD2332244B2FB00DB457F /* UICollectionView+Extension.swift */; };
		E82CD2722244B2FB00DB457F /* YYxCollectionViewCell.swift in Sources */ = {isa = PBXBuildFile; fileRef = E82CD2362244B2FB00DB457F /* YYxCollectionViewCell.swift */; };
		E82CD2732244B2FB00DB457F /* YYxCollectionViewCell.swift in Sources */ = {isa = PBXBuildFile; fileRef = E82CD2362244B2FB00DB457F /* YYxCollectionViewCell.swift */; };
		E82CD2742244B2FB00DB457F /* YYxCollectionViewCell.swift in Sources */ = {isa = PBXBuildFile; fileRef = E82CD2362244B2FB00DB457F /* YYxCollectionViewCell.swift */; };
		E82CD2752244B2FB00DB457F /* YYxCollectionViewCell.xib in Resources */ = {isa = PBXBuildFile; fileRef = E82CD2372244B2FB00DB457F /* YYxCollectionViewCell.xib */; };
		E82CD2762244B2FB00DB457F /* YYxCollectionViewCell.xib in Resources */ = {isa = PBXBuildFile; fileRef = E82CD2372244B2FB00DB457F /* YYxCollectionViewCell.xib */; };
		E82CD2772244B2FB00DB457F /* YYxCollectionViewCell.xib in Resources */ = {isa = PBXBuildFile; fileRef = E82CD2372244B2FB00DB457F /* YYxCollectionViewCell.xib */; };
		E82CD2782244B2FB00DB457F /* Convert+Date.swift in Sources */ = {isa = PBXBuildFile; fileRef = E82CD2392244B2FB00DB457F /* Convert+Date.swift */; };
		E82CD2792244B2FB00DB457F /* Convert+Date.swift in Sources */ = {isa = PBXBuildFile; fileRef = E82CD2392244B2FB00DB457F /* Convert+Date.swift */; };
		E82CD27A2244B2FB00DB457F /* Convert+Date.swift in Sources */ = {isa = PBXBuildFile; fileRef = E82CD2392244B2FB00DB457F /* Convert+Date.swift */; };
		E82CD27B2244B2FB00DB457F /* DateFormatter+Extension.swift in Sources */ = {isa = PBXBuildFile; fileRef = E82CD23A2244B2FB00DB457F /* DateFormatter+Extension.swift */; };
		E82CD27C2244B2FB00DB457F /* DateFormatter+Extension.swift in Sources */ = {isa = PBXBuildFile; fileRef = E82CD23A2244B2FB00DB457F /* DateFormatter+Extension.swift */; };
		E82CD27D2244B2FB00DB457F /* DateFormatter+Extension.swift in Sources */ = {isa = PBXBuildFile; fileRef = E82CD23A2244B2FB00DB457F /* DateFormatter+Extension.swift */; };
		E82CD27E2244B2FB00DB457F /* Current+Date.swift in Sources */ = {isa = PBXBuildFile; fileRef = E82CD23B2244B2FB00DB457F /* Current+Date.swift */; };
		E82CD27F2244B2FB00DB457F /* Current+Date.swift in Sources */ = {isa = PBXBuildFile; fileRef = E82CD23B2244B2FB00DB457F /* Current+Date.swift */; };
		E82CD2802244B2FC00DB457F /* Current+Date.swift in Sources */ = {isa = PBXBuildFile; fileRef = E82CD23B2244B2FB00DB457F /* Current+Date.swift */; };
		E82CD2812244B2FC00DB457F /* Extension+Date.swift in Sources */ = {isa = PBXBuildFile; fileRef = E82CD23C2244B2FB00DB457F /* Extension+Date.swift */; };
		E82CD2822244B2FC00DB457F /* Extension+Date.swift in Sources */ = {isa = PBXBuildFile; fileRef = E82CD23C2244B2FB00DB457F /* Extension+Date.swift */; };
		E82CD2832244B2FC00DB457F /* Extension+Date.swift in Sources */ = {isa = PBXBuildFile; fileRef = E82CD23C2244B2FB00DB457F /* Extension+Date.swift */; };
		E82CD2842244B2FC00DB457F /* Extension+NSPredicate.swift in Sources */ = {isa = PBXBuildFile; fileRef = E82CD23D2244B2FB00DB457F /* Extension+NSPredicate.swift */; };
		E82CD2852244B2FC00DB457F /* Extension+NSPredicate.swift in Sources */ = {isa = PBXBuildFile; fileRef = E82CD23D2244B2FB00DB457F /* Extension+NSPredicate.swift */; };
		E82CD2862244B2FC00DB457F /* Extension+NSPredicate.swift in Sources */ = {isa = PBXBuildFile; fileRef = E82CD23D2244B2FB00DB457F /* Extension+NSPredicate.swift */; };
		E82CD2872244B2FC00DB457F /* FileManager+Extension.swift in Sources */ = {isa = PBXBuildFile; fileRef = E82CD23E2244B2FB00DB457F /* FileManager+Extension.swift */; };
		E82CD2882244B2FC00DB457F /* FileManager+Extension.swift in Sources */ = {isa = PBXBuildFile; fileRef = E82CD23E2244B2FB00DB457F /* FileManager+Extension.swift */; };
		E82CD2892244B2FC00DB457F /* FileManager+Extension.swift in Sources */ = {isa = PBXBuildFile; fileRef = E82CD23E2244B2FB00DB457F /* FileManager+Extension.swift */; };
		E82CD28A2244B2FC00DB457F /* YYxInfo.txt in Resources */ = {isa = PBXBuildFile; fileRef = E82CD23F2244B2FB00DB457F /* YYxInfo.txt */; };
		E82CD28B2244B2FC00DB457F /* YYxInfo.txt in Resources */ = {isa = PBXBuildFile; fileRef = E82CD23F2244B2FB00DB457F /* YYxInfo.txt */; };
		E82CD28C2244B2FC00DB457F /* YYxInfo.txt in Resources */ = {isa = PBXBuildFile; fileRef = E82CD23F2244B2FB00DB457F /* YYxInfo.txt */; };
		E82CD28D2244B2FC00DB457F /* CategoryCell.swift in Sources */ = {isa = PBXBuildFile; fileRef = E82CD2412244B2FB00DB457F /* CategoryCell.swift */; };
		E82CD28E2244B2FC00DB457F /* CategoryCell.swift in Sources */ = {isa = PBXBuildFile; fileRef = E82CD2412244B2FB00DB457F /* CategoryCell.swift */; };
		E82CD28F2244B2FC00DB457F /* CategoryCell.swift in Sources */ = {isa = PBXBuildFile; fileRef = E82CD2412244B2FB00DB457F /* CategoryCell.swift */; };
		E82CD2902244B2FC00DB457F /* HorizontalSlider.swift in Sources */ = {isa = PBXBuildFile; fileRef = E82CD2422244B2FB00DB457F /* HorizontalSlider.swift */; };
		E82CD2912244B2FC00DB457F /* HorizontalSlider.swift in Sources */ = {isa = PBXBuildFile; fileRef = E82CD2422244B2FB00DB457F /* HorizontalSlider.swift */; };
		E82CD2922244B2FC00DB457F /* HorizontalSlider.swift in Sources */ = {isa = PBXBuildFile; fileRef = E82CD2422244B2FB00DB457F /* HorizontalSlider.swift */; };
		E82CD2932244B2FC00DB457F /* JsonDIctonaryExample.json in Resources */ = {isa = PBXBuildFile; fileRef = E82CD2442244B2FB00DB457F /* JsonDIctonaryExample.json */; };
		E82CD2942244B2FC00DB457F /* JsonDIctonaryExample.json in Resources */ = {isa = PBXBuildFile; fileRef = E82CD2442244B2FB00DB457F /* JsonDIctonaryExample.json */; };
		E82CD2952244B2FC00DB457F /* JsonDIctonaryExample.json in Resources */ = {isa = PBXBuildFile; fileRef = E82CD2442244B2FB00DB457F /* JsonDIctonaryExample.json */; };
		E82CD2962244B2FC00DB457F /* JsonArrayExample.json in Resources */ = {isa = PBXBuildFile; fileRef = E82CD2452244B2FB00DB457F /* JsonArrayExample.json */; };
		E82CD2972244B2FC00DB457F /* JsonArrayExample.json in Resources */ = {isa = PBXBuildFile; fileRef = E82CD2452244B2FB00DB457F /* JsonArrayExample.json */; };
		E82CD2982244B2FC00DB457F /* JsonArrayExample.json in Resources */ = {isa = PBXBuildFile; fileRef = E82CD2452244B2FB00DB457F /* JsonArrayExample.json */; };
		E82CD2992244B2FC00DB457F /* ExampleFileNames.swift in Sources */ = {isa = PBXBuildFile; fileRef = E82CD2462244B2FB00DB457F /* ExampleFileNames.swift */; };
		E82CD29A2244B2FC00DB457F /* ExampleFileNames.swift in Sources */ = {isa = PBXBuildFile; fileRef = E82CD2462244B2FB00DB457F /* ExampleFileNames.swift */; };
		E82CD29B2244B2FC00DB457F /* ExampleFileNames.swift in Sources */ = {isa = PBXBuildFile; fileRef = E82CD2462244B2FB00DB457F /* ExampleFileNames.swift */; };
		E82CD29C2244B2FC00DB457F /* ToolBoxManager.swift in Sources */ = {isa = PBXBuildFile; fileRef = E82CD2482244B2FB00DB457F /* ToolBoxManager.swift */; };
		E82CD29D2244B2FC00DB457F /* ToolBoxManager.swift in Sources */ = {isa = PBXBuildFile; fileRef = E82CD2482244B2FB00DB457F /* ToolBoxManager.swift */; };
		E82CD29E2244B2FC00DB457F /* ToolBoxManager.swift in Sources */ = {isa = PBXBuildFile; fileRef = E82CD2482244B2FB00DB457F /* ToolBoxManager.swift */; };
		E82CD29F2244B2FC00DB457F /* ToolBoxViewController.swift in Sources */ = {isa = PBXBuildFile; fileRef = E82CD2492244B2FB00DB457F /* ToolBoxViewController.swift */; };
		E82CD2A02244B2FC00DB457F /* ToolBoxViewController.swift in Sources */ = {isa = PBXBuildFile; fileRef = E82CD2492244B2FB00DB457F /* ToolBoxViewController.swift */; };
		E82CD2A12244B2FC00DB457F /* ToolBoxViewController.swift in Sources */ = {isa = PBXBuildFile; fileRef = E82CD2492244B2FB00DB457F /* ToolBoxViewController.swift */; };
		E82CD2A22244B2FC00DB457F /* StaticTableViewController.swift in Sources */ = {isa = PBXBuildFile; fileRef = E82CD24A2244B2FB00DB457F /* StaticTableViewController.swift */; };
		E82CD2A32244B2FC00DB457F /* StaticTableViewController.swift in Sources */ = {isa = PBXBuildFile; fileRef = E82CD24A2244B2FB00DB457F /* StaticTableViewController.swift */; };
		E82CD2A42244B2FC00DB457F /* StaticTableViewController.swift in Sources */ = {isa = PBXBuildFile; fileRef = E82CD24A2244B2FB00DB457F /* StaticTableViewController.swift */; };
		E82CD2A52244B2FC00DB457F /* ToolBox.storyboard in Resources */ = {isa = PBXBuildFile; fileRef = E82CD24B2244B2FB00DB457F /* ToolBox.storyboard */; };
		E82CD2A62244B2FC00DB457F /* ToolBox.storyboard in Resources */ = {isa = PBXBuildFile; fileRef = E82CD24B2244B2FB00DB457F /* ToolBox.storyboard */; };
		E82CD2A72244B2FC00DB457F /* ToolBox.storyboard in Resources */ = {isa = PBXBuildFile; fileRef = E82CD24B2244B2FB00DB457F /* ToolBox.storyboard */; };
		E82CD2A82244B2FC00DB457F /* Extension+UIViewController.swift in Sources */ = {isa = PBXBuildFile; fileRef = E82CD24D2244B2FB00DB457F /* Extension+UIViewController.swift */; };
		E82CD2A92244B2FC00DB457F /* Extension+UIViewController.swift in Sources */ = {isa = PBXBuildFile; fileRef = E82CD24D2244B2FB00DB457F /* Extension+UIViewController.swift */; };
		E82CD2AA2244B2FC00DB457F /* Extension+UIViewController.swift in Sources */ = {isa = PBXBuildFile; fileRef = E82CD24D2244B2FB00DB457F /* Extension+UIViewController.swift */; };
		E82CD2AB2244B2FC00DB457F /* URLSession+UIViewController.swift in Sources */ = {isa = PBXBuildFile; fileRef = E82CD24E2244B2FB00DB457F /* URLSession+UIViewController.swift */; };
		E82CD2AC2244B2FC00DB457F /* URLSession+UIViewController.swift in Sources */ = {isa = PBXBuildFile; fileRef = E82CD24E2244B2FB00DB457F /* URLSession+UIViewController.swift */; };
		E82CD2AD2244B2FC00DB457F /* URLSession+UIViewController.swift in Sources */ = {isa = PBXBuildFile; fileRef = E82CD24E2244B2FB00DB457F /* URLSession+UIViewController.swift */; };
		E82CD2AE2244B2FC00DB457F /* Photo+UIViewController.swift in Sources */ = {isa = PBXBuildFile; fileRef = E82CD24F2244B2FB00DB457F /* Photo+UIViewController.swift */; };
		E82CD2AF2244B2FC00DB457F /* Photo+UIViewController.swift in Sources */ = {isa = PBXBuildFile; fileRef = E82CD24F2244B2FB00DB457F /* Photo+UIViewController.swift */; };
		E82CD2B02244B2FC00DB457F /* Photo+UIViewController.swift in Sources */ = {isa = PBXBuildFile; fileRef = E82CD24F2244B2FB00DB457F /* Photo+UIViewController.swift */; };
		E82CD2B12244B2FC00DB457F /* Alert+UIViewController.swift in Sources */ = {isa = PBXBuildFile; fileRef = E82CD2502244B2FB00DB457F /* Alert+UIViewController.swift */; };
		E82CD2B22244B2FC00DB457F /* Alert+UIViewController.swift in Sources */ = {isa = PBXBuildFile; fileRef = E82CD2502244B2FB00DB457F /* Alert+UIViewController.swift */; };
		E82CD2B32244B2FC00DB457F /* Alert+UIViewController.swift in Sources */ = {isa = PBXBuildFile; fileRef = E82CD2502244B2FB00DB457F /* Alert+UIViewController.swift */; };
		E82CD2B42244B2FC00DB457F /* YYxErrorHandler.swift in Sources */ = {isa = PBXBuildFile; fileRef = E82CD2512244B2FB00DB457F /* YYxErrorHandler.swift */; };
		E82CD2B52244B2FC00DB457F /* YYxErrorHandler.swift in Sources */ = {isa = PBXBuildFile; fileRef = E82CD2512244B2FB00DB457F /* YYxErrorHandler.swift */; };
		E82CD2B62244B2FC00DB457F /* YYxErrorHandler.swift in Sources */ = {isa = PBXBuildFile; fileRef = E82CD2512244B2FB00DB457F /* YYxErrorHandler.swift */; };
		E82CD2B72244B2FC00DB457F /* UIColor+Extension.swift in Sources */ = {isa = PBXBuildFile; fileRef = E82CD2532244B2FB00DB457F /* UIColor+Extension.swift */; };
		E82CD2B82244B2FC00DB457F /* UIColor+Extension.swift in Sources */ = {isa = PBXBuildFile; fileRef = E82CD2532244B2FB00DB457F /* UIColor+Extension.swift */; };
		E82CD2B92244B2FC00DB457F /* UIColor+Extension.swift in Sources */ = {isa = PBXBuildFile; fileRef = E82CD2532244B2FB00DB457F /* UIColor+Extension.swift */; };
		E82CD2BA2244B2FC00DB457F /* TintView.swift in Sources */ = {isa = PBXBuildFile; fileRef = E82CD2552244B2FB00DB457F /* TintView.swift */; };
		E82CD2BB2244B2FC00DB457F /* TintView.swift in Sources */ = {isa = PBXBuildFile; fileRef = E82CD2552244B2FB00DB457F /* TintView.swift */; };
		E82CD2BC2244B2FC00DB457F /* TintView.swift in Sources */ = {isa = PBXBuildFile; fileRef = E82CD2552244B2FB00DB457F /* TintView.swift */; };
		E82CD2BD2244B2FC00DB457F /* TintView.xib in Resources */ = {isa = PBXBuildFile; fileRef = E82CD2562244B2FB00DB457F /* TintView.xib */; };
		E82CD2BE2244B2FC00DB457F /* TintView.xib in Resources */ = {isa = PBXBuildFile; fileRef = E82CD2562244B2FB00DB457F /* TintView.xib */; };
		E82CD2BF2244B2FC00DB457F /* TintView.xib in Resources */ = {isa = PBXBuildFile; fileRef = E82CD2562244B2FB00DB457F /* TintView.xib */; };
		E82CD2C02244B2FC00DB457F /* UILabel+Extension.swift in Sources */ = {isa = PBXBuildFile; fileRef = E82CD2572244B2FB00DB457F /* UILabel+Extension.swift */; };
		E82CD2C12244B2FC00DB457F /* UILabel+Extension.swift in Sources */ = {isa = PBXBuildFile; fileRef = E82CD2572244B2FB00DB457F /* UILabel+Extension.swift */; };
		E82CD2C22244B2FC00DB457F /* UILabel+Extension.swift in Sources */ = {isa = PBXBuildFile; fileRef = E82CD2572244B2FB00DB457F /* UILabel+Extension.swift */; };
		E82CD2C32244B2FC00DB457F /* UIButton+Extension.swift in Sources */ = {isa = PBXBuildFile; fileRef = E82CD2582244B2FB00DB457F /* UIButton+Extension.swift */; };
		E82CD2C42244B2FC00DB457F /* UIButton+Extension.swift in Sources */ = {isa = PBXBuildFile; fileRef = E82CD2582244B2FB00DB457F /* UIButton+Extension.swift */; };
		E82CD2C52244B2FC00DB457F /* UIButton+Extension.swift in Sources */ = {isa = PBXBuildFile; fileRef = E82CD2582244B2FB00DB457F /* UIButton+Extension.swift */; };
		E82CD2C62244B2FC00DB457F /* Extension+UINavigationController.swift in Sources */ = {isa = PBXBuildFile; fileRef = E82CD2592244B2FB00DB457F /* Extension+UINavigationController.swift */; };
		E82CD2C72244B2FC00DB457F /* Extension+UINavigationController.swift in Sources */ = {isa = PBXBuildFile; fileRef = E82CD2592244B2FB00DB457F /* Extension+UINavigationController.swift */; };
		E82CD2C82244B2FC00DB457F /* Extension+UINavigationController.swift in Sources */ = {isa = PBXBuildFile; fileRef = E82CD2592244B2FB00DB457F /* Extension+UINavigationController.swift */; };
		E82CD2C92244B2FC00DB457F /* Extension+UITableView.swift in Sources */ = {isa = PBXBuildFile; fileRef = E82CD25A2244B2FB00DB457F /* Extension+UITableView.swift */; };
		E82CD2CA2244B2FC00DB457F /* Extension+UITableView.swift in Sources */ = {isa = PBXBuildFile; fileRef = E82CD25A2244B2FB00DB457F /* Extension+UITableView.swift */; };
		E82CD2CB2244B2FC00DB457F /* Extension+UITableView.swift in Sources */ = {isa = PBXBuildFile; fileRef = E82CD25A2244B2FB00DB457F /* Extension+UITableView.swift */; };
		E82CD2CC2244B2FC00DB457F /* Extension+UITextField.swift in Sources */ = {isa = PBXBuildFile; fileRef = E82CD25B2244B2FB00DB457F /* Extension+UITextField.swift */; };
		E82CD2CD2244B2FC00DB457F /* Extension+UITextField.swift in Sources */ = {isa = PBXBuildFile; fileRef = E82CD25B2244B2FB00DB457F /* Extension+UITextField.swift */; };
		E82CD2CE2244B2FC00DB457F /* Extension+UITextField.swift in Sources */ = {isa = PBXBuildFile; fileRef = E82CD25B2244B2FB00DB457F /* Extension+UITextField.swift */; };
		E82CD2CF2244B2FC00DB457F /* UITableViewCell+Extension.swift in Sources */ = {isa = PBXBuildFile; fileRef = E82CD25C2244B2FB00DB457F /* UITableViewCell+Extension.swift */; };
		E82CD2D02244B2FC00DB457F /* UITableViewCell+Extension.swift in Sources */ = {isa = PBXBuildFile; fileRef = E82CD25C2244B2FB00DB457F /* UITableViewCell+Extension.swift */; };
		E82CD2D12244B2FC00DB457F /* UITableViewCell+Extension.swift in Sources */ = {isa = PBXBuildFile; fileRef = E82CD25C2244B2FB00DB457F /* UITableViewCell+Extension.swift */; };
		E82CD2D22244B2FC00DB457F /* Extension+UIView.swift in Sources */ = {isa = PBXBuildFile; fileRef = E82CD25E2244B2FB00DB457F /* Extension+UIView.swift */; };
		E82CD2D32244B2FC00DB457F /* Extension+UIView.swift in Sources */ = {isa = PBXBuildFile; fileRef = E82CD25E2244B2FB00DB457F /* Extension+UIView.swift */; };
		E82CD2D42244B2FC00DB457F /* Extension+UIView.swift in Sources */ = {isa = PBXBuildFile; fileRef = E82CD25E2244B2FB00DB457F /* Extension+UIView.swift */; };
		E82CD2D52244B2FC00DB457F /* Animation+UIView.swift in Sources */ = {isa = PBXBuildFile; fileRef = E82CD25F2244B2FB00DB457F /* Animation+UIView.swift */; };
		E82CD2D62244B2FC00DB457F /* Animation+UIView.swift in Sources */ = {isa = PBXBuildFile; fileRef = E82CD25F2244B2FB00DB457F /* Animation+UIView.swift */; };
		E82CD2D72244B2FC00DB457F /* Animation+UIView.swift in Sources */ = {isa = PBXBuildFile; fileRef = E82CD25F2244B2FB00DB457F /* Animation+UIView.swift */; };
		E82CD2D82244B2FC00DB457F /* Constraint+UIView.swift in Sources */ = {isa = PBXBuildFile; fileRef = E82CD2602244B2FB00DB457F /* Constraint+UIView.swift */; };
		E82CD2D92244B2FC00DB457F /* Constraint+UIView.swift in Sources */ = {isa = PBXBuildFile; fileRef = E82CD2602244B2FB00DB457F /* Constraint+UIView.swift */; };
		E82CD2DA2244B2FC00DB457F /* Constraint+UIView.swift in Sources */ = {isa = PBXBuildFile; fileRef = E82CD2602244B2FB00DB457F /* Constraint+UIView.swift */; };
		E82CD2DB2244B2FC00DB457F /* UINib+Extension.swift in Sources */ = {isa = PBXBuildFile; fileRef = E82CD2612244B2FB00DB457F /* UINib+Extension.swift */; };
		E82CD2DC2244B2FC00DB457F /* UINib+Extension.swift in Sources */ = {isa = PBXBuildFile; fileRef = E82CD2612244B2FB00DB457F /* UINib+Extension.swift */; };
		E82CD2DD2244B2FC00DB457F /* UINib+Extension.swift in Sources */ = {isa = PBXBuildFile; fileRef = E82CD2612244B2FB00DB457F /* UINib+Extension.swift */; };
		E82CD2DE2244B2FC00DB457F /* AppDelegate+Extension.swift in Sources */ = {isa = PBXBuildFile; fileRef = E82CD2622244B2FB00DB457F /* AppDelegate+Extension.swift */; };
		E82CD2DF2244B2FC00DB457F /* AppDelegate+Extension.swift in Sources */ = {isa = PBXBuildFile; fileRef = E82CD2622244B2FB00DB457F /* AppDelegate+Extension.swift */; };
		E82CD2E02244B2FC00DB457F /* AppDelegate+Extension.swift in Sources */ = {isa = PBXBuildFile; fileRef = E82CD2622244B2FB00DB457F /* AppDelegate+Extension.swift */; };
		E82CD2E12244B2FC00DB457F /* Data+Convert.swift in Sources */ = {isa = PBXBuildFile; fileRef = E82CD2642244B2FB00DB457F /* Data+Convert.swift */; };
		E82CD2E22244B2FC00DB457F /* Data+Convert.swift in Sources */ = {isa = PBXBuildFile; fileRef = E82CD2642244B2FB00DB457F /* Data+Convert.swift */; };
		E82CD2E32244B2FC00DB457F /* Data+Convert.swift in Sources */ = {isa = PBXBuildFile; fileRef = E82CD2642244B2FB00DB457F /* Data+Convert.swift */; };
		E82CD2E42244B2FC00DB457F /* Int+Extension.swift in Sources */ = {isa = PBXBuildFile; fileRef = E82CD2652244B2FB00DB457F /* Int+Extension.swift */; };
		E82CD2E52244B2FC00DB457F /* Int+Extension.swift in Sources */ = {isa = PBXBuildFile; fileRef = E82CD2652244B2FB00DB457F /* Int+Extension.swift */; };
		E82CD2E62244B2FC00DB457F /* Int+Extension.swift in Sources */ = {isa = PBXBuildFile; fileRef = E82CD2652244B2FB00DB457F /* Int+Extension.swift */; };
		E82CD2E72244B2FC00DB457F /* Double+Extension.swift in Sources */ = {isa = PBXBuildFile; fileRef = E82CD2662244B2FB00DB457F /* Double+Extension.swift */; };
		E82CD2E82244B2FC00DB457F /* Double+Extension.swift in Sources */ = {isa = PBXBuildFile; fileRef = E82CD2662244B2FB00DB457F /* Double+Extension.swift */; };
		E82CD2E92244B2FC00DB457F /* Double+Extension.swift in Sources */ = {isa = PBXBuildFile; fileRef = E82CD2662244B2FB00DB457F /* Double+Extension.swift */; };
		E82CD2EA2244B2FC00DB457F /* String+Extension.swift in Sources */ = {isa = PBXBuildFile; fileRef = E82CD2672244B2FB00DB457F /* String+Extension.swift */; };
		E82CD2EB2244B2FC00DB457F /* String+Extension.swift in Sources */ = {isa = PBXBuildFile; fileRef = E82CD2672244B2FB00DB457F /* String+Extension.swift */; };
		E82CD2EC2244B2FC00DB457F /* String+Extension.swift in Sources */ = {isa = PBXBuildFile; fileRef = E82CD2672244B2FB00DB457F /* String+Extension.swift */; };
		E82CD2ED2244B2FC00DB457F /* Bool+Extension.swift in Sources */ = {isa = PBXBuildFile; fileRef = E82CD2682244B2FB00DB457F /* Bool+Extension.swift */; };
		E82CD2EE2244B2FC00DB457F /* Bool+Extension.swift in Sources */ = {isa = PBXBuildFile; fileRef = E82CD2682244B2FB00DB457F /* Bool+Extension.swift */; };
		E82CD2EF2244B2FC00DB457F /* Bool+Extension.swift in Sources */ = {isa = PBXBuildFile; fileRef = E82CD2682244B2FB00DB457F /* Bool+Extension.swift */; };
		E82CD2F02244B2FC00DB457F /* numeric.swift in Sources */ = {isa = PBXBuildFile; fileRef = E82CD2692244B2FB00DB457F /* numeric.swift */; };
		E82CD2F12244B2FC00DB457F /* numeric.swift in Sources */ = {isa = PBXBuildFile; fileRef = E82CD2692244B2FB00DB457F /* numeric.swift */; };
		E82CD2F22244B2FC00DB457F /* numeric.swift in Sources */ = {isa = PBXBuildFile; fileRef = E82CD2692244B2FB00DB457F /* numeric.swift */; };
		E82CD2F32244B2FC00DB457F /* CGFloat+Extension.swift in Sources */ = {isa = PBXBuildFile; fileRef = E82CD26A2244B2FB00DB457F /* CGFloat+Extension.swift */; };
		E82CD2F42244B2FC00DB457F /* CGFloat+Extension.swift in Sources */ = {isa = PBXBuildFile; fileRef = E82CD26A2244B2FB00DB457F /* CGFloat+Extension.swift */; };
		E82CD2F52244B2FC00DB457F /* CGFloat+Extension.swift in Sources */ = {isa = PBXBuildFile; fileRef = E82CD26A2244B2FB00DB457F /* CGFloat+Extension.swift */; };
		E82CD2F62244B2FC00DB457F /* Array+Extension.swift in Sources */ = {isa = PBXBuildFile; fileRef = E82CD26B2244B2FB00DB457F /* Array+Extension.swift */; };
		E82CD2F72244B2FC00DB457F /* Array+Extension.swift in Sources */ = {isa = PBXBuildFile; fileRef = E82CD26B2244B2FB00DB457F /* Array+Extension.swift */; };
		E82CD2F82244B2FC00DB457F /* Array+Extension.swift in Sources */ = {isa = PBXBuildFile; fileRef = E82CD26B2244B2FB00DB457F /* Array+Extension.swift */; };
		E879C1B422421012006904A5 /* AppDelegate.swift in Sources */ = {isa = PBXBuildFile; fileRef = E879C1B322421012006904A5 /* AppDelegate.swift */; };
		E879C1B622421012006904A5 /* ViewController.swift in Sources */ = {isa = PBXBuildFile; fileRef = E879C1B522421012006904A5 /* ViewController.swift */; };
		E879C1B922421012006904A5 /* Main.storyboard in Resources */ = {isa = PBXBuildFile; fileRef = E879C1B722421012006904A5 /* Main.storyboard */; };
		E879C1BC22421012006904A5 /* YYxProvingGround.xcdatamodeld in Sources */ = {isa = PBXBuildFile; fileRef = E879C1BA22421012006904A5 /* YYxProvingGround.xcdatamodeld */; };
		E879C1BE22421013006904A5 /* Assets.xcassets in Resources */ = {isa = PBXBuildFile; fileRef = E879C1BD22421013006904A5 /* Assets.xcassets */; };
		E879C1C122421013006904A5 /* LaunchScreen.storyboard in Resources */ = {isa = PBXBuildFile; fileRef = E879C1BF22421013006904A5 /* LaunchScreen.storyboard */; };
		E879C1CC22421013006904A5 /* YYxProvingGroundTests.swift in Sources */ = {isa = PBXBuildFile; fileRef = E879C1CB22421013006904A5 /* YYxProvingGroundTests.swift */; };
		E879C1D722421013006904A5 /* YYxProvingGroundUITests.swift in Sources */ = {isa = PBXBuildFile; fileRef = E879C1D622421013006904A5 /* YYxProvingGroundUITests.swift */; };
/* End PBXBuildFile section */

/* Begin PBXContainerItemProxy section */
		E879C1C822421013006904A5 /* PBXContainerItemProxy */ = {
			isa = PBXContainerItemProxy;
			containerPortal = E879C1A822421012006904A5 /* Project object */;
			proxyType = 1;
			remoteGlobalIDString = E879C1AF22421012006904A5;
			remoteInfo = YYxProvingGround;
		};
		E879C1D322421013006904A5 /* PBXContainerItemProxy */ = {
			isa = PBXContainerItemProxy;
			containerPortal = E879C1A822421012006904A5 /* Project object */;
			proxyType = 1;
			remoteGlobalIDString = E879C1AF22421012006904A5;
			remoteInfo = YYxProvingGround;
		};
/* End PBXContainerItemProxy section */

/* Begin PBXFileReference section */
		E82CD2302244B2FB00DB457F /* constant.swift */ = {isa = PBXFileReference; fileEncoding = 4; lastKnownFileType = sourcecode.swift; path = constant.swift; sourceTree = "<group>"; };
		E82CD2332244B2FB00DB457F /* UICollectionView+Extension.swift */ = {isa = PBXFileReference; fileEncoding = 4; lastKnownFileType = sourcecode.swift; path = "UICollectionView+Extension.swift"; sourceTree = "<group>"; };
		E82CD2362244B2FB00DB457F /* YYxCollectionViewCell.swift */ = {isa = PBXFileReference; fileEncoding = 4; lastKnownFileType = sourcecode.swift; path = YYxCollectionViewCell.swift; sourceTree = "<group>"; };
		E82CD2372244B2FB00DB457F /* YYxCollectionViewCell.xib */ = {isa = PBXFileReference; fileEncoding = 4; lastKnownFileType = file.xib; path = YYxCollectionViewCell.xib; sourceTree = "<group>"; };
		E82CD2392244B2FB00DB457F /* Convert+Date.swift */ = {isa = PBXFileReference; fileEncoding = 4; lastKnownFileType = sourcecode.swift; path = "Convert+Date.swift"; sourceTree = "<group>"; };
		E82CD23A2244B2FB00DB457F /* DateFormatter+Extension.swift */ = {isa = PBXFileReference; fileEncoding = 4; lastKnownFileType = sourcecode.swift; path = "DateFormatter+Extension.swift"; sourceTree = "<group>"; };
		E82CD23B2244B2FB00DB457F /* Current+Date.swift */ = {isa = PBXFileReference; fileEncoding = 4; lastKnownFileType = sourcecode.swift; path = "Current+Date.swift"; sourceTree = "<group>"; };
		E82CD23C2244B2FB00DB457F /* Extension+Date.swift */ = {isa = PBXFileReference; fileEncoding = 4; lastKnownFileType = sourcecode.swift; path = "Extension+Date.swift"; sourceTree = "<group>"; };
		E82CD23D2244B2FB00DB457F /* Extension+NSPredicate.swift */ = {isa = PBXFileReference; fileEncoding = 4; lastKnownFileType = sourcecode.swift; path = "Extension+NSPredicate.swift"; sourceTree = "<group>"; };
		E82CD23E2244B2FB00DB457F /* FileManager+Extension.swift */ = {isa = PBXFileReference; fileEncoding = 4; lastKnownFileType = sourcecode.swift; path = "FileManager+Extension.swift"; sourceTree = "<group>"; };
		E82CD23F2244B2FB00DB457F /* YYxInfo.txt */ = {isa = PBXFileReference; fileEncoding = 4; lastKnownFileType = text; path = YYxInfo.txt; sourceTree = "<group>"; };
		E82CD2412244B2FB00DB457F /* CategoryCell.swift */ = {isa = PBXFileReference; fileEncoding = 4; lastKnownFileType = sourcecode.swift; path = CategoryCell.swift; sourceTree = "<group>"; };
		E82CD2422244B2FB00DB457F /* HorizontalSlider.swift */ = {isa = PBXFileReference; fileEncoding = 4; lastKnownFileType = sourcecode.swift; path = HorizontalSlider.swift; sourceTree = "<group>"; };
		E82CD2442244B2FB00DB457F /* JsonDIctonaryExample.json */ = {isa = PBXFileReference; fileEncoding = 4; lastKnownFileType = text.json; path = JsonDIctonaryExample.json; sourceTree = "<group>"; };
		E82CD2452244B2FB00DB457F /* JsonArrayExample.json */ = {isa = PBXFileReference; fileEncoding = 4; lastKnownFileType = text.json; path = JsonArrayExample.json; sourceTree = "<group>"; };
		E82CD2462244B2FB00DB457F /* ExampleFileNames.swift */ = {isa = PBXFileReference; fileEncoding = 4; lastKnownFileType = sourcecode.swift; path = ExampleFileNames.swift; sourceTree = "<group>"; };
		E82CD2482244B2FB00DB457F /* ToolBoxManager.swift */ = {isa = PBXFileReference; fileEncoding = 4; lastKnownFileType = sourcecode.swift; path = ToolBoxManager.swift; sourceTree = "<group>"; };
		E82CD2492244B2FB00DB457F /* ToolBoxViewController.swift */ = {isa = PBXFileReference; fileEncoding = 4; lastKnownFileType = sourcecode.swift; path = ToolBoxViewController.swift; sourceTree = "<group>"; };
		E82CD24A2244B2FB00DB457F /* StaticTableViewController.swift */ = {isa = PBXFileReference; fileEncoding = 4; lastKnownFileType = sourcecode.swift; path = StaticTableViewController.swift; sourceTree = "<group>"; };
		E82CD24B2244B2FB00DB457F /* ToolBox.storyboard */ = {isa = PBXFileReference; fileEncoding = 4; lastKnownFileType = file.storyboard; path = ToolBox.storyboard; sourceTree = "<group>"; };
		E82CD24D2244B2FB00DB457F /* Extension+UIViewController.swift */ = {isa = PBXFileReference; fileEncoding = 4; lastKnownFileType = sourcecode.swift; path = "Extension+UIViewController.swift"; sourceTree = "<group>"; };
		E82CD24E2244B2FB00DB457F /* URLSession+UIViewController.swift */ = {isa = PBXFileReference; fileEncoding = 4; lastKnownFileType = sourcecode.swift; path = "URLSession+UIViewController.swift"; sourceTree = "<group>"; };
		E82CD24F2244B2FB00DB457F /* Photo+UIViewController.swift */ = {isa = PBXFileReference; fileEncoding = 4; lastKnownFileType = sourcecode.swift; path = "Photo+UIViewController.swift"; sourceTree = "<group>"; };
		E82CD2502244B2FB00DB457F /* Alert+UIViewController.swift */ = {isa = PBXFileReference; fileEncoding = 4; lastKnownFileType = sourcecode.swift; path = "Alert+UIViewController.swift"; sourceTree = "<group>"; };
		E82CD2512244B2FB00DB457F /* YYxErrorHandler.swift */ = {isa = PBXFileReference; fileEncoding = 4; lastKnownFileType = sourcecode.swift; path = YYxErrorHandler.swift; sourceTree = "<group>"; };
		E82CD2532244B2FB00DB457F /* UIColor+Extension.swift */ = {isa = PBXFileReference; fileEncoding = 4; lastKnownFileType = sourcecode.swift; path = "UIColor+Extension.swift"; sourceTree = "<group>"; };
		E82CD2552244B2FB00DB457F /* TintView.swift */ = {isa = PBXFileReference; fileEncoding = 4; lastKnownFileType = sourcecode.swift; path = TintView.swift; sourceTree = "<group>"; };
		E82CD2562244B2FB00DB457F /* TintView.xib */ = {isa = PBXFileReference; fileEncoding = 4; lastKnownFileType = file.xib; path = TintView.xib; sourceTree = "<group>"; };
		E82CD2572244B2FB00DB457F /* UILabel+Extension.swift */ = {isa = PBXFileReference; fileEncoding = 4; lastKnownFileType = sourcecode.swift; path = "UILabel+Extension.swift"; sourceTree = "<group>"; };
		E82CD2582244B2FB00DB457F /* UIButton+Extension.swift */ = {isa = PBXFileReference; fileEncoding = 4; lastKnownFileType = sourcecode.swift; path = "UIButton+Extension.swift"; sourceTree = "<group>"; };
		E82CD2592244B2FB00DB457F /* Extension+UINavigationController.swift */ = {isa = PBXFileReference; fileEncoding = 4; lastKnownFileType = sourcecode.swift; path = "Extension+UINavigationController.swift"; sourceTree = "<group>"; };
		E82CD25A2244B2FB00DB457F /* Extension+UITableView.swift */ = {isa = PBXFileReference; fileEncoding = 4; lastKnownFileType = sourcecode.swift; path = "Extension+UITableView.swift"; sourceTree = "<group>"; };
		E82CD25B2244B2FB00DB457F /* Extension+UITextField.swift */ = {isa = PBXFileReference; fileEncoding = 4; lastKnownFileType = sourcecode.swift; path = "Extension+UITextField.swift"; sourceTree = "<group>"; };
		E82CD25C2244B2FB00DB457F /* UITableViewCell+Extension.swift */ = {isa = PBXFileReference; fileEncoding = 4; lastKnownFileType = sourcecode.swift; path = "UITableViewCell+Extension.swift"; sourceTree = "<group>"; };
		E82CD25E2244B2FB00DB457F /* Extension+UIView.swift */ = {isa = PBXFileReference; fileEncoding = 4; lastKnownFileType = sourcecode.swift; path = "Extension+UIView.swift"; sourceTree = "<group>"; };
		E82CD25F2244B2FB00DB457F /* Animation+UIView.swift */ = {isa = PBXFileReference; fileEncoding = 4; lastKnownFileType = sourcecode.swift; path = "Animation+UIView.swift"; sourceTree = "<group>"; };
		E82CD2602244B2FB00DB457F /* Constraint+UIView.swift */ = {isa = PBXFileReference; fileEncoding = 4; lastKnownFileType = sourcecode.swift; path = "Constraint+UIView.swift"; sourceTree = "<group>"; };
		E82CD2612244B2FB00DB457F /* UINib+Extension.swift */ = {isa = PBXFileReference; fileEncoding = 4; lastKnownFileType = sourcecode.swift; path = "UINib+Extension.swift"; sourceTree = "<group>"; };
		E82CD2622244B2FB00DB457F /* AppDelegate+Extension.swift */ = {isa = PBXFileReference; fileEncoding = 4; lastKnownFileType = sourcecode.swift; path = "AppDelegate+Extension.swift"; sourceTree = "<group>"; };
		E82CD2642244B2FB00DB457F /* Data+Convert.swift */ = {isa = PBXFileReference; fileEncoding = 4; lastKnownFileType = sourcecode.swift; path = "Data+Convert.swift"; sourceTree = "<group>"; };
		E82CD2652244B2FB00DB457F /* Int+Extension.swift */ = {isa = PBXFileReference; fileEncoding = 4; lastKnownFileType = sourcecode.swift; path = "Int+Extension.swift"; sourceTree = "<group>"; };
		E82CD2662244B2FB00DB457F /* Double+Extension.swift */ = {isa = PBXFileReference; fileEncoding = 4; lastKnownFileType = sourcecode.swift; path = "Double+Extension.swift"; sourceTree = "<group>"; };
		E82CD2672244B2FB00DB457F /* String+Extension.swift */ = {isa = PBXFileReference; fileEncoding = 4; lastKnownFileType = sourcecode.swift; path = "String+Extension.swift"; sourceTree = "<group>"; };
		E82CD2682244B2FB00DB457F /* Bool+Extension.swift */ = {isa = PBXFileReference; fileEncoding = 4; lastKnownFileType = sourcecode.swift; path = "Bool+Extension.swift"; sourceTree = "<group>"; };
		E82CD2692244B2FB00DB457F /* numeric.swift */ = {isa = PBXFileReference; fileEncoding = 4; lastKnownFileType = sourcecode.swift; path = numeric.swift; sourceTree = "<group>"; };
		E82CD26A2244B2FB00DB457F /* CGFloat+Extension.swift */ = {isa = PBXFileReference; fileEncoding = 4; lastKnownFileType = sourcecode.swift; path = "CGFloat+Extension.swift"; sourceTree = "<group>"; };
		E82CD26B2244B2FB00DB457F /* Array+Extension.swift */ = {isa = PBXFileReference; fileEncoding = 4; lastKnownFileType = sourcecode.swift; path = "Array+Extension.swift"; sourceTree = "<group>"; };
		E879C1B022421012006904A5 /* YYxProvingGround.app */ = {isa = PBXFileReference; explicitFileType = wrapper.application; includeInIndex = 0; path = YYxProvingGround.app; sourceTree = BUILT_PRODUCTS_DIR; };
		E879C1B322421012006904A5 /* AppDelegate.swift */ = {isa = PBXFileReference; lastKnownFileType = sourcecode.swift; path = AppDelegate.swift; sourceTree = "<group>"; };
		E879C1B522421012006904A5 /* ViewController.swift */ = {isa = PBXFileReference; lastKnownFileType = sourcecode.swift; path = ViewController.swift; sourceTree = "<group>"; };
		E879C1B822421012006904A5 /* Base */ = {isa = PBXFileReference; lastKnownFileType = file.storyboard; name = Base; path = Base.lproj/Main.storyboard; sourceTree = "<group>"; };
		E879C1BB22421012006904A5 /* YYxProvingGround.xcdatamodel */ = {isa = PBXFileReference; lastKnownFileType = wrapper.xcdatamodel; path = YYxProvingGround.xcdatamodel; sourceTree = "<group>"; };
		E879C1BD22421013006904A5 /* Assets.xcassets */ = {isa = PBXFileReference; lastKnownFileType = folder.assetcatalog; path = Assets.xcassets; sourceTree = "<group>"; };
		E879C1C022421013006904A5 /* Base */ = {isa = PBXFileReference; lastKnownFileType = file.storyboard; name = Base; path = Base.lproj/LaunchScreen.storyboard; sourceTree = "<group>"; };
		E879C1C222421013006904A5 /* Info.plist */ = {isa = PBXFileReference; lastKnownFileType = text.plist.xml; path = Info.plist; sourceTree = "<group>"; };
		E879C1C722421013006904A5 /* YYxProvingGroundTests.xctest */ = {isa = PBXFileReference; explicitFileType = wrapper.cfbundle; includeInIndex = 0; path = YYxProvingGroundTests.xctest; sourceTree = BUILT_PRODUCTS_DIR; };
		E879C1CB22421013006904A5 /* YYxProvingGroundTests.swift */ = {isa = PBXFileReference; lastKnownFileType = sourcecode.swift; path = YYxProvingGroundTests.swift; sourceTree = "<group>"; };
		E879C1CD22421013006904A5 /* Info.plist */ = {isa = PBXFileReference; lastKnownFileType = text.plist.xml; path = Info.plist; sourceTree = "<group>"; };
		E879C1D222421013006904A5 /* YYxProvingGroundUITests.xctest */ = {isa = PBXFileReference; explicitFileType = wrapper.cfbundle; includeInIndex = 0; path = YYxProvingGroundUITests.xctest; sourceTree = BUILT_PRODUCTS_DIR; };
		E879C1D622421013006904A5 /* YYxProvingGroundUITests.swift */ = {isa = PBXFileReference; lastKnownFileType = sourcecode.swift; path = YYxProvingGroundUITests.swift; sourceTree = "<group>"; };
		E879C1D822421013006904A5 /* Info.plist */ = {isa = PBXFileReference; lastKnownFileType = text.plist.xml; path = Info.plist; sourceTree = "<group>"; };
/* End PBXFileReference section */

/* Begin PBXFrameworksBuildPhase section */
		E879C1AD22421012006904A5 /* Frameworks */ = {
			isa = PBXFrameworksBuildPhase;
			buildActionMask = 2147483647;
			files = (
			);
			runOnlyForDeploymentPostprocessing = 0;
		};
		E879C1C422421013006904A5 /* Frameworks */ = {
			isa = PBXFrameworksBuildPhase;
			buildActionMask = 2147483647;
			files = (
			);
			runOnlyForDeploymentPostprocessing = 0;
		};
		E879C1CF22421013006904A5 /* Frameworks */ = {
			isa = PBXFrameworksBuildPhase;
			buildActionMask = 2147483647;
			files = (
			);
			runOnlyForDeploymentPostprocessing = 0;
		};
/* End PBXFrameworksBuildPhase section */

/* Begin PBXGroup section */
		E82CD22F2244B2FB00DB457F /* YYX */ = {
			isa = PBXGroup;
			children = (
				E82CD2302244B2FB00DB457F /* constant.swift */,
				E82CD2312244B2FB00DB457F /* UICollectionViewController */,
				E82CD2382244B2FB00DB457F /* Date */,
				E82CD23D2244B2FB00DB457F /* Extension+NSPredicate.swift */,
				E82CD23E2244B2FB00DB457F /* FileManager+Extension.swift */,
				E82CD23F2244B2FB00DB457F /* YYxInfo.txt */,
				E82CD2402244B2FB00DB457F /* HorizontalSlider */,
				E82CD2432244B2FB00DB457F /* TestExampleDatas */,
				E82CD2472244B2FB00DB457F /* ToolBoxStoryboard */,
				E82CD24C2244B2FB00DB457F /* UIViewController+Extension */,
				E82CD2512244B2FB00DB457F /* YYxErrorHandler.swift */,
				E82CD2522244B2FB00DB457F /* UIKit+Extension */,
				E82CD2622244B2FB00DB457F /* AppDelegate+Extension.swift */,
				E82CD2632244B2FB00DB457F /* StandardType */,
			);
			path = YYX;
			sourceTree = "<group>";
		};
		E82CD2312244B2FB00DB457F /* UICollectionViewController */ = {
			isa = PBXGroup;
			children = (
				E82CD2322244B2FB00DB457F /* UICollectionView */,
				E82CD2342244B2FB00DB457F /* UICollectionViewCell */,
			);
			path = UICollectionViewController;
			sourceTree = "<group>";
		};
		E82CD2322244B2FB00DB457F /* UICollectionView */ = {
			isa = PBXGroup;
			children = (
				E82CD2332244B2FB00DB457F /* UICollectionView+Extension.swift */,
			);
			path = UICollectionView;
			sourceTree = "<group>";
		};
		E82CD2342244B2FB00DB457F /* UICollectionViewCell */ = {
			isa = PBXGroup;
			children = (
				E82CD2352244B2FB00DB457F /* YYxCollectionViewCell */,
			);
			path = UICollectionViewCell;
			sourceTree = "<group>";
		};
		E82CD2352244B2FB00DB457F /* YYxCollectionViewCell */ = {
			isa = PBXGroup;
			children = (
				E82CD2362244B2FB00DB457F /* YYxCollectionViewCell.swift */,
				E82CD2372244B2FB00DB457F /* YYxCollectionViewCell.xib */,
			);
			path = YYxCollectionViewCell;
			sourceTree = "<group>";
		};
		E82CD2382244B2FB00DB457F /* Date */ = {
			isa = PBXGroup;
			children = (
				E82CD2392244B2FB00DB457F /* Convert+Date.swift */,
				E82CD23A2244B2FB00DB457F /* DateFormatter+Extension.swift */,
				E82CD23B2244B2FB00DB457F /* Current+Date.swift */,
				E82CD23C2244B2FB00DB457F /* Extension+Date.swift */,
			);
			path = Date;
			sourceTree = "<group>";
		};
		E82CD2402244B2FB00DB457F /* HorizontalSlider */ = {
			isa = PBXGroup;
			children = (
				E82CD2412244B2FB00DB457F /* CategoryCell.swift */,
				E82CD2422244B2FB00DB457F /* HorizontalSlider.swift */,
			);
			path = HorizontalSlider;
			sourceTree = "<group>";
		};
		E82CD2432244B2FB00DB457F /* TestExampleDatas */ = {
			isa = PBXGroup;
			children = (
				E82CD2442244B2FB00DB457F /* JsonDIctonaryExample.json */,
				E82CD2452244B2FB00DB457F /* JsonArrayExample.json */,
				E82CD2462244B2FB00DB457F /* ExampleFileNames.swift */,
			);
			path = TestExampleDatas;
			sourceTree = "<group>";
		};
		E82CD2472244B2FB00DB457F /* ToolBoxStoryboard */ = {
			isa = PBXGroup;
			children = (
				E82CD2482244B2FB00DB457F /* ToolBoxManager.swift */,
				E82CD2492244B2FB00DB457F /* ToolBoxViewController.swift */,
				E82CD24A2244B2FB00DB457F /* StaticTableViewController.swift */,
				E82CD24B2244B2FB00DB457F /* ToolBox.storyboard */,
			);
			path = ToolBoxStoryboard;
			sourceTree = "<group>";
		};
		E82CD24C2244B2FB00DB457F /* UIViewController+Extension */ = {
			isa = PBXGroup;
			children = (
				E82CD24D2244B2FB00DB457F /* Extension+UIViewController.swift */,
				E82CD24E2244B2FB00DB457F /* URLSession+UIViewController.swift */,
				E82CD24F2244B2FB00DB457F /* Photo+UIViewController.swift */,
				E82CD2502244B2FB00DB457F /* Alert+UIViewController.swift */,
			);
			path = "UIViewController+Extension";
			sourceTree = "<group>";
		};
		E82CD2522244B2FB00DB457F /* UIKit+Extension */ = {
			isa = PBXGroup;
			children = (
				E82CD2532244B2FB00DB457F /* UIColor+Extension.swift */,
				E82CD2542244B2FB00DB457F /* TintView */,
				E82CD2572244B2FB00DB457F /* UILabel+Extension.swift */,
				E82CD2582244B2FB00DB457F /* UIButton+Extension.swift */,
				E82CD2592244B2FB00DB457F /* Extension+UINavigationController.swift */,
				E82CD25A2244B2FB00DB457F /* Extension+UITableView.swift */,
				E82CD25B2244B2FB00DB457F /* Extension+UITextField.swift */,
				E82CD25C2244B2FB00DB457F /* UITableViewCell+Extension.swift */,
				E82CD25D2244B2FB00DB457F /* UIView+Extension */,
				E82CD2612244B2FB00DB457F /* UINib+Extension.swift */,
			);
			path = "UIKit+Extension";
			sourceTree = "<group>";
		};
		E82CD2542244B2FB00DB457F /* TintView */ = {
			isa = PBXGroup;
			children = (
				E82CD2552244B2FB00DB457F /* TintView.swift */,
				E82CD2562244B2FB00DB457F /* TintView.xib */,
			);
			path = TintView;
			sourceTree = "<group>";
		};
		E82CD25D2244B2FB00DB457F /* UIView+Extension */ = {
			isa = PBXGroup;
			children = (
				E82CD25E2244B2FB00DB457F /* Extension+UIView.swift */,
				E82CD25F2244B2FB00DB457F /* Animation+UIView.swift */,
				E82CD2602244B2FB00DB457F /* Constraint+UIView.swift */,
			);
			path = "UIView+Extension";
			sourceTree = "<group>";
		};
		E82CD2632244B2FB00DB457F /* StandardType */ = {
			isa = PBXGroup;
			children = (
				E82CD2642244B2FB00DB457F /* Data+Convert.swift */,
				E82CD2652244B2FB00DB457F /* Int+Extension.swift */,
				E82CD2662244B2FB00DB457F /* Double+Extension.swift */,
				E82CD2672244B2FB00DB457F /* String+Extension.swift */,
				E82CD2682244B2FB00DB457F /* Bool+Extension.swift */,
				E82CD2692244B2FB00DB457F /* numeric.swift */,
				E82CD26A2244B2FB00DB457F /* CGFloat+Extension.swift */,
				E82CD26B2244B2FB00DB457F /* Array+Extension.swift */,
			);
			path = StandardType;
			sourceTree = "<group>";
		};
		E879C1A722421012006904A5 = {
			isa = PBXGroup;
			children = (
				E879C1B222421012006904A5 /* YYxProvingGround */,
				E879C1CA22421013006904A5 /* YYxProvingGroundTests */,
				E879C1D522421013006904A5 /* YYxProvingGroundUITests */,
				E879C1B122421012006904A5 /* Products */,
			);
			sourceTree = "<group>";
		};
		E879C1B122421012006904A5 /* Products */ = {
			isa = PBXGroup;
			children = (
				E879C1B022421012006904A5 /* YYxProvingGround.app */,
				E879C1C722421013006904A5 /* YYxProvingGroundTests.xctest */,
				E879C1D222421013006904A5 /* YYxProvingGroundUITests.xctest */,
			);
			name = Products;
			sourceTree = "<group>";
		};
		E879C1B222421012006904A5 /* YYxProvingGround */ = {
			isa = PBXGroup;
			children = (
				E879C1B322421012006904A5 /* AppDelegate.swift */,
				E879C1B522421012006904A5 /* ViewController.swift */,
				E82CD22F2244B2FB00DB457F /* YYX */,
				E879C1B722421012006904A5 /* Main.storyboard */,
				E879C1BD22421013006904A5 /* Assets.xcassets */,
				E879C1BF22421013006904A5 /* LaunchScreen.storyboard */,
				E879C1C222421013006904A5 /* Info.plist */,
				E879C1BA22421012006904A5 /* YYxProvingGround.xcdatamodeld */,
			);
			path = YYxProvingGround;
			sourceTree = "<group>";
		};
		E879C1CA22421013006904A5 /* YYxProvingGroundTests */ = {
			isa = PBXGroup;
			children = (
				E879C1CB22421013006904A5 /* YYxProvingGroundTests.swift */,
				E879C1CD22421013006904A5 /* Info.plist */,
			);
			path = YYxProvingGroundTests;
			sourceTree = "<group>";
		};
		E879C1D522421013006904A5 /* YYxProvingGroundUITests */ = {
			isa = PBXGroup;
			children = (
				E879C1D622421013006904A5 /* YYxProvingGroundUITests.swift */,
				E879C1D822421013006904A5 /* Info.plist */,
			);
			path = YYxProvingGroundUITests;
			sourceTree = "<group>";
		};
/* End PBXGroup section */

/* Begin PBXNativeTarget section */
		E879C1AF22421012006904A5 /* YYxProvingGround */ = {
			isa = PBXNativeTarget;
			buildConfigurationList = E879C1DB22421013006904A5 /* Build configuration list for PBXNativeTarget "YYxProvingGround" */;
			buildPhases = (
				E879C1AC22421012006904A5 /* Sources */,
				E879C1AD22421012006904A5 /* Frameworks */,
				E879C1AE22421012006904A5 /* Resources */,
			);
			buildRules = (
			);
			dependencies = (
			);
			name = YYxProvingGround;
			productName = YYxProvingGround;
			productReference = E879C1B022421012006904A5 /* YYxProvingGround.app */;
			productType = "com.apple.product-type.application";
		};
		E879C1C622421013006904A5 /* YYxProvingGroundTests */ = {
			isa = PBXNativeTarget;
			buildConfigurationList = E879C1DE22421013006904A5 /* Build configuration list for PBXNativeTarget "YYxProvingGroundTests" */;
			buildPhases = (
				E879C1C322421013006904A5 /* Sources */,
				E879C1C422421013006904A5 /* Frameworks */,
				E879C1C522421013006904A5 /* Resources */,
			);
			buildRules = (
			);
			dependencies = (
				E879C1C922421013006904A5 /* PBXTargetDependency */,
			);
			name = YYxProvingGroundTests;
			productName = YYxProvingGroundTests;
			productReference = E879C1C722421013006904A5 /* YYxProvingGroundTests.xctest */;
			productType = "com.apple.product-type.bundle.unit-test";
		};
		E879C1D122421013006904A5 /* YYxProvingGroundUITests */ = {
			isa = PBXNativeTarget;
			buildConfigurationList = E879C1E122421013006904A5 /* Build configuration list for PBXNativeTarget "YYxProvingGroundUITests" */;
			buildPhases = (
				E879C1CE22421013006904A5 /* Sources */,
				E879C1CF22421013006904A5 /* Frameworks */,
				E879C1D022421013006904A5 /* Resources */,
			);
			buildRules = (
			);
			dependencies = (
				E879C1D422421013006904A5 /* PBXTargetDependency */,
			);
			name = YYxProvingGroundUITests;
			productName = YYxProvingGroundUITests;
			productReference = E879C1D222421013006904A5 /* YYxProvingGroundUITests.xctest */;
			productType = "com.apple.product-type.bundle.ui-testing";
		};
/* End PBXNativeTarget section */

/* Begin PBXProject section */
		E879C1A822421012006904A5 /* Project object */ = {
			isa = PBXProject;
			attributes = {
				LastSwiftUpdateCheck = 1010;
				LastUpgradeCheck = 1010;
				ORGANIZATIONNAME = 002;
				TargetAttributes = {
					E879C1AF22421012006904A5 = {
						CreatedOnToolsVersion = 10.1;
					};
					E879C1C622421013006904A5 = {
						CreatedOnToolsVersion = 10.1;
						TestTargetID = E879C1AF22421012006904A5;
					};
					E879C1D122421013006904A5 = {
						CreatedOnToolsVersion = 10.1;
						TestTargetID = E879C1AF22421012006904A5;
					};
				};
			};
			buildConfigurationList = E879C1AB22421012006904A5 /* Build configuration list for PBXProject "YYxProvingGround" */;
			compatibilityVersion = "Xcode 9.3";
			developmentRegion = en;
			hasScannedForEncodings = 0;
			knownRegions = (
				en,
				Base,
			);
			mainGroup = E879C1A722421012006904A5;
			productRefGroup = E879C1B122421012006904A5 /* Products */;
			projectDirPath = "";
			projectRoot = "";
			targets = (
				E879C1AF22421012006904A5 /* YYxProvingGround */,
				E879C1C622421013006904A5 /* YYxProvingGroundTests */,
				E879C1D122421013006904A5 /* YYxProvingGroundUITests */,
			);
		};
/* End PBXProject section */

/* Begin PBXResourcesBuildPhase section */
		E879C1AE22421012006904A5 /* Resources */ = {
			isa = PBXResourcesBuildPhase;
			buildActionMask = 2147483647;
			files = (
				E82CD2A52244B2FC00DB457F /* ToolBox.storyboard in Resources */,
				E82CD2962244B2FC00DB457F /* JsonArrayExample.json in Resources */,
				E82CD2BD2244B2FC00DB457F /* TintView.xib in Resources */,
				E82CD2932244B2FC00DB457F /* JsonDIctonaryExample.json in Resources */,
				E879C1C122421013006904A5 /* LaunchScreen.storyboard in Resources */,
				E879C1BE22421013006904A5 /* Assets.xcassets in Resources */,
				E879C1B922421012006904A5 /* Main.storyboard in Resources */,
				E82CD2752244B2FB00DB457F /* YYxCollectionViewCell.xib in Resources */,
				E82CD28A2244B2FC00DB457F /* YYxInfo.txt in Resources */,
			);
			runOnlyForDeploymentPostprocessing = 0;
		};
		E879C1C522421013006904A5 /* Resources */ = {
			isa = PBXResourcesBuildPhase;
			buildActionMask = 2147483647;
			files = (
				E82CD2942244B2FC00DB457F /* JsonDIctonaryExample.json in Resources */,
				E82CD2762244B2FB00DB457F /* YYxCollectionViewCell.xib in Resources */,
				E82CD2A62244B2FC00DB457F /* ToolBox.storyboard in Resources */,
				E82CD2972244B2FC00DB457F /* JsonArrayExample.json in Resources */,
				E82CD28B2244B2FC00DB457F /* YYxInfo.txt in Resources */,
				E82CD2BE2244B2FC00DB457F /* TintView.xib in Resources */,
			);
			runOnlyForDeploymentPostprocessing = 0;
		};
		E879C1D022421013006904A5 /* Resources */ = {
			isa = PBXResourcesBuildPhase;
			buildActionMask = 2147483647;
			files = (
				E82CD2952244B2FC00DB457F /* JsonDIctonaryExample.json in Resources */,
				E82CD2772244B2FB00DB457F /* YYxCollectionViewCell.xib in Resources */,
				E82CD2A72244B2FC00DB457F /* ToolBox.storyboard in Resources */,
				E82CD2982244B2FC00DB457F /* JsonArrayExample.json in Resources */,
				E82CD28C2244B2FC00DB457F /* YYxInfo.txt in Resources */,
				E82CD2BF2244B2FC00DB457F /* TintView.xib in Resources */,
			);
			runOnlyForDeploymentPostprocessing = 0;
		};
/* End PBXResourcesBuildPhase section */

/* Begin PBXSourcesBuildPhase section */
		E879C1AC22421012006904A5 /* Sources */ = {
			isa = PBXSourcesBuildPhase;
			buildActionMask = 2147483647;
			files = (
				E82CD2B42244B2FC00DB457F /* YYxErrorHandler.swift in Sources */,
				E82CD28D2244B2FC00DB457F /* CategoryCell.swift in Sources */,
				E82CD2BA2244B2FC00DB457F /* TintView.swift in Sources */,
				E82CD2F62244B2FC00DB457F /* Array+Extension.swift in Sources */,
				E82CD2DB2244B2FC00DB457F /* UINib+Extension.swift in Sources */,
				E82CD29C2244B2FC00DB457F /* ToolBoxManager.swift in Sources */,
				E82CD2A82244B2FC00DB457F /* Extension+UIViewController.swift in Sources */,
				E82CD2C92244B2FC00DB457F /* Extension+UITableView.swift in Sources */,
				E879C1BC22421012006904A5 /* YYxProvingGround.xcdatamodeld in Sources */,
				E82CD2EA2244B2FC00DB457F /* String+Extension.swift in Sources */,
				E82CD2902244B2FC00DB457F /* HorizontalSlider.swift in Sources */,
				E82CD26F2244B2FB00DB457F /* UICollectionView+Extension.swift in Sources */,
				E82CD2842244B2FC00DB457F /* Extension+NSPredicate.swift in Sources */,
				E82CD27B2244B2FB00DB457F /* DateFormatter+Extension.swift in Sources */,
				E82CD2A22244B2FC00DB457F /* StaticTableViewController.swift in Sources */,
				E82CD2C62244B2FC00DB457F /* Extension+UINavigationController.swift in Sources */,
				E82CD2CC2244B2FC00DB457F /* Extension+UITextField.swift in Sources */,
				E879C1B622421012006904A5 /* ViewController.swift in Sources */,
				E82CD2F02244B2FC00DB457F /* numeric.swift in Sources */,
				E82CD2872244B2FC00DB457F /* FileManager+Extension.swift in Sources */,
				E82CD2E72244B2FC00DB457F /* Double+Extension.swift in Sources */,
				E82CD29F2244B2FC00DB457F /* ToolBoxViewController.swift in Sources */,
				E82CD2C32244B2FC00DB457F /* UIButton+Extension.swift in Sources */,
				E82CD2E42244B2FC00DB457F /* Int+Extension.swift in Sources */,
				E82CD2D22244B2FC00DB457F /* Extension+UIView.swift in Sources */,
				E82CD2CF2244B2FC00DB457F /* UITableViewCell+Extension.swift in Sources */,
				E82CD2722244B2FB00DB457F /* YYxCollectionViewCell.swift in Sources */,
				E82CD27E2244B2FB00DB457F /* Current+Date.swift in Sources */,
				E82CD2B72244B2FC00DB457F /* UIColor+Extension.swift in Sources */,
				E82CD2F32244B2FC00DB457F /* CGFloat+Extension.swift in Sources */,
				E82CD2AE2244B2FC00DB457F /* Photo+UIViewController.swift in Sources */,
				E82CD2B12244B2FC00DB457F /* Alert+UIViewController.swift in Sources */,
				E82CD2D82244B2FC00DB457F /* Constraint+UIView.swift in Sources */,
				E82CD2D52244B2FC00DB457F /* Animation+UIView.swift in Sources */,
				E879C1B422421012006904A5 /* AppDelegate.swift in Sources */,
				E82CD26C2244B2FB00DB457F /* constant.swift in Sources */,
				E82CD2992244B2FC00DB457F /* ExampleFileNames.swift in Sources */,
				E82CD2AB2244B2FC00DB457F /* URLSession+UIViewController.swift in Sources */,
				E82CD2782244B2FB00DB457F /* Convert+Date.swift in Sources */,
				E82CD2ED2244B2FC00DB457F /* Bool+Extension.swift in Sources */,
				E82CD2C02244B2FC00DB457F /* UILabel+Extension.swift in Sources */,
				E82CD2DE2244B2FC00DB457F /* AppDelegate+Extension.swift in Sources */,
				E82CD2812244B2FC00DB457F /* Extension+Date.swift in Sources */,
				E82CD2E12244B2FC00DB457F /* Data+Convert.swift in Sources */,
			);
			runOnlyForDeploymentPostprocessing = 0;
		};
		E879C1C322421013006904A5 /* Sources */ = {
			isa = PBXSourcesBuildPhase;
			buildActionMask = 2147483647;
			files = (
				E82CD2BB2244B2FC00DB457F /* TintView.swift in Sources */,
				E82CD2CD2244B2FC00DB457F /* Extension+UITextField.swift in Sources */,
				E82CD2D32244B2FC00DB457F /* Extension+UIView.swift in Sources */,
				E82CD2852244B2FC00DB457F /* Extension+NSPredicate.swift in Sources */,
				E82CD2882244B2FC00DB457F /* FileManager+Extension.swift in Sources */,
				E82CD2E82244B2FC00DB457F /* Double+Extension.swift in Sources */,
				E82CD2912244B2FC00DB457F /* HorizontalSlider.swift in Sources */,
				E82CD2B82244B2FC00DB457F /* UIColor+Extension.swift in Sources */,
				E82CD2702244B2FB00DB457F /* UICollectionView+Extension.swift in Sources */,
				E82CD2DC2244B2FC00DB457F /* UINib+Extension.swift in Sources */,
				E82CD2A92244B2FC00DB457F /* Extension+UIViewController.swift in Sources */,
				E82CD2AF2244B2FC00DB457F /* Photo+UIViewController.swift in Sources */,
				E82CD2C42244B2FC00DB457F /* UIButton+Extension.swift in Sources */,
				E82CD2C12244B2FC00DB457F /* UILabel+Extension.swift in Sources */,
				E82CD29A2244B2FC00DB457F /* ExampleFileNames.swift in Sources */,
				E82CD2E22244B2FC00DB457F /* Data+Convert.swift in Sources */,
				E879C1CC22421013006904A5 /* YYxProvingGroundTests.swift in Sources */,
				E82CD27C2244B2FB00DB457F /* DateFormatter+Extension.swift in Sources */,
				E82CD29D2244B2FC00DB457F /* ToolBoxManager.swift in Sources */,
				E82CD2A02244B2FC00DB457F /* ToolBoxViewController.swift in Sources */,
				E82CD2B22244B2FC00DB457F /* Alert+UIViewController.swift in Sources */,
				E82CD2F42244B2FC00DB457F /* CGFloat+Extension.swift in Sources */,
				E82CD2CA2244B2FC00DB457F /* Extension+UITableView.swift in Sources */,
				E82CD2EB2244B2FC00DB457F /* String+Extension.swift in Sources */,
				E82CD2E52244B2FC00DB457F /* Int+Extension.swift in Sources */,
				E82CD2D02244B2FC00DB457F /* UITableViewCell+Extension.swift in Sources */,
				E82CD2A32244B2FC00DB457F /* StaticTableViewController.swift in Sources */,
				E82CD26D2244B2FB00DB457F /* constant.swift in Sources */,
				E82CD2F12244B2FC00DB457F /* numeric.swift in Sources */,
				E82CD2732244B2FB00DB457F /* YYxCollectionViewCell.swift in Sources */,
				E82CD2822244B2FC00DB457F /* Extension+Date.swift in Sources */,
				E82CD27F2244B2FB00DB457F /* Current+Date.swift in Sources */,
				E82CD2EE2244B2FC00DB457F /* Bool+Extension.swift in Sources */,
				E82CD2B52244B2FC00DB457F /* YYxErrorHandler.swift in Sources */,
				E82CD2AC2244B2FC00DB457F /* URLSession+UIViewController.swift in Sources */,
				E82CD2DF2244B2FC00DB457F /* AppDelegate+Extension.swift in Sources */,
				E82CD2D92244B2FC00DB457F /* Constraint+UIView.swift in Sources */,
				E82CD2C72244B2FC00DB457F /* Extension+UINavigationController.swift in Sources */,
				E82CD2D62244B2FC00DB457F /* Animation+UIView.swift in Sources */,
				E82CD2F72244B2FC00DB457F /* Array+Extension.swift in Sources */,
				E82CD2792244B2FB00DB457F /* Convert+Date.swift in Sources */,
				E82CD28E2244B2FC00DB457F /* CategoryCell.swift in Sources */,
			);
			runOnlyForDeploymentPostprocessing = 0;
		};
		E879C1CE22421013006904A5 /* Sources */ = {
			isa = PBXSourcesBuildPhase;
			buildActionMask = 2147483647;
			files = (
				E82CD2BC2244B2FC00DB457F /* TintView.swift in Sources */,
				E82CD2CE2244B2FC00DB457F /* Extension+UITextField.swift in Sources */,
				E82CD2D42244B2FC00DB457F /* Extension+UIView.swift in Sources */,
				E82CD2862244B2FC00DB457F /* Extension+NSPredicate.swift in Sources */,
				E82CD2892244B2FC00DB457F /* FileManager+Extension.swift in Sources */,
				E82CD2E92244B2FC00DB457F /* Double+Extension.swift in Sources */,
				E82CD2922244B2FC00DB457F /* HorizontalSlider.swift in Sources */,
				E82CD2B92244B2FC00DB457F /* UIColor+Extension.swift in Sources */,
				E82CD2712244B2FB00DB457F /* UICollectionView+Extension.swift in Sources */,
				E82CD2DD2244B2FC00DB457F /* UINib+Extension.swift in Sources */,
				E82CD2AA2244B2FC00DB457F /* Extension+UIViewController.swift in Sources */,
				E82CD2B02244B2FC00DB457F /* Photo+UIViewController.swift in Sources */,
				E82CD2C52244B2FC00DB457F /* UIButton+Extension.swift in Sources */,
				E82CD2C22244B2FC00DB457F /* UILabel+Extension.swift in Sources */,
				E82CD29B2244B2FC00DB457F /* ExampleFileNames.swift in Sources */,
				E82CD2E32244B2FC00DB457F /* Data+Convert.swift in Sources */,
				E879C1D722421013006904A5 /* YYxProvingGroundUITests.swift in Sources */,
				E82CD27D2244B2FB00DB457F /* DateFormatter+Extension.swift in Sources */,
				E82CD29E2244B2FC00DB457F /* ToolBoxManager.swift in Sources */,
				E82CD2A12244B2FC00DB457F /* ToolBoxViewController.swift in Sources */,
				E82CD2B32244B2FC00DB457F /* Alert+UIViewController.swift in Sources */,
				E82CD2F52244B2FC00DB457F /* CGFloat+Extension.swift in Sources */,
				E82CD2CB2244B2FC00DB457F /* Extension+UITableView.swift in Sources */,
				E82CD2EC2244B2FC00DB457F /* String+Extension.swift in Sources */,
				E82CD2E62244B2FC00DB457F /* Int+Extension.swift in Sources */,
				E82CD2D12244B2FC00DB457F /* UITableViewCell+Extension.swift in Sources */,
				E82CD2A42244B2FC00DB457F /* StaticTableViewController.swift in Sources */,
				E82CD26E2244B2FB00DB457F /* constant.swift in Sources */,
				E82CD2F22244B2FC00DB457F /* numeric.swift in Sources */,
				E82CD2742244B2FB00DB457F /* YYxCollectionViewCell.swift in Sources */,
				E82CD2832244B2FC00DB457F /* Extension+Date.swift in Sources */,
				E82CD2802244B2FC00DB457F /* Current+Date.swift in Sources */,
				E82CD2EF2244B2FC00DB457F /* Bool+Extension.swift in Sources */,
				E82CD2B62244B2FC00DB457F /* YYxErrorHandler.swift in Sources */,
				E82CD2AD2244B2FC00DB457F /* URLSession+UIViewController.swift in Sources */,
				E82CD2E02244B2FC00DB457F /* AppDelegate+Extension.swift in Sources */,
				E82CD2DA2244B2FC00DB457F /* Constraint+UIView.swift in Sources */,
				E82CD2C82244B2FC00DB457F /* Extension+UINavigationController.swift in Sources */,
				E82CD2D72244B2FC00DB457F /* Animation+UIView.swift in Sources */,
				E82CD2F82244B2FC00DB457F /* Array+Extension.swift in Sources */,
				E82CD27A2244B2FB00DB457F /* Convert+Date.swift in Sources */,
				E82CD28F2244B2FC00DB457F /* CategoryCell.swift in Sources */,
			);
			runOnlyForDeploymentPostprocessing = 0;
		};
/* End PBXSourcesBuildPhase section */

/* Begin PBXTargetDependency section */
		E879C1C922421013006904A5 /* PBXTargetDependency */ = {
			isa = PBXTargetDependency;
			target = E879C1AF22421012006904A5 /* YYxProvingGround */;
			targetProxy = E879C1C822421013006904A5 /* PBXContainerItemProxy */;
		};
		E879C1D422421013006904A5 /* PBXTargetDependency */ = {
			isa = PBXTargetDependency;
			target = E879C1AF22421012006904A5 /* YYxProvingGround */;
			targetProxy = E879C1D322421013006904A5 /* PBXContainerItemProxy */;
		};
/* End PBXTargetDependency section */

/* Begin PBXVariantGroup section */
		E879C1B722421012006904A5 /* Main.storyboard */ = {
			isa = PBXVariantGroup;
			children = (
				E879C1B822421012006904A5 /* Base */,
			);
			name = Main.storyboard;
			sourceTree = "<group>";
		};
		E879C1BF22421013006904A5 /* LaunchScreen.storyboard */ = {
			isa = PBXVariantGroup;
			children = (
				E879C1C022421013006904A5 /* Base */,
			);
			name = LaunchScreen.storyboard;
			sourceTree = "<group>";
		};
/* End PBXVariantGroup section */

/* Begin XCBuildConfiguration section */
		E879C1D922421013006904A5 /* Debug */ = {
			isa = XCBuildConfiguration;
			buildSettings = {
				ALWAYS_SEARCH_USER_PATHS = NO;
				CLANG_ANALYZER_NONNULL = YES;
				CLANG_ANALYZER_NUMBER_OBJECT_CONVERSION = YES_AGGRESSIVE;
				CLANG_CXX_LANGUAGE_STANDARD = "gnu++14";
				CLANG_CXX_LIBRARY = "libc++";
				CLANG_ENABLE_MODULES = YES;
				CLANG_ENABLE_OBJC_ARC = YES;
				CLANG_ENABLE_OBJC_WEAK = YES;
				CLANG_WARN_BLOCK_CAPTURE_AUTORELEASING = YES;
				CLANG_WARN_BOOL_CONVERSION = YES;
				CLANG_WARN_COMMA = YES;
				CLANG_WARN_CONSTANT_CONVERSION = YES;
				CLANG_WARN_DEPRECATED_OBJC_IMPLEMENTATIONS = YES;
				CLANG_WARN_DIRECT_OBJC_ISA_USAGE = YES_ERROR;
				CLANG_WARN_DOCUMENTATION_COMMENTS = YES;
				CLANG_WARN_EMPTY_BODY = YES;
				CLANG_WARN_ENUM_CONVERSION = YES;
				CLANG_WARN_INFINITE_RECURSION = YES;
				CLANG_WARN_INT_CONVERSION = YES;
				CLANG_WARN_NON_LITERAL_NULL_CONVERSION = YES;
				CLANG_WARN_OBJC_IMPLICIT_RETAIN_SELF = YES;
				CLANG_WARN_OBJC_LITERAL_CONVERSION = YES;
				CLANG_WARN_OBJC_ROOT_CLASS = YES_ERROR;
				CLANG_WARN_RANGE_LOOP_ANALYSIS = YES;
				CLANG_WARN_STRICT_PROTOTYPES = YES;
				CLANG_WARN_SUSPICIOUS_MOVE = YES;
				CLANG_WARN_UNGUARDED_AVAILABILITY = YES_AGGRESSIVE;
				CLANG_WARN_UNREACHABLE_CODE = YES;
				CLANG_WARN__DUPLICATE_METHOD_MATCH = YES;
				CODE_SIGN_IDENTITY = "iPhone Developer";
				COPY_PHASE_STRIP = NO;
				DEBUG_INFORMATION_FORMAT = dwarf;
				ENABLE_STRICT_OBJC_MSGSEND = YES;
				ENABLE_TESTABILITY = YES;
				GCC_C_LANGUAGE_STANDARD = gnu11;
				GCC_DYNAMIC_NO_PIC = NO;
				GCC_NO_COMMON_BLOCKS = YES;
				GCC_OPTIMIZATION_LEVEL = 0;
				GCC_PREPROCESSOR_DEFINITIONS = (
					"DEBUG=1",
					"$(inherited)",
				);
				GCC_WARN_64_TO_32_BIT_CONVERSION = YES;
				GCC_WARN_ABOUT_RETURN_TYPE = YES_ERROR;
				GCC_WARN_UNDECLARED_SELECTOR = YES;
				GCC_WARN_UNINITIALIZED_AUTOS = YES_AGGRESSIVE;
				GCC_WARN_UNUSED_FUNCTION = YES;
				GCC_WARN_UNUSED_VARIABLE = YES;
				IPHONEOS_DEPLOYMENT_TARGET = 12.1;
				MTL_ENABLE_DEBUG_INFO = INCLUDE_SOURCE;
				MTL_FAST_MATH = YES;
				ONLY_ACTIVE_ARCH = YES;
				SDKROOT = iphoneos;
				SWIFT_ACTIVE_COMPILATION_CONDITIONS = DEBUG;
				SWIFT_OPTIMIZATION_LEVEL = "-Onone";
			};
			name = Debug;
		};
		E879C1DA22421013006904A5 /* Release */ = {
			isa = XCBuildConfiguration;
			buildSettings = {
				ALWAYS_SEARCH_USER_PATHS = NO;
				CLANG_ANALYZER_NONNULL = YES;
				CLANG_ANALYZER_NUMBER_OBJECT_CONVERSION = YES_AGGRESSIVE;
				CLANG_CXX_LANGUAGE_STANDARD = "gnu++14";
				CLANG_CXX_LIBRARY = "libc++";
				CLANG_ENABLE_MODULES = YES;
				CLANG_ENABLE_OBJC_ARC = YES;
				CLANG_ENABLE_OBJC_WEAK = YES;
				CLANG_WARN_BLOCK_CAPTURE_AUTORELEASING = YES;
				CLANG_WARN_BOOL_CONVERSION = YES;
				CLANG_WARN_COMMA = YES;
				CLANG_WARN_CONSTANT_CONVERSION = YES;
				CLANG_WARN_DEPRECATED_OBJC_IMPLEMENTATIONS = YES;
				CLANG_WARN_DIRECT_OBJC_ISA_USAGE = YES_ERROR;
				CLANG_WARN_DOCUMENTATION_COMMENTS = YES;
				CLANG_WARN_EMPTY_BODY = YES;
				CLANG_WARN_ENUM_CONVERSION = YES;
				CLANG_WARN_INFINITE_RECURSION = YES;
				CLANG_WARN_INT_CONVERSION = YES;
				CLANG_WARN_NON_LITERAL_NULL_CONVERSION = YES;
				CLANG_WARN_OBJC_IMPLICIT_RETAIN_SELF = YES;
				CLANG_WARN_OBJC_LITERAL_CONVERSION = YES;
				CLANG_WARN_OBJC_ROOT_CLASS = YES_ERROR;
				CLANG_WARN_RANGE_LOOP_ANALYSIS = YES;
				CLANG_WARN_STRICT_PROTOTYPES = YES;
				CLANG_WARN_SUSPICIOUS_MOVE = YES;
				CLANG_WARN_UNGUARDED_AVAILABILITY = YES_AGGRESSIVE;
				CLANG_WARN_UNREACHABLE_CODE = YES;
				CLANG_WARN__DUPLICATE_METHOD_MATCH = YES;
				CODE_SIGN_IDENTITY = "iPhone Developer";
				COPY_PHASE_STRIP = NO;
				DEBUG_INFORMATION_FORMAT = "dwarf-with-dsym";
				ENABLE_NS_ASSERTIONS = NO;
				ENABLE_STRICT_OBJC_MSGSEND = YES;
				GCC_C_LANGUAGE_STANDARD = gnu11;
				GCC_NO_COMMON_BLOCKS = YES;
				GCC_WARN_64_TO_32_BIT_CONVERSION = YES;
				GCC_WARN_ABOUT_RETURN_TYPE = YES_ERROR;
				GCC_WARN_UNDECLARED_SELECTOR = YES;
				GCC_WARN_UNINITIALIZED_AUTOS = YES_AGGRESSIVE;
				GCC_WARN_UNUSED_FUNCTION = YES;
				GCC_WARN_UNUSED_VARIABLE = YES;
				IPHONEOS_DEPLOYMENT_TARGET = 12.1;
				MTL_ENABLE_DEBUG_INFO = NO;
				MTL_FAST_MATH = YES;
				SDKROOT = iphoneos;
				SWIFT_COMPILATION_MODE = wholemodule;
				SWIFT_OPTIMIZATION_LEVEL = "-O";
				VALIDATE_PRODUCT = YES;
			};
			name = Release;
		};
		E879C1DC22421013006904A5 /* Debug */ = {
			isa = XCBuildConfiguration;
			buildSettings = {
				ASSETCATALOG_COMPILER_APPICON_NAME = AppIcon;
				CODE_SIGN_STYLE = Automatic;
				DEVELOPMENT_TEAM = 45JU735M24;
				INFOPLIST_FILE = YYxProvingGround/Info.plist;
				LD_RUNPATH_SEARCH_PATHS = (
					"$(inherited)",
					"@executable_path/Frameworks",
				);
				PRODUCT_BUNDLE_IDENTIFIER = yyx.YYxProvingGround;
				PRODUCT_NAME = "$(TARGET_NAME)";
				SWIFT_VERSION = 4.2;
				TARGETED_DEVICE_FAMILY = "1,2";
			};
			name = Debug;
		};
		E879C1DD22421013006904A5 /* Release */ = {
			isa = XCBuildConfiguration;
			buildSettings = {
				ASSETCATALOG_COMPILER_APPICON_NAME = AppIcon;
				CODE_SIGN_STYLE = Automatic;
				DEVELOPMENT_TEAM = 45JU735M24;
				INFOPLIST_FILE = YYxProvingGround/Info.plist;
				LD_RUNPATH_SEARCH_PATHS = (
					"$(inherited)",
					"@executable_path/Frameworks",
				);
				PRODUCT_BUNDLE_IDENTIFIER = yyx.YYxProvingGround;
				PRODUCT_NAME = "$(TARGET_NAME)";
				SWIFT_VERSION = 4.2;
				TARGETED_DEVICE_FAMILY = "1,2";
			};
			name = Release;
		};
		E879C1DF22421013006904A5 /* Debug */ = {
			isa = XCBuildConfiguration;
			buildSettings = {
				ALWAYS_EMBED_SWIFT_STANDARD_LIBRARIES = YES;
				BUNDLE_LOADER = "$(TEST_HOST)";
				CODE_SIGN_STYLE = Automatic;
				DEVELOPMENT_TEAM = 45JU735M24;
				INFOPLIST_FILE = YYxProvingGroundTests/Info.plist;
				LD_RUNPATH_SEARCH_PATHS = (
					"$(inherited)",
					"@executable_path/Frameworks",
					"@loader_path/Frameworks",
				);
				PRODUCT_BUNDLE_IDENTIFIER = yyx.YYxProvingGroundTests;
				PRODUCT_NAME = "$(TARGET_NAME)";
				SWIFT_VERSION = 4.2;
				TARGETED_DEVICE_FAMILY = "1,2";
				TEST_HOST = "$(BUILT_PRODUCTS_DIR)/YYxProvingGround.app/YYxProvingGround";
			};
			name = Debug;
		};
		E879C1E022421013006904A5 /* Release */ = {
			isa = XCBuildConfiguration;
			buildSettings = {
				ALWAYS_EMBED_SWIFT_STANDARD_LIBRARIES = YES;
				BUNDLE_LOADER = "$(TEST_HOST)";
				CODE_SIGN_STYLE = Automatic;
				DEVELOPMENT_TEAM = 45JU735M24;
				INFOPLIST_FILE = YYxProvingGroundTests/Info.plist;
				LD_RUNPATH_SEARCH_PATHS = (
					"$(inherited)",
					"@executable_path/Frameworks",
					"@loader_path/Frameworks",
				);
				PRODUCT_BUNDLE_IDENTIFIER = yyx.YYxProvingGroundTests;
				PRODUCT_NAME = "$(TARGET_NAME)";
				SWIFT_VERSION = 4.2;
				TARGETED_DEVICE_FAMILY = "1,2";
				TEST_HOST = "$(BUILT_PRODUCTS_DIR)/YYxProvingGround.app/YYxProvingGround";
			};
			name = Release;
		};
		E879C1E222421013006904A5 /* Debug */ = {
			isa = XCBuildConfiguration;
			buildSettings = {
				ALWAYS_EMBED_SWIFT_STANDARD_LIBRARIES = YES;
				CODE_SIGN_STYLE = Automatic;
				DEVELOPMENT_TEAM = 45JU735M24;
				INFOPLIST_FILE = YYxProvingGroundUITests/Info.plist;
				LD_RUNPATH_SEARCH_PATHS = (
					"$(inherited)",
					"@executable_path/Frameworks",
					"@loader_path/Frameworks",
				);
				PRODUCT_BUNDLE_IDENTIFIER = yyx.YYxProvingGroundUITests;
				PRODUCT_NAME = "$(TARGET_NAME)";
				SWIFT_VERSION = 4.2;
				TARGETED_DEVICE_FAMILY = "1,2";
				TEST_TARGET_NAME = YYxProvingGround;
			};
			name = Debug;
		};
		E879C1E322421013006904A5 /* Release */ = {
			isa = XCBuildConfiguration;
			buildSettings = {
				ALWAYS_EMBED_SWIFT_STANDARD_LIBRARIES = YES;
				CODE_SIGN_STYLE = Automatic;
				DEVELOPMENT_TEAM = 45JU735M24;
				INFOPLIST_FILE = YYxProvingGroundUITests/Info.plist;
				LD_RUNPATH_SEARCH_PATHS = (
					"$(inherited)",
					"@executable_path/Frameworks",
					"@loader_path/Frameworks",
				);
				PRODUCT_BUNDLE_IDENTIFIER = yyx.YYxProvingGroundUITests;
				PRODUCT_NAME = "$(TARGET_NAME)";
				SWIFT_VERSION = 4.2;
				TARGETED_DEVICE_FAMILY = "1,2";
				TEST_TARGET_NAME = YYxProvingGround;
			};
			name = Release;
		};
/* End XCBuildConfiguration section */

/* Begin XCConfigurationList section */
		E879C1AB22421012006904A5 /* Build configuration list for PBXProject "YYxProvingGround" */ = {
			isa = XCConfigurationList;
			buildConfigurations = (
				E879C1D922421013006904A5 /* Debug */,
				E879C1DA22421013006904A5 /* Release */,
			);
			defaultConfigurationIsVisible = 0;
			defaultConfigurationName = Release;
		};
		E879C1DB22421013006904A5 /* Build configuration list for PBXNativeTarget "YYxProvingGround" */ = {
			isa = XCConfigurationList;
			buildConfigurations = (
				E879C1DC22421013006904A5 /* Debug */,
				E879C1DD22421013006904A5 /* Release */,
			);
			defaultConfigurationIsVisible = 0;
			defaultConfigurationName = Release;
		};
		E879C1DE22421013006904A5 /* Build configuration list for PBXNativeTarget "YYxProvingGroundTests" */ = {
			isa = XCConfigurationList;
			buildConfigurations = (
				E879C1DF22421013006904A5 /* Debug */,
				E879C1E022421013006904A5 /* Release */,
			);
			defaultConfigurationIsVisible = 0;
			defaultConfigurationName = Release;
		};
		E879C1E122421013006904A5 /* Build configuration list for PBXNativeTarget "YYxProvingGroundUITests" */ = {
			isa = XCConfigurationList;
			buildConfigurations = (
				E879C1E222421013006904A5 /* Debug */,
				E879C1E322421013006904A5 /* Release */,
			);
			defaultConfigurationIsVisible = 0;
			defaultConfigurationName = Release;
		};
/* End XCConfigurationList section */

/* Begin XCVersionGroup section */
		E879C1BA22421012006904A5 /* YYxProvingGround.xcdatamodeld */ = {
			isa = XCVersionGroup;
			children = (
				E879C1BB22421012006904A5 /* YYxProvingGround.xcdatamodel */,
			);
			currentVersion = E879C1BB22421012006904A5 /* YYxProvingGround.xcdatamodel */;
			path = YYxProvingGround.xcdatamodeld;
			sourceTree = "<group>";
			versionGroupType = wrapper.xcdatamodel;
		};
/* End XCVersionGroup section */
	};
	rootObject = E879C1A822421012006904A5 /* Project object */;
}
