// !$*UTF8*$!
{
	archiveVersion = 1;
	classes = {
	};
	objectVersion = 50;
	objects = {

/* Begin PBXBuildFile section */
		C23606EB2280007900EEFFFE /* PageViewController.storyboard in Resources */ = {isa = PBXBuildFile; fileRef = C23606EA2280007900EEFFFE /* PageViewController.storyboard */; };
		C23606ED2280008300EEFFFE /* PageViewController.swift in Sources */ = {isa = PBXBuildFile; fileRef = C23606EC2280008300EEFFFE /* PageViewController.swift */; };
		C23606F22280008B00EEFFFE /* PageContainerViewController.swift in Sources */ = {isa = PBXBuildFile; fileRef = C23606EE2280008A00EEFFFE /* PageContainerViewController.swift */; };
		C23606F32280008B00EEFFFE /* SecondPageViewController.swift in Sources */ = {isa = PBXBuildFile; fileRef = C23606EF2280008B00EEFFFE /* SecondPageViewController.swift */; };
		C23606F42280008B00EEFFFE /* ThirdPageViewController.swift in Sources */ = {isa = PBXBuildFile; fileRef = C23606F02280008B00EEFFFE /* ThirdPageViewController.swift */; };
		C23606F52280008B00EEFFFE /* FirstPageViewController.swift in Sources */ = {isa = PBXBuildFile; fileRef = C23606F12280008B00EEFFFE /* FirstPageViewController.swift */; };
		C23606F72280014400EEFFFE /* PageViewController+Extension.swift in Sources */ = {isa = PBXBuildFile; fileRef = C23606F62280014400EEFFFE /* PageViewController+Extension.swift */; };
		C2458415227C320E001D4656 /* StaticCollectionViewController.swift in Sources */ = {isa = PBXBuildFile; fileRef = C2458414227C320E001D4656 /* StaticCollectionViewController.swift */; };
		C26C6C63227BE8C4008E32CB /* CAShapeLayer+Extension.swift in Sources */ = {isa = PBXBuildFile; fileRef = C26C6C62227BE8C4008E32CB /* CAShapeLayer+Extension.swift */; };
		C26C6C65227BF44A008E32CB /* CALayer+Animation.swift in Sources */ = {isa = PBXBuildFile; fileRef = C26C6C64227BF44A008E32CB /* CALayer+Animation.swift */; };
		C26FDD5F228049A600A7997D /* Observable.swift in Sources */ = {isa = PBXBuildFile; fileRef = C26FDD5E228049A600A7997D /* Observable.swift */; };
		C2FD8CCB228162B600282F1F /* OptionalType+Protocol.swift in Sources */ = {isa = PBXBuildFile; fileRef = C2FD8CCA228162B600282F1F /* OptionalType+Protocol.swift */; };
		E84FC6C72272EDE00094D4C4 /* constant.swift in Sources */ = {isa = PBXBuildFile; fileRef = E84FC67C2272EDE00094D4C4 /* constant.swift */; };
		E84FC6C82272EDE00094D4C4 /* Global.swift in Sources */ = {isa = PBXBuildFile; fileRef = E84FC67D2272EDE00094D4C4 /* Global.swift */; };
		E84FC6C92272EDE00094D4C4 /* UICollectionView+Extension.swift in Sources */ = {isa = PBXBuildFile; fileRef = E84FC6802272EDE00094D4C4 /* UICollectionView+Extension.swift */; };
		E84FC6CA2272EDE00094D4C4 /* Convert+Date.swift in Sources */ = {isa = PBXBuildFile; fileRef = E84FC6832272EDE00094D4C4 /* Convert+Date.swift */; };
		E84FC6CB2272EDE00094D4C4 /* Current+Date.swift in Sources */ = {isa = PBXBuildFile; fileRef = E84FC6842272EDE00094D4C4 /* Current+Date.swift */; };
		E84FC6CC2272EDE00094D4C4 /* Extension+Date.swift in Sources */ = {isa = PBXBuildFile; fileRef = E84FC6852272EDE00094D4C4 /* Extension+Date.swift */; };
		E84FC6CD2272EDE00094D4C4 /* DateFormatter+Extension.swift in Sources */ = {isa = PBXBuildFile; fileRef = E84FC6862272EDE00094D4C4 /* DateFormatter+Extension.swift */; };
		E84FC6CE2272EDE00094D4C4 /* GreenwichDateConverter.swift in Sources */ = {isa = PBXBuildFile; fileRef = E84FC6872272EDE00094D4C4 /* GreenwichDateConverter.swift */; };
		E84FC6CF2272EDE00094D4C4 /* Timezone+Extension.swift in Sources */ = {isa = PBXBuildFile; fileRef = E84FC6882272EDE00094D4C4 /* Timezone+Extension.swift */; };
		E84FC6D02272EDE00094D4C4 /* Extension+NSPredicate.swift in Sources */ = {isa = PBXBuildFile; fileRef = E84FC6892272EDE00094D4C4 /* Extension+NSPredicate.swift */; };
		E84FC6D12272EDE00094D4C4 /* FileManager+Extension.swift in Sources */ = {isa = PBXBuildFile; fileRef = E84FC68A2272EDE00094D4C4 /* FileManager+Extension.swift */; };
		E84FC6D22272EDE00094D4C4 /* YYxInfo.txt in Resources */ = {isa = PBXBuildFile; fileRef = E84FC68B2272EDE00094D4C4 /* YYxInfo.txt */; };
		E84FC6D32272EDE00094D4C4 /* CategoryVerticalColumnModel.swift in Sources */ = {isa = PBXBuildFile; fileRef = E84FC68D2272EDE00094D4C4 /* CategoryVerticalColumnModel.swift */; };
		E84FC6D42272EDE00094D4C4 /* CategoryHorizenTalRowCell.xib in Resources */ = {isa = PBXBuildFile; fileRef = E84FC68F2272EDE00094D4C4 /* CategoryHorizenTalRowCell.xib */; };
		E84FC6D52272EDE00094D4C4 /* CategoryHorizenTalRowCell.swift in Sources */ = {isa = PBXBuildFile; fileRef = E84FC6902272EDE00094D4C4 /* CategoryHorizenTalRowCell.swift */; };
		E84FC6D62272EDE00094D4C4 /* CategoryVerticalColumnCell.swift in Sources */ = {isa = PBXBuildFile; fileRef = E84FC6912272EDE00094D4C4 /* CategoryVerticalColumnCell.swift */; };
		E84FC6D72272EDE00094D4C4 /* HorizontalSlider.swift in Sources */ = {isa = PBXBuildFile; fileRef = E84FC6922272EDE00094D4C4 /* HorizontalSlider.swift */; };
		E84FC6D82272EDE00094D4C4 /* JsonDIctonaryExample.json in Resources */ = {isa = PBXBuildFile; fileRef = E84FC6942272EDE00094D4C4 /* JsonDIctonaryExample.json */; };
		E84FC6D92272EDE00094D4C4 /* JsonArrayExample.json in Resources */ = {isa = PBXBuildFile; fileRef = E84FC6952272EDE00094D4C4 /* JsonArrayExample.json */; };
		E84FC6DA2272EDE00094D4C4 /* ExampleFileNames.swift in Sources */ = {isa = PBXBuildFile; fileRef = E84FC6962272EDE00094D4C4 /* ExampleFileNames.swift */; };
		E84FC6DB2272EDE00094D4C4 /* ToolBoxManager.swift in Sources */ = {isa = PBXBuildFile; fileRef = E84FC6982272EDE00094D4C4 /* ToolBoxManager.swift */; };
		E84FC6DC2272EDE00094D4C4 /* ToolBoxViewController.swift in Sources */ = {isa = PBXBuildFile; fileRef = E84FC6992272EDE00094D4C4 /* ToolBoxViewController.swift */; };
		E84FC6DD2272EDE00094D4C4 /* StaticTableViewController.swift in Sources */ = {isa = PBXBuildFile; fileRef = E84FC69A2272EDE00094D4C4 /* StaticTableViewController.swift */; };
		E84FC6DE2272EDE00094D4C4 /* ToolBox.storyboard in Resources */ = {isa = PBXBuildFile; fileRef = E84FC69B2272EDE00094D4C4 /* ToolBox.storyboard */; };
		E84FC6DF2272EDE00094D4C4 /* Extension+UIViewController.swift in Sources */ = {isa = PBXBuildFile; fileRef = E84FC69D2272EDE00094D4C4 /* Extension+UIViewController.swift */; };
		E84FC6E02272EDE00094D4C4 /* URLSession+UIViewController.swift in Sources */ = {isa = PBXBuildFile; fileRef = E84FC69E2272EDE00094D4C4 /* URLSession+UIViewController.swift */; };
		E84FC6E12272EDE00094D4C4 /* Photo+UIViewController.swift in Sources */ = {isa = PBXBuildFile; fileRef = E84FC69F2272EDE00094D4C4 /* Photo+UIViewController.swift */; };
		E84FC6E22272EDE00094D4C4 /* Alert+UIViewController.swift in Sources */ = {isa = PBXBuildFile; fileRef = E84FC6A02272EDE00094D4C4 /* Alert+UIViewController.swift */; };
		E84FC6E32272EDE00094D4C4 /* CookingTimer.swift in Sources */ = {isa = PBXBuildFile; fileRef = E84FC6A12272EDE00094D4C4 /* CookingTimer.swift */; };
		E84FC6E42272EDE00094D4C4 /* UIScrollView+Extension.swift in Sources */ = {isa = PBXBuildFile; fileRef = E84FC6A22272EDE00094D4C4 /* UIScrollView+Extension.swift */; };
		E84FC6E52272EDE00094D4C4 /* YYxErrorHandler.swift in Sources */ = {isa = PBXBuildFile; fileRef = E84FC6A32272EDE00094D4C4 /* YYxErrorHandler.swift */; };
		E84FC6E62272EDE00094D4C4 /* NSCache+Extension.swift in Sources */ = {isa = PBXBuildFile; fileRef = E84FC6A42272EDE00094D4C4 /* NSCache+Extension.swift */; };
		E84FC6E72272EDE00094D4C4 /* UIColor+Extension.swift in Sources */ = {isa = PBXBuildFile; fileRef = E84FC6A62272EDE00094D4C4 /* UIColor+Extension.swift */; };
		E84FC6E82272EDE00094D4C4 /* TintView.swift in Sources */ = {isa = PBXBuildFile; fileRef = E84FC6A82272EDE00094D4C4 /* TintView.swift */; };
		E84FC6E92272EDE00094D4C4 /* TintView.xib in Resources */ = {isa = PBXBuildFile; fileRef = E84FC6A92272EDE00094D4C4 /* TintView.xib */; };
		E84FC6EA2272EDE00094D4C4 /* UILabel+Extension.swift in Sources */ = {isa = PBXBuildFile; fileRef = E84FC6AA2272EDE00094D4C4 /* UILabel+Extension.swift */; };
		E84FC6EB2272EDE00094D4C4 /* UIButton+Extension.swift in Sources */ = {isa = PBXBuildFile; fileRef = E84FC6AB2272EDE00094D4C4 /* UIButton+Extension.swift */; };
		E84FC6EC2272EDE00094D4C4 /* Extension+UINavigationController.swift in Sources */ = {isa = PBXBuildFile; fileRef = E84FC6AC2272EDE00094D4C4 /* Extension+UINavigationController.swift */; };
		E84FC6ED2272EDE00094D4C4 /* Extension+UITableView.swift in Sources */ = {isa = PBXBuildFile; fileRef = E84FC6AD2272EDE00094D4C4 /* Extension+UITableView.swift */; };
		E84FC6EE2272EDE00094D4C4 /* Extension+UITextField.swift in Sources */ = {isa = PBXBuildFile; fileRef = E84FC6AE2272EDE00094D4C4 /* Extension+UITextField.swift */; };
		E84FC6EF2272EDE00094D4C4 /* UITableViewCell+Extension.swift in Sources */ = {isa = PBXBuildFile; fileRef = E84FC6AF2272EDE00094D4C4 /* UITableViewCell+Extension.swift */; };
		E84FC6F02272EDE00094D4C4 /* UIStoryBoard+Extension.swift in Sources */ = {isa = PBXBuildFile; fileRef = E84FC6B02272EDE00094D4C4 /* UIStoryBoard+Extension.swift */; };
		E84FC6F12272EDE00094D4C4 /* Extension+UIView.swift in Sources */ = {isa = PBXBuildFile; fileRef = E84FC6B22272EDE00094D4C4 /* Extension+UIView.swift */; };
		E84FC6F22272EDE00094D4C4 /* Animation+UIView.swift in Sources */ = {isa = PBXBuildFile; fileRef = E84FC6B32272EDE00094D4C4 /* Animation+UIView.swift */; };
		E84FC6F32272EDE00094D4C4 /* Constraint+UIView.swift in Sources */ = {isa = PBXBuildFile; fileRef = E84FC6B42272EDE00094D4C4 /* Constraint+UIView.swift */; };
		E84FC6F42272EDE00094D4C4 /* UINib+Extension.swift in Sources */ = {isa = PBXBuildFile; fileRef = E84FC6B52272EDE00094D4C4 /* UINib+Extension.swift */; };
		E84FC6F52272EDE00094D4C4 /* AppDelegate+Extension.swift in Sources */ = {isa = PBXBuildFile; fileRef = E84FC6B62272EDE00094D4C4 /* AppDelegate+Extension.swift */; };
		E84FC6F62272EDE00094D4C4 /* Data+Convert.swift in Sources */ = {isa = PBXBuildFile; fileRef = E84FC6B82272EDE00094D4C4 /* Data+Convert.swift */; };
		E84FC6F72272EDE00094D4C4 /* Int+Extension.swift in Sources */ = {isa = PBXBuildFile; fileRef = E84FC6B92272EDE00094D4C4 /* Int+Extension.swift */; };
		E84FC6F82272EDE00094D4C4 /* Bool+Extension.swift in Sources */ = {isa = PBXBuildFile; fileRef = E84FC6BA2272EDE00094D4C4 /* Bool+Extension.swift */; };
		E84FC6F92272EDE00094D4C4 /* Substring+Extension.swift in Sources */ = {isa = PBXBuildFile; fileRef = E84FC6BB2272EDE00094D4C4 /* Substring+Extension.swift */; };
		E84FC6FA2272EDE00094D4C4 /* Double+Extension.swift in Sources */ = {isa = PBXBuildFile; fileRef = E84FC6BD2272EDE00094D4C4 /* Double+Extension.swift */; };
		E84FC6FB2272EDE00094D4C4 /* Double+Greenwich.swift in Sources */ = {isa = PBXBuildFile; fileRef = E84FC6BE2272EDE00094D4C4 /* Double+Greenwich.swift */; };
		E84FC6FC2272EDE00094D4C4 /* numeric.swift in Sources */ = {isa = PBXBuildFile; fileRef = E84FC6BF2272EDE00094D4C4 /* numeric.swift */; };
		E84FC6FD2272EDE00094D4C4 /* String+Greenwich.swift in Sources */ = {isa = PBXBuildFile; fileRef = E84FC6C12272EDE00094D4C4 /* String+Greenwich.swift */; };
		E84FC6FE2272EDE00094D4C4 /* String+Extension.swift in Sources */ = {isa = PBXBuildFile; fileRef = E84FC6C22272EDE00094D4C4 /* String+Extension.swift */; };
		E84FC6FF2272EDE00094D4C4 /* String+Convert.swift in Sources */ = {isa = PBXBuildFile; fileRef = E84FC6C32272EDE00094D4C4 /* String+Convert.swift */; };
		E84FC7002272EDE00094D4C4 /* StandardTypeUnwrappedable+Protocol.swift in Sources */ = {isa = PBXBuildFile; fileRef = E84FC6C42272EDE00094D4C4 /* StandardTypeUnwrappedable+Protocol.swift */; };
		E84FC7012272EDE00094D4C4 /* CGFloat+Extension.swift in Sources */ = {isa = PBXBuildFile; fileRef = E84FC6C52272EDE00094D4C4 /* CGFloat+Extension.swift */; };
		E84FC7022272EDE00094D4C4 /* Array+Extension.swift in Sources */ = {isa = PBXBuildFile; fileRef = E84FC6C62272EDE00094D4C4 /* Array+Extension.swift */; };
		E84FC70522730B2A0094D4C4 /* SidBar.swift in Sources */ = {isa = PBXBuildFile; fileRef = E84FC70422730B2A0094D4C4 /* SidBar.swift */; };
		E879C1B422421012006904A5 /* AppDelegate.swift in Sources */ = {isa = PBXBuildFile; fileRef = E879C1B322421012006904A5 /* AppDelegate.swift */; };
		E879C1B622421012006904A5 /* ViewController.swift in Sources */ = {isa = PBXBuildFile; fileRef = E879C1B522421012006904A5 /* ViewController.swift */; };
		E879C1B922421012006904A5 /* Main.storyboard in Resources */ = {isa = PBXBuildFile; fileRef = E879C1B722421012006904A5 /* Main.storyboard */; };
		E879C1BC22421012006904A5 /* YYxProvingGround.xcdatamodeld in Sources */ = {isa = PBXBuildFile; fileRef = E879C1BA22421012006904A5 /* YYxProvingGround.xcdatamodeld */; };
		E879C1BE22421013006904A5 /* Assets.xcassets in Resources */ = {isa = PBXBuildFile; fileRef = E879C1BD22421013006904A5 /* Assets.xcassets */; };
		E879C1C122421013006904A5 /* LaunchScreen.storyboard in Resources */ = {isa = PBXBuildFile; fileRef = E879C1BF22421013006904A5 /* LaunchScreen.storyboard */; };
		E879C1CC22421013006904A5 /* YYxProvingGroundTests.swift in Sources */ = {isa = PBXBuildFile; fileRef = E879C1CB22421013006904A5 /* YYxProvingGroundTests.swift */; };
		E879C1D722421013006904A5 /* YYxProvingGroundUITests.swift in Sources */ = {isa = PBXBuildFile; fileRef = E879C1D622421013006904A5 /* YYxProvingGroundUITests.swift */; };
		E89324F2227A821C00064706 /* UICollectionViewFlowLayout+Extension.swift in Sources */ = {isa = PBXBuildFile; fileRef = E89324F1227A821C00064706 /* UICollectionViewFlowLayout+Extension.swift */; };
		E89324F4227A95D400064706 /* IndexPath+Extension.swift in Sources */ = {isa = PBXBuildFile; fileRef = E89324F3227A95D400064706 /* IndexPath+Extension.swift */; };
		E8AC197D2277EC3100538C5A /* ProgressingDashedLineCircleView.swift in Sources */ = {isa = PBXBuildFile; fileRef = E8AC197C2277EC3100538C5A /* ProgressingDashedLineCircleView.swift */; };
/* End PBXBuildFile section */

/* Begin PBXContainerItemProxy section */
		E879C1C822421013006904A5 /* PBXContainerItemProxy */ = {
			isa = PBXContainerItemProxy;
			containerPortal = E879C1A822421012006904A5 /* Project object */;
			proxyType = 1;
			remoteGlobalIDString = E879C1AF22421012006904A5;
			remoteInfo = YYxProvingGround;
		};
		E879C1D322421013006904A5 /* PBXContainerItemProxy */ = {
			isa = PBXContainerItemProxy;
			containerPortal = E879C1A822421012006904A5 /* Project object */;
			proxyType = 1;
			remoteGlobalIDString = E879C1AF22421012006904A5;
			remoteInfo = YYxProvingGround;
		};
/* End PBXContainerItemProxy section */

/* Begin PBXFileReference section */
		C23606EA2280007900EEFFFE /* PageViewController.storyboard */ = {isa = PBXFileReference; fileEncoding = 4; lastKnownFileType = file.storyboard; path = PageViewController.storyboard; sourceTree = "<group>"; };
		C23606EC2280008300EEFFFE /* PageViewController.swift */ = {isa = PBXFileReference; fileEncoding = 4; lastKnownFileType = sourcecode.swift; path = PageViewController.swift; sourceTree = "<group>"; };
		C23606EE2280008A00EEFFFE /* PageContainerViewController.swift */ = {isa = PBXFileReference; fileEncoding = 4; lastKnownFileType = sourcecode.swift; path = PageContainerViewController.swift; sourceTree = "<group>"; };
		C23606EF2280008B00EEFFFE /* SecondPageViewController.swift */ = {isa = PBXFileReference; fileEncoding = 4; lastKnownFileType = sourcecode.swift; path = SecondPageViewController.swift; sourceTree = "<group>"; };
		C23606F02280008B00EEFFFE /* ThirdPageViewController.swift */ = {isa = PBXFileReference; fileEncoding = 4; lastKnownFileType = sourcecode.swift; path = ThirdPageViewController.swift; sourceTree = "<group>"; };
		C23606F12280008B00EEFFFE /* FirstPageViewController.swift */ = {isa = PBXFileReference; fileEncoding = 4; lastKnownFileType = sourcecode.swift; path = FirstPageViewController.swift; sourceTree = "<group>"; };
		C23606F62280014400EEFFFE /* PageViewController+Extension.swift */ = {isa = PBXFileReference; lastKnownFileType = sourcecode.swift; path = "PageViewController+Extension.swift"; sourceTree = "<group>"; };
		C2458414227C320E001D4656 /* StaticCollectionViewController.swift */ = {isa = PBXFileReference; lastKnownFileType = sourcecode.swift; path = StaticCollectionViewController.swift; sourceTree = "<group>"; };
		C26C6C62227BE8C4008E32CB /* CAShapeLayer+Extension.swift */ = {isa = PBXFileReference; lastKnownFileType = sourcecode.swift; path = "CAShapeLayer+Extension.swift"; sourceTree = "<group>"; };
		C26C6C64227BF44A008E32CB /* CALayer+Animation.swift */ = {isa = PBXFileReference; lastKnownFileType = sourcecode.swift; path = "CALayer+Animation.swift"; sourceTree = "<group>"; };
		C26FDD5E228049A600A7997D /* Observable.swift */ = {isa = PBXFileReference; lastKnownFileType = sourcecode.swift; path = Observable.swift; sourceTree = "<group>"; };
		C2FD8CCA228162B600282F1F /* OptionalType+Protocol.swift */ = {isa = PBXFileReference; lastKnownFileType = sourcecode.swift; path = "OptionalType+Protocol.swift"; sourceTree = "<group>"; };
		E84FC67C2272EDE00094D4C4 /* constant.swift */ = {isa = PBXFileReference; fileEncoding = 4; lastKnownFileType = sourcecode.swift; path = constant.swift; sourceTree = "<group>"; };
		E84FC67D2272EDE00094D4C4 /* Global.swift */ = {isa = PBXFileReference; fileEncoding = 4; lastKnownFileType = sourcecode.swift; path = Global.swift; sourceTree = "<group>"; };
		E84FC6802272EDE00094D4C4 /* UICollectionView+Extension.swift */ = {isa = PBXFileReference; fileEncoding = 4; lastKnownFileType = sourcecode.swift; path = "UICollectionView+Extension.swift"; sourceTree = "<group>"; };
		E84FC6832272EDE00094D4C4 /* Convert+Date.swift */ = {isa = PBXFileReference; fileEncoding = 4; lastKnownFileType = sourcecode.swift; path = "Convert+Date.swift"; sourceTree = "<group>"; };
		E84FC6842272EDE00094D4C4 /* Current+Date.swift */ = {isa = PBXFileReference; fileEncoding = 4; lastKnownFileType = sourcecode.swift; path = "Current+Date.swift"; sourceTree = "<group>"; };
		E84FC6852272EDE00094D4C4 /* Extension+Date.swift */ = {isa = PBXFileReference; fileEncoding = 4; lastKnownFileType = sourcecode.swift; path = "Extension+Date.swift"; sourceTree = "<group>"; };
		E84FC6862272EDE00094D4C4 /* DateFormatter+Extension.swift */ = {isa = PBXFileReference; fileEncoding = 4; lastKnownFileType = sourcecode.swift; path = "DateFormatter+Extension.swift"; sourceTree = "<group>"; };
		E84FC6872272EDE00094D4C4 /* GreenwichDateConverter.swift */ = {isa = PBXFileReference; fileEncoding = 4; lastKnownFileType = sourcecode.swift; path = GreenwichDateConverter.swift; sourceTree = "<group>"; };
		E84FC6882272EDE00094D4C4 /* Timezone+Extension.swift */ = {isa = PBXFileReference; fileEncoding = 4; lastKnownFileType = sourcecode.swift; path = "Timezone+Extension.swift"; sourceTree = "<group>"; };
		E84FC6892272EDE00094D4C4 /* Extension+NSPredicate.swift */ = {isa = PBXFileReference; fileEncoding = 4; lastKnownFileType = sourcecode.swift; path = "Extension+NSPredicate.swift"; sourceTree = "<group>"; };
		E84FC68A2272EDE00094D4C4 /* FileManager+Extension.swift */ = {isa = PBXFileReference; fileEncoding = 4; lastKnownFileType = sourcecode.swift; path = "FileManager+Extension.swift"; sourceTree = "<group>"; };
		E84FC68B2272EDE00094D4C4 /* YYxInfo.txt */ = {isa = PBXFileReference; fileEncoding = 4; lastKnownFileType = text; path = YYxInfo.txt; sourceTree = "<group>"; };
		E84FC68D2272EDE00094D4C4 /* CategoryVerticalColumnModel.swift */ = {isa = PBXFileReference; fileEncoding = 4; lastKnownFileType = sourcecode.swift; path = CategoryVerticalColumnModel.swift; sourceTree = "<group>"; };
		E84FC68F2272EDE00094D4C4 /* CategoryHorizenTalRowCell.xib */ = {isa = PBXFileReference; fileEncoding = 4; lastKnownFileType = file.xib; path = CategoryHorizenTalRowCell.xib; sourceTree = "<group>"; };
		E84FC6902272EDE00094D4C4 /* CategoryHorizenTalRowCell.swift */ = {isa = PBXFileReference; fileEncoding = 4; lastKnownFileType = sourcecode.swift; path = CategoryHorizenTalRowCell.swift; sourceTree = "<group>"; };
		E84FC6912272EDE00094D4C4 /* CategoryVerticalColumnCell.swift */ = {isa = PBXFileReference; fileEncoding = 4; lastKnownFileType = sourcecode.swift; path = CategoryVerticalColumnCell.swift; sourceTree = "<group>"; };
		E84FC6922272EDE00094D4C4 /* HorizontalSlider.swift */ = {isa = PBXFileReference; fileEncoding = 4; lastKnownFileType = sourcecode.swift; path = HorizontalSlider.swift; sourceTree = "<group>"; };
		E84FC6942272EDE00094D4C4 /* JsonDIctonaryExample.json */ = {isa = PBXFileReference; fileEncoding = 4; lastKnownFileType = text.json; path = JsonDIctonaryExample.json; sourceTree = "<group>"; };
		E84FC6952272EDE00094D4C4 /* JsonArrayExample.json */ = {isa = PBXFileReference; fileEncoding = 4; lastKnownFileType = text.json; path = JsonArrayExample.json; sourceTree = "<group>"; };
		E84FC6962272EDE00094D4C4 /* ExampleFileNames.swift */ = {isa = PBXFileReference; fileEncoding = 4; lastKnownFileType = sourcecode.swift; path = ExampleFileNames.swift; sourceTree = "<group>"; };
		E84FC6982272EDE00094D4C4 /* ToolBoxManager.swift */ = {isa = PBXFileReference; fileEncoding = 4; lastKnownFileType = sourcecode.swift; path = ToolBoxManager.swift; sourceTree = "<group>"; };
		E84FC6992272EDE00094D4C4 /* ToolBoxViewController.swift */ = {isa = PBXFileReference; fileEncoding = 4; lastKnownFileType = sourcecode.swift; path = ToolBoxViewController.swift; sourceTree = "<group>"; };
		E84FC69A2272EDE00094D4C4 /* StaticTableViewController.swift */ = {isa = PBXFileReference; fileEncoding = 4; lastKnownFileType = sourcecode.swift; path = StaticTableViewController.swift; sourceTree = "<group>"; };
		E84FC69B2272EDE00094D4C4 /* ToolBox.storyboard */ = {isa = PBXFileReference; fileEncoding = 4; lastKnownFileType = file.storyboard; path = ToolBox.storyboard; sourceTree = "<group>"; };
		E84FC69D2272EDE00094D4C4 /* Extension+UIViewController.swift */ = {isa = PBXFileReference; fileEncoding = 4; lastKnownFileType = sourcecode.swift; path = "Extension+UIViewController.swift"; sourceTree = "<group>"; };
		E84FC69E2272EDE00094D4C4 /* URLSession+UIViewController.swift */ = {isa = PBXFileReference; fileEncoding = 4; lastKnownFileType = sourcecode.swift; path = "URLSession+UIViewController.swift"; sourceTree = "<group>"; };
		E84FC69F2272EDE00094D4C4 /* Photo+UIViewController.swift */ = {isa = PBXFileReference; fileEncoding = 4; lastKnownFileType = sourcecode.swift; path = "Photo+UIViewController.swift"; sourceTree = "<group>"; };
		E84FC6A02272EDE00094D4C4 /* Alert+UIViewController.swift */ = {isa = PBXFileReference; fileEncoding = 4; lastKnownFileType = sourcecode.swift; path = "Alert+UIViewController.swift"; sourceTree = "<group>"; };
		E84FC6A12272EDE00094D4C4 /* CookingTimer.swift */ = {isa = PBXFileReference; fileEncoding = 4; lastKnownFileType = sourcecode.swift; path = CookingTimer.swift; sourceTree = "<group>"; };
		E84FC6A22272EDE00094D4C4 /* UIScrollView+Extension.swift */ = {isa = PBXFileReference; fileEncoding = 4; lastKnownFileType = sourcecode.swift; path = "UIScrollView+Extension.swift"; sourceTree = "<group>"; };
		E84FC6A32272EDE00094D4C4 /* YYxErrorHandler.swift */ = {isa = PBXFileReference; fileEncoding = 4; lastKnownFileType = sourcecode.swift; path = YYxErrorHandler.swift; sourceTree = "<group>"; };
		E84FC6A42272EDE00094D4C4 /* NSCache+Extension.swift */ = {isa = PBXFileReference; fileEncoding = 4; lastKnownFileType = sourcecode.swift; path = "NSCache+Extension.swift"; sourceTree = "<group>"; };
		E84FC6A62272EDE00094D4C4 /* UIColor+Extension.swift */ = {isa = PBXFileReference; fileEncoding = 4; lastKnownFileType = sourcecode.swift; path = "UIColor+Extension.swift"; sourceTree = "<group>"; };
		E84FC6A82272EDE00094D4C4 /* TintView.swift */ = {isa = PBXFileReference; fileEncoding = 4; lastKnownFileType = sourcecode.swift; path = TintView.swift; sourceTree = "<group>"; };
		E84FC6A92272EDE00094D4C4 /* TintView.xib */ = {isa = PBXFileReference; fileEncoding = 4; lastKnownFileType = file.xib; path = TintView.xib; sourceTree = "<group>"; };
		E84FC6AA2272EDE00094D4C4 /* UILabel+Extension.swift */ = {isa = PBXFileReference; fileEncoding = 4; lastKnownFileType = sourcecode.swift; path = "UILabel+Extension.swift"; sourceTree = "<group>"; };
		E84FC6AB2272EDE00094D4C4 /* UIButton+Extension.swift */ = {isa = PBXFileReference; fileEncoding = 4; lastKnownFileType = sourcecode.swift; path = "UIButton+Extension.swift"; sourceTree = "<group>"; };
		E84FC6AC2272EDE00094D4C4 /* Extension+UINavigationController.swift */ = {isa = PBXFileReference; fileEncoding = 4; lastKnownFileType = sourcecode.swift; path = "Extension+UINavigationController.swift"; sourceTree = "<group>"; };
		E84FC6AD2272EDE00094D4C4 /* Extension+UITableView.swift */ = {isa = PBXFileReference; fileEncoding = 4; lastKnownFileType = sourcecode.swift; path = "Extension+UITableView.swift"; sourceTree = "<group>"; };
		E84FC6AE2272EDE00094D4C4 /* Extension+UITextField.swift */ = {isa = PBXFileReference; fileEncoding = 4; lastKnownFileType = sourcecode.swift; path = "Extension+UITextField.swift"; sourceTree = "<group>"; };
		E84FC6AF2272EDE00094D4C4 /* UITableViewCell+Extension.swift */ = {isa = PBXFileReference; fileEncoding = 4; lastKnownFileType = sourcecode.swift; path = "UITableViewCell+Extension.swift"; sourceTree = "<group>"; };
		E84FC6B02272EDE00094D4C4 /* UIStoryBoard+Extension.swift */ = {isa = PBXFileReference; fileEncoding = 4; lastKnownFileType = sourcecode.swift; path = "UIStoryBoard+Extension.swift"; sourceTree = "<group>"; };
		E84FC6B22272EDE00094D4C4 /* Extension+UIView.swift */ = {isa = PBXFileReference; fileEncoding = 4; lastKnownFileType = sourcecode.swift; path = "Extension+UIView.swift"; sourceTree = "<group>"; };
		E84FC6B32272EDE00094D4C4 /* Animation+UIView.swift */ = {isa = PBXFileReference; fileEncoding = 4; lastKnownFileType = sourcecode.swift; path = "Animation+UIView.swift"; sourceTree = "<group>"; };
		E84FC6B42272EDE00094D4C4 /* Constraint+UIView.swift */ = {isa = PBXFileReference; fileEncoding = 4; lastKnownFileType = sourcecode.swift; path = "Constraint+UIView.swift"; sourceTree = "<group>"; };
		E84FC6B52272EDE00094D4C4 /* UINib+Extension.swift */ = {isa = PBXFileReference; fileEncoding = 4; lastKnownFileType = sourcecode.swift; path = "UINib+Extension.swift"; sourceTree = "<group>"; };
		E84FC6B62272EDE00094D4C4 /* AppDelegate+Extension.swift */ = {isa = PBXFileReference; fileEncoding = 4; lastKnownFileType = sourcecode.swift; path = "AppDelegate+Extension.swift"; sourceTree = "<group>"; };
		E84FC6B82272EDE00094D4C4 /* Data+Convert.swift */ = {isa = PBXFileReference; fileEncoding = 4; lastKnownFileType = sourcecode.swift; path = "Data+Convert.swift"; sourceTree = "<group>"; };
		E84FC6B92272EDE00094D4C4 /* Int+Extension.swift */ = {isa = PBXFileReference; fileEncoding = 4; lastKnownFileType = sourcecode.swift; path = "Int+Extension.swift"; sourceTree = "<group>"; };
		E84FC6BA2272EDE00094D4C4 /* Bool+Extension.swift */ = {isa = PBXFileReference; fileEncoding = 4; lastKnownFileType = sourcecode.swift; path = "Bool+Extension.swift"; sourceTree = "<group>"; };
		E84FC6BB2272EDE00094D4C4 /* Substring+Extension.swift */ = {isa = PBXFileReference; fileEncoding = 4; lastKnownFileType = sourcecode.swift; path = "Substring+Extension.swift"; sourceTree = "<group>"; };
		E84FC6BD2272EDE00094D4C4 /* Double+Extension.swift */ = {isa = PBXFileReference; fileEncoding = 4; lastKnownFileType = sourcecode.swift; path = "Double+Extension.swift"; sourceTree = "<group>"; };
		E84FC6BE2272EDE00094D4C4 /* Double+Greenwich.swift */ = {isa = PBXFileReference; fileEncoding = 4; lastKnownFileType = sourcecode.swift; path = "Double+Greenwich.swift"; sourceTree = "<group>"; };
		E84FC6BF2272EDE00094D4C4 /* numeric.swift */ = {isa = PBXFileReference; fileEncoding = 4; lastKnownFileType = sourcecode.swift; path = numeric.swift; sourceTree = "<group>"; };
		E84FC6C12272EDE00094D4C4 /* String+Greenwich.swift */ = {isa = PBXFileReference; fileEncoding = 4; lastKnownFileType = sourcecode.swift; path = "String+Greenwich.swift"; sourceTree = "<group>"; };
		E84FC6C22272EDE00094D4C4 /* String+Extension.swift */ = {isa = PBXFileReference; fileEncoding = 4; lastKnownFileType = sourcecode.swift; path = "String+Extension.swift"; sourceTree = "<group>"; };
		E84FC6C32272EDE00094D4C4 /* String+Convert.swift */ = {isa = PBXFileReference; fileEncoding = 4; lastKnownFileType = sourcecode.swift; path = "String+Convert.swift"; sourceTree = "<group>"; };
		E84FC6C42272EDE00094D4C4 /* StandardTypeUnwrappedable+Protocol.swift */ = {isa = PBXFileReference; fileEncoding = 4; lastKnownFileType = sourcecode.swift; path = "StandardTypeUnwrappedable+Protocol.swift"; sourceTree = "<group>"; };
		E84FC6C52272EDE00094D4C4 /* CGFloat+Extension.swift */ = {isa = PBXFileReference; fileEncoding = 4; lastKnownFileType = sourcecode.swift; path = "CGFloat+Extension.swift"; sourceTree = "<group>"; };
		E84FC6C62272EDE00094D4C4 /* Array+Extension.swift */ = {isa = PBXFileReference; fileEncoding = 4; lastKnownFileType = sourcecode.swift; path = "Array+Extension.swift"; sourceTree = "<group>"; };
		E84FC70422730B2A0094D4C4 /* SidBar.swift */ = {isa = PBXFileReference; lastKnownFileType = sourcecode.swift; path = SidBar.swift; sourceTree = "<group>"; };
		E879C1B022421012006904A5 /* YYxProvingGround.app */ = {isa = PBXFileReference; explicitFileType = wrapper.application; includeInIndex = 0; path = YYxProvingGround.app; sourceTree = BUILT_PRODUCTS_DIR; };
		E879C1B322421012006904A5 /* AppDelegate.swift */ = {isa = PBXFileReference; lastKnownFileType = sourcecode.swift; path = AppDelegate.swift; sourceTree = "<group>"; };
		E879C1B522421012006904A5 /* ViewController.swift */ = {isa = PBXFileReference; lastKnownFileType = sourcecode.swift; path = ViewController.swift; sourceTree = "<group>"; };
		E879C1B822421012006904A5 /* Base */ = {isa = PBXFileReference; lastKnownFileType = file.storyboard; name = Base; path = Base.lproj/Main.storyboard; sourceTree = "<group>"; };
		E879C1BB22421012006904A5 /* YYxProvingGround.xcdatamodel */ = {isa = PBXFileReference; lastKnownFileType = wrapper.xcdatamodel; path = YYxProvingGround.xcdatamodel; sourceTree = "<group>"; };
		E879C1BD22421013006904A5 /* Assets.xcassets */ = {isa = PBXFileReference; lastKnownFileType = folder.assetcatalog; path = Assets.xcassets; sourceTree = "<group>"; };
		E879C1C022421013006904A5 /* Base */ = {isa = PBXFileReference; lastKnownFileType = file.storyboard; name = Base; path = Base.lproj/LaunchScreen.storyboard; sourceTree = "<group>"; };
		E879C1C222421013006904A5 /* Info.plist */ = {isa = PBXFileReference; lastKnownFileType = text.plist.xml; path = Info.plist; sourceTree = "<group>"; };
		E879C1C722421013006904A5 /* YYxProvingGroundTests.xctest */ = {isa = PBXFileReference; explicitFileType = wrapper.cfbundle; includeInIndex = 0; path = YYxProvingGroundTests.xctest; sourceTree = BUILT_PRODUCTS_DIR; };
		E879C1CB22421013006904A5 /* YYxProvingGroundTests.swift */ = {isa = PBXFileReference; lastKnownFileType = sourcecode.swift; path = YYxProvingGroundTests.swift; sourceTree = "<group>"; };
		E879C1CD22421013006904A5 /* Info.plist */ = {isa = PBXFileReference; lastKnownFileType = text.plist.xml; path = Info.plist; sourceTree = "<group>"; };
		E879C1D222421013006904A5 /* YYxProvingGroundUITests.xctest */ = {isa = PBXFileReference; explicitFileType = wrapper.cfbundle; includeInIndex = 0; path = YYxProvingGroundUITests.xctest; sourceTree = BUILT_PRODUCTS_DIR; };
		E879C1D622421013006904A5 /* YYxProvingGroundUITests.swift */ = {isa = PBXFileReference; lastKnownFileType = sourcecode.swift; path = YYxProvingGroundUITests.swift; sourceTree = "<group>"; };
		E879C1D822421013006904A5 /* Info.plist */ = {isa = PBXFileReference; lastKnownFileType = text.plist.xml; path = Info.plist; sourceTree = "<group>"; };
		E89324F1227A821C00064706 /* UICollectionViewFlowLayout+Extension.swift */ = {isa = PBXFileReference; lastKnownFileType = sourcecode.swift; path = "UICollectionViewFlowLayout+Extension.swift"; sourceTree = "<group>"; };
		E89324F3227A95D400064706 /* IndexPath+Extension.swift */ = {isa = PBXFileReference; lastKnownFileType = sourcecode.swift; path = "IndexPath+Extension.swift"; sourceTree = "<group>"; };
		E8AC197C2277EC3100538C5A /* ProgressingDashedLineCircleView.swift */ = {isa = PBXFileReference; fileEncoding = 4; lastKnownFileType = sourcecode.swift; path = ProgressingDashedLineCircleView.swift; sourceTree = "<group>"; };
/* End PBXFileReference section */

/* Begin PBXFrameworksBuildPhase section */
		E879C1AD22421012006904A5 /* Frameworks */ = {
			isa = PBXFrameworksBuildPhase;
			buildActionMask = 2147483647;
			files = (
			);
			runOnlyForDeploymentPostprocessing = 0;
		};
		E879C1C422421013006904A5 /* Frameworks */ = {
			isa = PBXFrameworksBuildPhase;
			buildActionMask = 2147483647;
			files = (
			);
			runOnlyForDeploymentPostprocessing = 0;
		};
		E879C1CF22421013006904A5 /* Frameworks */ = {
			isa = PBXFrameworksBuildPhase;
			buildActionMask = 2147483647;
			files = (
			);
			runOnlyForDeploymentPostprocessing = 0;
		};
/* End PBXFrameworksBuildPhase section */

/* Begin PBXGroup section */
		C23606E92280004F00EEFFFE /* PageViewController+Extension */ = {
			isa = PBXGroup;
			children = (
				C2A0887D22800E9F00CF4595 /* BasicPageViewController */,
				C23606F62280014400EEFFFE /* PageViewController+Extension.swift */,
			);
			path = "PageViewController+Extension";
			sourceTree = "<group>";
		};
		C2A0887C22800E7300CF4595 /* SubViewControllers */ = {
			isa = PBXGroup;
			children = (
				C23606F12280008B00EEFFFE /* FirstPageViewController.swift */,
				C23606EF2280008B00EEFFFE /* SecondPageViewController.swift */,
				C23606F02280008B00EEFFFE /* ThirdPageViewController.swift */,
			);
			path = SubViewControllers;
			sourceTree = "<group>";
		};
		C2A0887D22800E9F00CF4595 /* BasicPageViewController */ = {
			isa = PBXGroup;
			children = (
				C2A0887C22800E7300CF4595 /* SubViewControllers */,
				C23606EC2280008300EEFFFE /* PageViewController.swift */,
				C23606EE2280008A00EEFFFE /* PageContainerViewController.swift */,
				C23606EA2280007900EEFFFE /* PageViewController.storyboard */,
			);
			path = BasicPageViewController;
			sourceTree = "<group>";
		};
		E84FC67B2272EDE00094D4C4 /* YYX  */ = {
			isa = PBXGroup;
			children = (
				C23606E92280004F00EEFFFE /* PageViewController+Extension */,
				E8AC197F2277EE1A00538C5A /* Custom UIView */,
				E8AC197A2277EBF700538C5A /* CALayer */,
				E84FC67C2272EDE00094D4C4 /* constant.swift */,
				C2FD8CCA228162B600282F1F /* OptionalType+Protocol.swift */,
				E84FC67D2272EDE00094D4C4 /* Global.swift */,
				E84FC67E2272EDE00094D4C4 /* UICollectionViewController */,
				E84FC6812272EDE00094D4C4 /* Date */,
				E84FC6892272EDE00094D4C4 /* Extension+NSPredicate.swift */,
				E84FC68A2272EDE00094D4C4 /* FileManager+Extension.swift */,
				E84FC68B2272EDE00094D4C4 /* YYxInfo.txt */,
				E84FC70322730B0F0094D4C4 /* SideBar */,
				E84FC68C2272EDE00094D4C4 /* HorizontalSlider */,
				E84FC6932272EDE00094D4C4 /* TestExampleDatas */,
				E84FC6972272EDE00094D4C4 /* ToolBox */,
				E84FC69C2272EDE00094D4C4 /* UIViewController+Extension */,
				E84FC6A12272EDE00094D4C4 /* CookingTimer.swift */,
				C26FDD5E228049A600A7997D /* Observable.swift */,
				E89324F3227A95D400064706 /* IndexPath+Extension.swift */,
				E84FC6A22272EDE00094D4C4 /* UIScrollView+Extension.swift */,
				E84FC6A32272EDE00094D4C4 /* YYxErrorHandler.swift */,
				E84FC6A42272EDE00094D4C4 /* NSCache+Extension.swift */,
				E84FC6A52272EDE00094D4C4 /* UIKit+Extension */,
				E84FC6B62272EDE00094D4C4 /* AppDelegate+Extension.swift */,
				E84FC6B72272EDE00094D4C4 /* StandardType */,
			);
			path = "YYX ";
			sourceTree = "<group>";
		};
		E84FC67E2272EDE00094D4C4 /* UICollectionViewController */ = {
			isa = PBXGroup;
			children = (
				E89324F0227A81B700064706 /* UICollectionViewFlowLayout+Extension */,
				E84FC67F2272EDE00094D4C4 /* UICollectionView */,
			);
			path = UICollectionViewController;
			sourceTree = "<group>";
		};
		E84FC67F2272EDE00094D4C4 /* UICollectionView */ = {
			isa = PBXGroup;
			children = (
				E84FC6802272EDE00094D4C4 /* UICollectionView+Extension.swift */,
			);
			path = UICollectionView;
			sourceTree = "<group>";
		};
		E84FC6812272EDE00094D4C4 /* Date */ = {
			isa = PBXGroup;
			children = (
				E84FC6822272EDE00094D4C4 /* Date */,
				E84FC6862272EDE00094D4C4 /* DateFormatter+Extension.swift */,
				E84FC6872272EDE00094D4C4 /* GreenwichDateConverter.swift */,
				E84FC6882272EDE00094D4C4 /* Timezone+Extension.swift */,
			);
			path = Date;
			sourceTree = "<group>";
		};
		E84FC6822272EDE00094D4C4 /* Date */ = {
			isa = PBXGroup;
			children = (
				E84FC6832272EDE00094D4C4 /* Convert+Date.swift */,
				E84FC6842272EDE00094D4C4 /* Current+Date.swift */,
				E84FC6852272EDE00094D4C4 /* Extension+Date.swift */,
			);
			path = Date;
			sourceTree = "<group>";
		};
		E84FC68C2272EDE00094D4C4 /* HorizontalSlider */ = {
			isa = PBXGroup;
			children = (
				E84FC68D2272EDE00094D4C4 /* CategoryVerticalColumnModel.swift */,
				E84FC68E2272EDE00094D4C4 /* CategoryHorizenTalRowCell */,
				E84FC6912272EDE00094D4C4 /* CategoryVerticalColumnCell.swift */,
				E84FC6922272EDE00094D4C4 /* HorizontalSlider.swift */,
			);
			path = HorizontalSlider;
			sourceTree = "<group>";
		};
		E84FC68E2272EDE00094D4C4 /* CategoryHorizenTalRowCell */ = {
			isa = PBXGroup;
			children = (
				E84FC68F2272EDE00094D4C4 /* CategoryHorizenTalRowCell.xib */,
				E84FC6902272EDE00094D4C4 /* CategoryHorizenTalRowCell.swift */,
			);
			path = CategoryHorizenTalRowCell;
			sourceTree = "<group>";
		};
		E84FC6932272EDE00094D4C4 /* TestExampleDatas */ = {
			isa = PBXGroup;
			children = (
				E84FC6942272EDE00094D4C4 /* JsonDIctonaryExample.json */,
				E84FC6952272EDE00094D4C4 /* JsonArrayExample.json */,
				E84FC6962272EDE00094D4C4 /* ExampleFileNames.swift */,
			);
			path = TestExampleDatas;
			sourceTree = "<group>";
		};
		E84FC6972272EDE00094D4C4 /* ToolBox */ = {
			isa = PBXGroup;
			children = (
				E84FC6982272EDE00094D4C4 /* ToolBoxManager.swift */,
				E84FC6992272EDE00094D4C4 /* ToolBoxViewController.swift */,
				E84FC69A2272EDE00094D4C4 /* StaticTableViewController.swift */,
				C2458414227C320E001D4656 /* StaticCollectionViewController.swift */,
				E84FC69B2272EDE00094D4C4 /* ToolBox.storyboard */,
			);
			path = ToolBox;
			sourceTree = "<group>";
		};
		E84FC69C2272EDE00094D4C4 /* UIViewController+Extension */ = {
			isa = PBXGroup;
			children = (
				E84FC69D2272EDE00094D4C4 /* Extension+UIViewController.swift */,
				E84FC69E2272EDE00094D4C4 /* URLSession+UIViewController.swift */,
				E84FC69F2272EDE00094D4C4 /* Photo+UIViewController.swift */,
				E84FC6A02272EDE00094D4C4 /* Alert+UIViewController.swift */,
			);
			path = "UIViewController+Extension";
			sourceTree = "<group>";
		};
		E84FC6A52272EDE00094D4C4 /* UIKit+Extension */ = {
			isa = PBXGroup;
			children = (
				E84FC6A62272EDE00094D4C4 /* UIColor+Extension.swift */,
				E84FC6AA2272EDE00094D4C4 /* UILabel+Extension.swift */,
				E84FC6AB2272EDE00094D4C4 /* UIButton+Extension.swift */,
				E84FC6AC2272EDE00094D4C4 /* Extension+UINavigationController.swift */,
				E84FC6AD2272EDE00094D4C4 /* Extension+UITableView.swift */,
				E84FC6AE2272EDE00094D4C4 /* Extension+UITextField.swift */,
				E84FC6AF2272EDE00094D4C4 /* UITableViewCell+Extension.swift */,
				E84FC6B02272EDE00094D4C4 /* UIStoryBoard+Extension.swift */,
				E84FC6B12272EDE00094D4C4 /* UIView+Extension */,
				E84FC6B52272EDE00094D4C4 /* UINib+Extension.swift */,
			);
			path = "UIKit+Extension";
			sourceTree = "<group>";
		};
		E84FC6A72272EDE00094D4C4 /* TintView */ = {
			isa = PBXGroup;
			children = (
				E84FC6A82272EDE00094D4C4 /* TintView.swift */,
				E84FC6A92272EDE00094D4C4 /* TintView.xib */,
			);
			path = TintView;
			sourceTree = "<group>";
		};
		E84FC6B12272EDE00094D4C4 /* UIView+Extension */ = {
			isa = PBXGroup;
			children = (
				E84FC6B22272EDE00094D4C4 /* Extension+UIView.swift */,
				E84FC6B32272EDE00094D4C4 /* Animation+UIView.swift */,
				E84FC6B42272EDE00094D4C4 /* Constraint+UIView.swift */,
			);
			path = "UIView+Extension";
			sourceTree = "<group>";
		};
		E84FC6B72272EDE00094D4C4 /* StandardType */ = {
			isa = PBXGroup;
			children = (
				E84FC6B82272EDE00094D4C4 /* Data+Convert.swift */,
				E84FC6B92272EDE00094D4C4 /* Int+Extension.swift */,
				E84FC6BA2272EDE00094D4C4 /* Bool+Extension.swift */,
				E84FC6BB2272EDE00094D4C4 /* Substring+Extension.swift */,
				E84FC6BC2272EDE00094D4C4 /* Double */,
				E84FC6BF2272EDE00094D4C4 /* numeric.swift */,
				E84FC6C02272EDE00094D4C4 /* String */,
				E84FC6C42272EDE00094D4C4 /* StandardTypeUnwrappedable+Protocol.swift */,
				E84FC6C52272EDE00094D4C4 /* CGFloat+Extension.swift */,
				E84FC6C62272EDE00094D4C4 /* Array+Extension.swift */,
			);
			path = StandardType;
			sourceTree = "<group>";
		};
		E84FC6BC2272EDE00094D4C4 /* Double */ = {
			isa = PBXGroup;
			children = (
				E84FC6BD2272EDE00094D4C4 /* Double+Extension.swift */,
				E84FC6BE2272EDE00094D4C4 /* Double+Greenwich.swift */,
			);
			path = Double;
			sourceTree = "<group>";
		};
		E84FC6C02272EDE00094D4C4 /* String */ = {
			isa = PBXGroup;
			children = (
				E84FC6C12272EDE00094D4C4 /* String+Greenwich.swift */,
				E84FC6C22272EDE00094D4C4 /* String+Extension.swift */,
				E84FC6C32272EDE00094D4C4 /* String+Convert.swift */,
			);
			path = String;
			sourceTree = "<group>";
		};
		E84FC70322730B0F0094D4C4 /* SideBar */ = {
			isa = PBXGroup;
			children = (
				E84FC70422730B2A0094D4C4 /* SidBar.swift */,
			);
			path = SideBar;
			sourceTree = "<group>";
		};
		E879C1A722421012006904A5 = {
			isa = PBXGroup;
			children = (
				E879C1B222421012006904A5 /* YYxProvingGround */,
				E879C1CA22421013006904A5 /* YYxProvingGroundTests */,
				E879C1D522421013006904A5 /* YYxProvingGroundUITests */,
				E879C1B122421012006904A5 /* Products */,
			);
			sourceTree = "<group>";
		};
		E879C1B122421012006904A5 /* Products */ = {
			isa = PBXGroup;
			children = (
				E879C1B022421012006904A5 /* YYxProvingGround.app */,
				E879C1C722421013006904A5 /* YYxProvingGroundTests.xctest */,
				E879C1D222421013006904A5 /* YYxProvingGroundUITests.xctest */,
			);
			name = Products;
			sourceTree = "<group>";
		};
		E879C1B222421012006904A5 /* YYxProvingGround */ = {
			isa = PBXGroup;
			children = (
				E84FC67B2272EDE00094D4C4 /* YYX  */,
				E879C1B322421012006904A5 /* AppDelegate.swift */,
				E879C1B522421012006904A5 /* ViewController.swift */,
				E879C1B722421012006904A5 /* Main.storyboard */,
				E879C1BD22421013006904A5 /* Assets.xcassets */,
				E879C1BF22421013006904A5 /* LaunchScreen.storyboard */,
				E879C1C222421013006904A5 /* Info.plist */,
				E879C1BA22421012006904A5 /* YYxProvingGround.xcdatamodeld */,
			);
			path = YYxProvingGround;
			sourceTree = "<group>";
		};
		E879C1CA22421013006904A5 /* YYxProvingGroundTests */ = {
			isa = PBXGroup;
			children = (
				E879C1CB22421013006904A5 /* YYxProvingGroundTests.swift */,
				E879C1CD22421013006904A5 /* Info.plist */,
			);
			path = YYxProvingGroundTests;
			sourceTree = "<group>";
		};
		E879C1D522421013006904A5 /* YYxProvingGroundUITests */ = {
			isa = PBXGroup;
			children = (
				E879C1D622421013006904A5 /* YYxProvingGroundUITests.swift */,
				E879C1D822421013006904A5 /* Info.plist */,
			);
			path = YYxProvingGroundUITests;
			sourceTree = "<group>";
		};
		E89324F0227A81B700064706 /* UICollectionViewFlowLayout+Extension */ = {
			isa = PBXGroup;
			children = (
				E89324F1227A821C00064706 /* UICollectionViewFlowLayout+Extension.swift */,
			);
			path = "UICollectionViewFlowLayout+Extension";
			sourceTree = "<group>";
		};
		E8AC197A2277EBF700538C5A /* CALayer */ = {
			isa = PBXGroup;
			children = (
				C26C6C62227BE8C4008E32CB /* CAShapeLayer+Extension.swift */,
				C26C6C64227BF44A008E32CB /* CALayer+Animation.swift */,
			);
			path = CALayer;
			sourceTree = "<group>";
		};
		E8AC197F2277EE1A00538C5A /* Custom UIView */ = {
			isa = PBXGroup;
			children = (
				E8AC197C2277EC3100538C5A /* ProgressingDashedLineCircleView.swift */,
				E84FC6A72272EDE00094D4C4 /* TintView */,
			);
			path = "Custom UIView";
			sourceTree = "<group>";
		};
/* End PBXGroup section */

/* Begin PBXNativeTarget section */
		E879C1AF22421012006904A5 /* YYxProvingGround */ = {
			isa = PBXNativeTarget;
			buildConfigurationList = E879C1DB22421013006904A5 /* Build configuration list for PBXNativeTarget "YYxProvingGround" */;
			buildPhases = (
				E879C1AC22421012006904A5 /* Sources */,
				E879C1AD22421012006904A5 /* Frameworks */,
				E879C1AE22421012006904A5 /* Resources */,
			);
			buildRules = (
			);
			dependencies = (
			);
			name = YYxProvingGround;
			productName = YYxProvingGround;
			productReference = E879C1B022421012006904A5 /* YYxProvingGround.app */;
			productType = "com.apple.product-type.application";
		};
		E879C1C622421013006904A5 /* YYxProvingGroundTests */ = {
			isa = PBXNativeTarget;
			buildConfigurationList = E879C1DE22421013006904A5 /* Build configuration list for PBXNativeTarget "YYxProvingGroundTests" */;
			buildPhases = (
				E879C1C322421013006904A5 /* Sources */,
				E879C1C422421013006904A5 /* Frameworks */,
				E879C1C522421013006904A5 /* Resources */,
			);
			buildRules = (
			);
			dependencies = (
				E879C1C922421013006904A5 /* PBXTargetDependency */,
			);
			name = YYxProvingGroundTests;
			productName = YYxProvingGroundTests;
			productReference = E879C1C722421013006904A5 /* YYxProvingGroundTests.xctest */;
			productType = "com.apple.product-type.bundle.unit-test";
		};
		E879C1D122421013006904A5 /* YYxProvingGroundUITests */ = {
			isa = PBXNativeTarget;
			buildConfigurationList = E879C1E122421013006904A5 /* Build configuration list for PBXNativeTarget "YYxProvingGroundUITests" */;
			buildPhases = (
				E879C1CE22421013006904A5 /* Sources */,
				E879C1CF22421013006904A5 /* Frameworks */,
				E879C1D022421013006904A5 /* Resources */,
			);
			buildRules = (
			);
			dependencies = (
				E879C1D422421013006904A5 /* PBXTargetDependency */,
			);
			name = YYxProvingGroundUITests;
			productName = YYxProvingGroundUITests;
			productReference = E879C1D222421013006904A5 /* YYxProvingGroundUITests.xctest */;
			productType = "com.apple.product-type.bundle.ui-testing";
		};
/* End PBXNativeTarget section */

/* Begin PBXProject section */
		E879C1A822421012006904A5 /* Project object */ = {
			isa = PBXProject;
			attributes = {
				LastSwiftUpdateCheck = 1010;
				LastUpgradeCheck = 1010;
				ORGANIZATIONNAME = 002;
				TargetAttributes = {
					E879C1AF22421012006904A5 = {
						CreatedOnToolsVersion = 10.1;
					};
					E879C1C622421013006904A5 = {
						CreatedOnToolsVersion = 10.1;
						TestTargetID = E879C1AF22421012006904A5;
					};
					E879C1D122421013006904A5 = {
						CreatedOnToolsVersion = 10.1;
						TestTargetID = E879C1AF22421012006904A5;
					};
				};
			};
			buildConfigurationList = E879C1AB22421012006904A5 /* Build configuration list for PBXProject "YYxProvingGround" */;
			compatibilityVersion = "Xcode 9.3";
			developmentRegion = en;
			hasScannedForEncodings = 0;
			knownRegions = (
				en,
				Base,
			);
			mainGroup = E879C1A722421012006904A5;
			productRefGroup = E879C1B122421012006904A5 /* Products */;
			projectDirPath = "";
			projectRoot = "";
			targets = (
				E879C1AF22421012006904A5 /* YYxProvingGround */,
				E879C1C622421013006904A5 /* YYxProvingGroundTests */,
				E879C1D122421013006904A5 /* YYxProvingGroundUITests */,
			);
		};
/* End PBXProject section */

/* Begin PBXResourcesBuildPhase section */
		E879C1AE22421012006904A5 /* Resources */ = {
			isa = PBXResourcesBuildPhase;
			buildActionMask = 2147483647;
			files = (
				E84FC6DE2272EDE00094D4C4 /* ToolBox.storyboard in Resources */,
				E84FC6D92272EDE00094D4C4 /* JsonArrayExample.json in Resources */,
				E84FC6E92272EDE00094D4C4 /* TintView.xib in Resources */,
				E84FC6D82272EDE00094D4C4 /* JsonDIctonaryExample.json in Resources */,
				C23606EB2280007900EEFFFE /* PageViewController.storyboard in Resources */,
				E879C1C122421013006904A5 /* LaunchScreen.storyboard in Resources */,
				E84FC6D42272EDE00094D4C4 /* CategoryHorizenTalRowCell.xib in Resources */,
				E879C1BE22421013006904A5 /* Assets.xcassets in Resources */,
				E879C1B922421012006904A5 /* Main.storyboard in Resources */,
				E84FC6D22272EDE00094D4C4 /* YYxInfo.txt in Resources */,
			);
			runOnlyForDeploymentPostprocessing = 0;
		};
		E879C1C522421013006904A5 /* Resources */ = {
			isa = PBXResourcesBuildPhase;
			buildActionMask = 2147483647;
			files = (
			);
			runOnlyForDeploymentPostprocessing = 0;
		};
		E879C1D022421013006904A5 /* Resources */ = {
			isa = PBXResourcesBuildPhase;
			buildActionMask = 2147483647;
			files = (
			);
			runOnlyForDeploymentPostprocessing = 0;
		};
/* End PBXResourcesBuildPhase section */

/* Begin PBXSourcesBuildPhase section */
		E879C1AC22421012006904A5 /* Sources */ = {
			isa = PBXSourcesBuildPhase;
			buildActionMask = 2147483647;
			files = (
				E84FC6D52272EDE00094D4C4 /* CategoryHorizenTalRowCell.swift in Sources */,
				C23606F72280014400EEFFFE /* PageViewController+Extension.swift in Sources */,
				E84FC6C92272EDE00094D4C4 /* UICollectionView+Extension.swift in Sources */,
				E84FC6F12272EDE00094D4C4 /* Extension+UIView.swift in Sources */,
				E84FC6CB2272EDE00094D4C4 /* Current+Date.swift in Sources */,
				E84FC6FF2272EDE00094D4C4 /* String+Convert.swift in Sources */,
				E84FC6EB2272EDE00094D4C4 /* UIButton+Extension.swift in Sources */,
				E84FC6E82272EDE00094D4C4 /* TintView.swift in Sources */,
				E84FC6F52272EDE00094D4C4 /* AppDelegate+Extension.swift in Sources */,
				E879C1BC22421012006904A5 /* YYxProvingGround.xcdatamodeld in Sources */,
				E84FC6F32272EDE00094D4C4 /* Constraint+UIView.swift in Sources */,
				C23606F32280008B00EEFFFE /* SecondPageViewController.swift in Sources */,
				E84FC6CC2272EDE00094D4C4 /* Extension+Date.swift in Sources */,
				C23606F22280008B00EEFFFE /* PageContainerViewController.swift in Sources */,
				E84FC6EF2272EDE00094D4C4 /* UITableViewCell+Extension.swift in Sources */,
				E84FC6F42272EDE00094D4C4 /* UINib+Extension.swift in Sources */,
				C26C6C63227BE8C4008E32CB /* CAShapeLayer+Extension.swift in Sources */,
				E84FC6EE2272EDE00094D4C4 /* Extension+UITextField.swift in Sources */,
				E84FC6F92272EDE00094D4C4 /* Substring+Extension.swift in Sources */,
				C2FD8CCB228162B600282F1F /* OptionalType+Protocol.swift in Sources */,
				E84FC6ED2272EDE00094D4C4 /* Extension+UITableView.swift in Sources */,
				E84FC6F62272EDE00094D4C4 /* Data+Convert.swift in Sources */,
				C2458415227C320E001D4656 /* StaticCollectionViewController.swift in Sources */,
				E84FC6DC2272EDE00094D4C4 /* ToolBoxViewController.swift in Sources */,
				E84FC6CE2272EDE00094D4C4 /* GreenwichDateConverter.swift in Sources */,
				E84FC6F72272EDE00094D4C4 /* Int+Extension.swift in Sources */,
				E84FC6E42272EDE00094D4C4 /* UIScrollView+Extension.swift in Sources */,
				E84FC6E72272EDE00094D4C4 /* UIColor+Extension.swift in Sources */,
				E84FC6F82272EDE00094D4C4 /* Bool+Extension.swift in Sources */,
				E84FC6DD2272EDE00094D4C4 /* StaticTableViewController.swift in Sources */,
				E84FC6FE2272EDE00094D4C4 /* String+Extension.swift in Sources */,
				E84FC6EA2272EDE00094D4C4 /* UILabel+Extension.swift in Sources */,
				E84FC7012272EDE00094D4C4 /* CGFloat+Extension.swift in Sources */,
				E84FC6D12272EDE00094D4C4 /* FileManager+Extension.swift in Sources */,
				E84FC6E02272EDE00094D4C4 /* URLSession+UIViewController.swift in Sources */,
				E84FC6E52272EDE00094D4C4 /* YYxErrorHandler.swift in Sources */,
				E84FC7022272EDE00094D4C4 /* Array+Extension.swift in Sources */,
				E879C1B622421012006904A5 /* ViewController.swift in Sources */,
				C26C6C65227BF44A008E32CB /* CALayer+Animation.swift in Sources */,
				E84FC6D32272EDE00094D4C4 /* CategoryVerticalColumnModel.swift in Sources */,
				C23606ED2280008300EEFFFE /* PageViewController.swift in Sources */,
				C23606F52280008B00EEFFFE /* FirstPageViewController.swift in Sources */,
				E84FC6FC2272EDE00094D4C4 /* numeric.swift in Sources */,
				E879C1B422421012006904A5 /* AppDelegate.swift in Sources */,
				E84FC6C82272EDE00094D4C4 /* Global.swift in Sources */,
				E84FC6E12272EDE00094D4C4 /* Photo+UIViewController.swift in Sources */,
				E84FC6E22272EDE00094D4C4 /* Alert+UIViewController.swift in Sources */,
				E84FC6D02272EDE00094D4C4 /* Extension+NSPredicate.swift in Sources */,
				E84FC6C72272EDE00094D4C4 /* constant.swift in Sources */,
				E89324F2227A821C00064706 /* UICollectionViewFlowLayout+Extension.swift in Sources */,
				E84FC6E32272EDE00094D4C4 /* CookingTimer.swift in Sources */,
				E84FC6EC2272EDE00094D4C4 /* Extension+UINavigationController.swift in Sources */,
				E89324F4227A95D400064706 /* IndexPath+Extension.swift in Sources */,
				E84FC6DB2272EDE00094D4C4 /* ToolBoxManager.swift in Sources */,
				E84FC6F02272EDE00094D4C4 /* UIStoryBoard+Extension.swift in Sources */,
				E84FC6F22272EDE00094D4C4 /* Animation+UIView.swift in Sources */,
				E84FC6D62272EDE00094D4C4 /* CategoryVerticalColumnCell.swift in Sources */,
				E84FC6FB2272EDE00094D4C4 /* Double+Greenwich.swift in Sources */,
				E84FC6FD2272EDE00094D4C4 /* String+Greenwich.swift in Sources */,
				E84FC6D72272EDE00094D4C4 /* HorizontalSlider.swift in Sources */,
				E84FC6CD2272EDE00094D4C4 /* DateFormatter+Extension.swift in Sources */,
				E84FC6CF2272EDE00094D4C4 /* Timezone+Extension.swift in Sources */,
				C26FDD5F228049A600A7997D /* Observable.swift in Sources */,
				E84FC6FA2272EDE00094D4C4 /* Double+Extension.swift in Sources */,
				E84FC70522730B2A0094D4C4 /* SidBar.swift in Sources */,
				E84FC6CA2272EDE00094D4C4 /* Convert+Date.swift in Sources */,
				E84FC6DF2272EDE00094D4C4 /* Extension+UIViewController.swift in Sources */,
				C23606F42280008B00EEFFFE /* ThirdPageViewController.swift in Sources */,
				E84FC6DA2272EDE00094D4C4 /* ExampleFileNames.swift in Sources */,
				E84FC7002272EDE00094D4C4 /* StandardTypeUnwrappedable+Protocol.swift in Sources */,
				E8AC197D2277EC3100538C5A /* ProgressingDashedLineCircleView.swift in Sources */,
				E84FC6E62272EDE00094D4C4 /* NSCache+Extension.swift in Sources */,
			);
			runOnlyForDeploymentPostprocessing = 0;
		};
		E879C1C322421013006904A5 /* Sources */ = {
			isa = PBXSourcesBuildPhase;
			buildActionMask = 2147483647;
			files = (
				E879C1CC22421013006904A5 /* YYxProvingGroundTests.swift in Sources */,
			);
			runOnlyForDeploymentPostprocessing = 0;
		};
		E879C1CE22421013006904A5 /* Sources */ = {
			isa = PBXSourcesBuildPhase;
			buildActionMask = 2147483647;
			files = (
				E879C1D722421013006904A5 /* YYxProvingGroundUITests.swift in Sources */,
			);
			runOnlyForDeploymentPostprocessing = 0;
		};
/* End PBXSourcesBuildPhase section */

/* Begin PBXTargetDependency section */
		E879C1C922421013006904A5 /* PBXTargetDependency */ = {
			isa = PBXTargetDependency;
			target = E879C1AF22421012006904A5 /* YYxProvingGround */;
			targetProxy = E879C1C822421013006904A5 /* PBXContainerItemProxy */;
		};
		E879C1D422421013006904A5 /* PBXTargetDependency */ = {
			isa = PBXTargetDependency;
			target = E879C1AF22421012006904A5 /* YYxProvingGround */;
			targetProxy = E879C1D322421013006904A5 /* PBXContainerItemProxy */;
		};
/* End PBXTargetDependency section */

/* Begin PBXVariantGroup section */
		E879C1B722421012006904A5 /* Main.storyboard */ = {
			isa = PBXVariantGroup;
			children = (
				E879C1B822421012006904A5 /* Base */,
			);
			name = Main.storyboard;
			sourceTree = "<group>";
		};
		E879C1BF22421013006904A5 /* LaunchScreen.storyboard */ = {
			isa = PBXVariantGroup;
			children = (
				E879C1C022421013006904A5 /* Base */,
			);
			name = LaunchScreen.storyboard;
			sourceTree = "<group>";
		};
/* End PBXVariantGroup section */

/* Begin XCBuildConfiguration section */
		E879C1D922421013006904A5 /* Debug */ = {
			isa = XCBuildConfiguration;
			buildSettings = {
				ALWAYS_SEARCH_USER_PATHS = NO;
				CLANG_ANALYZER_NONNULL = YES;
				CLANG_ANALYZER_NUMBER_OBJECT_CONVERSION = YES_AGGRESSIVE;
				CLANG_CXX_LANGUAGE_STANDARD = "gnu++14";
				CLANG_CXX_LIBRARY = "libc++";
				CLANG_ENABLE_MODULES = YES;
				CLANG_ENABLE_OBJC_ARC = YES;
				CLANG_ENABLE_OBJC_WEAK = YES;
				CLANG_WARN_BLOCK_CAPTURE_AUTORELEASING = YES;
				CLANG_WARN_BOOL_CONVERSION = YES;
				CLANG_WARN_COMMA = YES;
				CLANG_WARN_CONSTANT_CONVERSION = YES;
				CLANG_WARN_DEPRECATED_OBJC_IMPLEMENTATIONS = YES;
				CLANG_WARN_DIRECT_OBJC_ISA_USAGE = YES_ERROR;
				CLANG_WARN_DOCUMENTATION_COMMENTS = YES;
				CLANG_WARN_EMPTY_BODY = YES;
				CLANG_WARN_ENUM_CONVERSION = YES;
				CLANG_WARN_INFINITE_RECURSION = YES;
				CLANG_WARN_INT_CONVERSION = YES;
				CLANG_WARN_NON_LITERAL_NULL_CONVERSION = YES;
				CLANG_WARN_OBJC_IMPLICIT_RETAIN_SELF = YES;
				CLANG_WARN_OBJC_LITERAL_CONVERSION = YES;
				CLANG_WARN_OBJC_ROOT_CLASS = YES_ERROR;
				CLANG_WARN_RANGE_LOOP_ANALYSIS = YES;
				CLANG_WARN_STRICT_PROTOTYPES = YES;
				CLANG_WARN_SUSPICIOUS_MOVE = YES;
				CLANG_WARN_UNGUARDED_AVAILABILITY = YES_AGGRESSIVE;
				CLANG_WARN_UNREACHABLE_CODE = YES;
				CLANG_WARN__DUPLICATE_METHOD_MATCH = YES;
				CODE_SIGN_IDENTITY = "iPhone Developer";
				COPY_PHASE_STRIP = NO;
				DEBUG_INFORMATION_FORMAT = dwarf;
				ENABLE_STRICT_OBJC_MSGSEND = YES;
				ENABLE_TESTABILITY = YES;
				GCC_C_LANGUAGE_STANDARD = gnu11;
				GCC_DYNAMIC_NO_PIC = NO;
				GCC_NO_COMMON_BLOCKS = YES;
				GCC_OPTIMIZATION_LEVEL = 0;
				GCC_PREPROCESSOR_DEFINITIONS = (
					"DEBUG=1",
					"$(inherited)",
				);
				GCC_WARN_64_TO_32_BIT_CONVERSION = YES;
				GCC_WARN_ABOUT_RETURN_TYPE = YES_ERROR;
				GCC_WARN_UNDECLARED_SELECTOR = YES;
				GCC_WARN_UNINITIALIZED_AUTOS = YES_AGGRESSIVE;
				GCC_WARN_UNUSED_FUNCTION = YES;
				GCC_WARN_UNUSED_VARIABLE = YES;
				IPHONEOS_DEPLOYMENT_TARGET = 12.1;
				MTL_ENABLE_DEBUG_INFO = INCLUDE_SOURCE;
				MTL_FAST_MATH = YES;
				ONLY_ACTIVE_ARCH = YES;
				SDKROOT = iphoneos;
				SWIFT_ACTIVE_COMPILATION_CONDITIONS = DEBUG;
				SWIFT_OPTIMIZATION_LEVEL = "-Onone";
			};
			name = Debug;
		};
		E879C1DA22421013006904A5 /* Release */ = {
			isa = XCBuildConfiguration;
			buildSettings = {
				ALWAYS_SEARCH_USER_PATHS = NO;
				CLANG_ANALYZER_NONNULL = YES;
				CLANG_ANALYZER_NUMBER_OBJECT_CONVERSION = YES_AGGRESSIVE;
				CLANG_CXX_LANGUAGE_STANDARD = "gnu++14";
				CLANG_CXX_LIBRARY = "libc++";
				CLANG_ENABLE_MODULES = YES;
				CLANG_ENABLE_OBJC_ARC = YES;
				CLANG_ENABLE_OBJC_WEAK = YES;
				CLANG_WARN_BLOCK_CAPTURE_AUTORELEASING = YES;
				CLANG_WARN_BOOL_CONVERSION = YES;
				CLANG_WARN_COMMA = YES;
				CLANG_WARN_CONSTANT_CONVERSION = YES;
				CLANG_WARN_DEPRECATED_OBJC_IMPLEMENTATIONS = YES;
				CLANG_WARN_DIRECT_OBJC_ISA_USAGE = YES_ERROR;
				CLANG_WARN_DOCUMENTATION_COMMENTS = YES;
				CLANG_WARN_EMPTY_BODY = YES;
				CLANG_WARN_ENUM_CONVERSION = YES;
				CLANG_WARN_INFINITE_RECURSION = YES;
				CLANG_WARN_INT_CONVERSION = YES;
				CLANG_WARN_NON_LITERAL_NULL_CONVERSION = YES;
				CLANG_WARN_OBJC_IMPLICIT_RETAIN_SELF = YES;
				CLANG_WARN_OBJC_LITERAL_CONVERSION = YES;
				CLANG_WARN_OBJC_ROOT_CLASS = YES_ERROR;
				CLANG_WARN_RANGE_LOOP_ANALYSIS = YES;
				CLANG_WARN_STRICT_PROTOTYPES = YES;
				CLANG_WARN_SUSPICIOUS_MOVE = YES;
				CLANG_WARN_UNGUARDED_AVAILABILITY = YES_AGGRESSIVE;
				CLANG_WARN_UNREACHABLE_CODE = YES;
				CLANG_WARN__DUPLICATE_METHOD_MATCH = YES;
				CODE_SIGN_IDENTITY = "iPhone Developer";
				COPY_PHASE_STRIP = NO;
				DEBUG_INFORMATION_FORMAT = "dwarf-with-dsym";
				ENABLE_NS_ASSERTIONS = NO;
				ENABLE_STRICT_OBJC_MSGSEND = YES;
				GCC_C_LANGUAGE_STANDARD = gnu11;
				GCC_NO_COMMON_BLOCKS = YES;
				GCC_WARN_64_TO_32_BIT_CONVERSION = YES;
				GCC_WARN_ABOUT_RETURN_TYPE = YES_ERROR;
				GCC_WARN_UNDECLARED_SELECTOR = YES;
				GCC_WARN_UNINITIALIZED_AUTOS = YES_AGGRESSIVE;
				GCC_WARN_UNUSED_FUNCTION = YES;
				GCC_WARN_UNUSED_VARIABLE = YES;
				IPHONEOS_DEPLOYMENT_TARGET = 12.1;
				MTL_ENABLE_DEBUG_INFO = NO;
				MTL_FAST_MATH = YES;
				SDKROOT = iphoneos;
				SWIFT_COMPILATION_MODE = wholemodule;
				SWIFT_OPTIMIZATION_LEVEL = "-O";
				VALIDATE_PRODUCT = YES;
			};
			name = Release;
		};
		E879C1DC22421013006904A5 /* Debug */ = {
			isa = XCBuildConfiguration;
			buildSettings = {
				ASSETCATALOG_COMPILER_APPICON_NAME = AppIcon;
				CODE_SIGN_STYLE = Automatic;
				DEVELOPMENT_TEAM = 45JU735M24;
				INFOPLIST_FILE = YYxProvingGround/Info.plist;
				LD_RUNPATH_SEARCH_PATHS = (
					"$(inherited)",
					"@executable_path/Frameworks",
				);
				PRODUCT_BUNDLE_IDENTIFIER = yyx.YYxProvingGround;
				PRODUCT_NAME = "$(TARGET_NAME)";
				SWIFT_VERSION = 4.2;
				TARGETED_DEVICE_FAMILY = "1,2";
			};
			name = Debug;
		};
		E879C1DD22421013006904A5 /* Release */ = {
			isa = XCBuildConfiguration;
			buildSettings = {
				ASSETCATALOG_COMPILER_APPICON_NAME = AppIcon;
				CODE_SIGN_STYLE = Automatic;
				DEVELOPMENT_TEAM = 45JU735M24;
				INFOPLIST_FILE = YYxProvingGround/Info.plist;
				LD_RUNPATH_SEARCH_PATHS = (
					"$(inherited)",
					"@executable_path/Frameworks",
				);
				PRODUCT_BUNDLE_IDENTIFIER = yyx.YYxProvingGround;
				PRODUCT_NAME = "$(TARGET_NAME)";
				SWIFT_VERSION = 4.2;
				TARGETED_DEVICE_FAMILY = "1,2";
			};
			name = Release;
		};
		E879C1DF22421013006904A5 /* Debug */ = {
			isa = XCBuildConfiguration;
			buildSettings = {
				ALWAYS_EMBED_SWIFT_STANDARD_LIBRARIES = YES;
				BUNDLE_LOADER = "$(TEST_HOST)";
				CODE_SIGN_STYLE = Automatic;
				DEVELOPMENT_TEAM = 45JU735M24;
				INFOPLIST_FILE = YYxProvingGroundTests/Info.plist;
				LD_RUNPATH_SEARCH_PATHS = (
					"$(inherited)",
					"@executable_path/Frameworks",
					"@loader_path/Frameworks",
				);
				PRODUCT_BUNDLE_IDENTIFIER = yyx.YYxProvingGroundTests;
				PRODUCT_NAME = "$(TARGET_NAME)";
				SWIFT_VERSION = 4.2;
				TARGETED_DEVICE_FAMILY = "1,2";
				TEST_HOST = "$(BUILT_PRODUCTS_DIR)/YYxProvingGround.app/YYxProvingGround";
			};
			name = Debug;
		};
		E879C1E022421013006904A5 /* Release */ = {
			isa = XCBuildConfiguration;
			buildSettings = {
				ALWAYS_EMBED_SWIFT_STANDARD_LIBRARIES = YES;
				BUNDLE_LOADER = "$(TEST_HOST)";
				CODE_SIGN_STYLE = Automatic;
				DEVELOPMENT_TEAM = 45JU735M24;
				INFOPLIST_FILE = YYxProvingGroundTests/Info.plist;
				LD_RUNPATH_SEARCH_PATHS = (
					"$(inherited)",
					"@executable_path/Frameworks",
					"@loader_path/Frameworks",
				);
				PRODUCT_BUNDLE_IDENTIFIER = yyx.YYxProvingGroundTests;
				PRODUCT_NAME = "$(TARGET_NAME)";
				SWIFT_VERSION = 4.2;
				TARGETED_DEVICE_FAMILY = "1,2";
				TEST_HOST = "$(BUILT_PRODUCTS_DIR)/YYxProvingGround.app/YYxProvingGround";
			};
			name = Release;
		};
		E879C1E222421013006904A5 /* Debug */ = {
			isa = XCBuildConfiguration;
			buildSettings = {
				ALWAYS_EMBED_SWIFT_STANDARD_LIBRARIES = YES;
				CODE_SIGN_STYLE = Automatic;
				DEVELOPMENT_TEAM = 45JU735M24;
				INFOPLIST_FILE = YYxProvingGroundUITests/Info.plist;
				LD_RUNPATH_SEARCH_PATHS = (
					"$(inherited)",
					"@executable_path/Frameworks",
					"@loader_path/Frameworks",
				);
				PRODUCT_BUNDLE_IDENTIFIER = yyx.YYxProvingGroundUITests;
				PRODUCT_NAME = "$(TARGET_NAME)";
				SWIFT_VERSION = 4.2;
				TARGETED_DEVICE_FAMILY = "1,2";
				TEST_TARGET_NAME = YYxProvingGround;
			};
			name = Debug;
		};
		E879C1E322421013006904A5 /* Release */ = {
			isa = XCBuildConfiguration;
			buildSettings = {
				ALWAYS_EMBED_SWIFT_STANDARD_LIBRARIES = YES;
				CODE_SIGN_STYLE = Automatic;
				DEVELOPMENT_TEAM = 45JU735M24;
				INFOPLIST_FILE = YYxProvingGroundUITests/Info.plist;
				LD_RUNPATH_SEARCH_PATHS = (
					"$(inherited)",
					"@executable_path/Frameworks",
					"@loader_path/Frameworks",
				);
				PRODUCT_BUNDLE_IDENTIFIER = yyx.YYxProvingGroundUITests;
				PRODUCT_NAME = "$(TARGET_NAME)";
				SWIFT_VERSION = 4.2;
				TARGETED_DEVICE_FAMILY = "1,2";
				TEST_TARGET_NAME = YYxProvingGround;
			};
			name = Release;
		};
/* End XCBuildConfiguration section */

/* Begin XCConfigurationList section */
		E879C1AB22421012006904A5 /* Build configuration list for PBXProject "YYxProvingGround" */ = {
			isa = XCConfigurationList;
			buildConfigurations = (
				E879C1D922421013006904A5 /* Debug */,
				E879C1DA22421013006904A5 /* Release */,
			);
			defaultConfigurationIsVisible = 0;
			defaultConfigurationName = Release;
		};
		E879C1DB22421013006904A5 /* Build configuration list for PBXNativeTarget "YYxProvingGround" */ = {
			isa = XCConfigurationList;
			buildConfigurations = (
				E879C1DC22421013006904A5 /* Debug */,
				E879C1DD22421013006904A5 /* Release */,
			);
			defaultConfigurationIsVisible = 0;
			defaultConfigurationName = Release;
		};
		E879C1DE22421013006904A5 /* Build configuration list for PBXNativeTarget "YYxProvingGroundTests" */ = {
			isa = XCConfigurationList;
			buildConfigurations = (
				E879C1DF22421013006904A5 /* Debug */,
				E879C1E022421013006904A5 /* Release */,
			);
			defaultConfigurationIsVisible = 0;
			defaultConfigurationName = Release;
		};
		E879C1E122421013006904A5 /* Build configuration list for PBXNativeTarget "YYxProvingGroundUITests" */ = {
			isa = XCConfigurationList;
			buildConfigurations = (
				E879C1E222421013006904A5 /* Debug */,
				E879C1E322421013006904A5 /* Release */,
			);
			defaultConfigurationIsVisible = 0;
			defaultConfigurationName = Release;
		};
/* End XCConfigurationList section */

/* Begin XCVersionGroup section */
		E879C1BA22421012006904A5 /* YYxProvingGround.xcdatamodeld */ = {
			isa = XCVersionGroup;
			children = (
				E879C1BB22421012006904A5 /* YYxProvingGround.xcdatamodel */,
			);
			currentVersion = E879C1BB22421012006904A5 /* YYxProvingGround.xcdatamodel */;
			path = YYxProvingGround.xcdatamodeld;
			sourceTree = "<group>";
			versionGroupType = wrapper.xcdatamodel;
		};
/* End XCVersionGroup section */
	};
	rootObject = E879C1A822421012006904A5 /* Project object */;
}
